// !$*UTF8*$!
{
	archiveVersion = 1;
	classes = {
	};
	objectVersion = 46;
	objects = {

/* Begin PBXFileReference section */
		67CDC5CF1A1D336800C3BA9B /* shunit2_install.ksh */ = {isa = PBXFileReference; lastKnownFileType = text; path = shunit2_install.ksh; sourceTree = "<group>"; };
		67CDC5D01A1D336800C3BA9B /* shunit2_ReadMe.html */ = {isa = PBXFileReference; lastKnownFileType = text.html; path = shunit2_ReadMe.html; sourceTree = "<group>"; };
/* End PBXFileReference section */

/* Begin PBXGroup section */
		673088CE1A1C089400127F1D = {
			isa = PBXGroup;
			children = (
				67CDC5C61A1D336800C3BA9B /* shunit2 */,
			);
			sourceTree = "<group>";
		};
		67CDC5C61A1D336800C3BA9B /* shunit2 */ = {
			isa = PBXGroup;
			children = (
				67CDC5CF1A1D336800C3BA9B /* shunit2_install.ksh */,
				67CDC5D01A1D336800C3BA9B /* shunit2_ReadMe.html */,
			);
			path = shunit2;
			sourceTree = "<group>";
		};
/* End PBXGroup section */

/* Begin PBXProject section */
		673088CF1A1C089400127F1D /* Project object */ = {
			isa = PBXProject;
			attributes = {
				LastUpgradeCheck = 0510;
			};
			buildConfigurationList = 673088D21A1C089400127F1D /* Build configuration list for PBXProject "shunit2" */;
			compatibilityVersion = "Xcode 3.2";
			developmentRegion = English;
			hasScannedForEncodings = 0;
			knownRegions = (
				en,
			);
			mainGroup = 673088CE1A1C089400127F1D;
			productRefGroup = 673088CE1A1C089400127F1D;
			projectDirPath = "";
			projectRoot = "";
			targets = (
			);
		};
/* End PBXProject section */

/* Begin XCBuildConfiguration section */
		673088D31A1C089400127F1D /* Debug */ = {
			isa = XCBuildConfiguration;
			buildSettings = {
			};
			name = Debug;
		};
		673088D41A1C089400127F1D /* Release */ = {
			isa = XCBuildConfiguration;
			buildSettings = {
			};
			name = Release;
		};
/* End XCBuildConfiguration section */

/* Begin XCConfigurationList section */
		673088D21A1C089400127F1D /* Build configuration list for PBXProject "shunit2" */ = {
			isa = XCConfigurationList;
			buildConfigurations = (
				673088D31A1C089400127F1D /* Debug */,
				673088D41A1C089400127F1D /* Release */,
			);
			defaultConfigurationIsVisible = 0;
			defaultConfigurationName = Release;
		};
/* End XCConfigurationList section */
	};
	rootObject = 673088CF1A1C089400127F1D /* Project object */;
}
