// !$*UTF8*$!
{
	archiveVersion = 1;
	classes = {
	};
	objectVersion = 46;
	objects = {

/* Begin PBXBuildFile section */
		671EC78318F5C1A900E2DDEB /* Pages_C9.r in Rez */ = {isa = PBXBuildFile; fileRef = 671EC78218F5C1A900E2DDEB /* Pages_C9.r */; };
		6720A6341889D64900C4ED0A /* AppCode_C9.r in Rez */ = {isa = PBXBuildFile; fileRef = 6720A6331889D64900C4ED0A /* AppCode_C9.r */; };
		67364A7F16C0363900940D94 /* FixWindow.applescript in Sources */ = {isa = PBXBuildFile; fileRef = 67364A6D16C0345900940D94 /* FixWindow.applescript */; };
		673A579416C0578C0000BEE2 /* Snippet.applescript in Sources */ = {isa = PBXBuildFile; fileRef = 67DB232C169E0A2900A6E910 /* Snippet.applescript */; };
		673F9BAA18DA517F00E06A16 /* Server_C9.r in Rez */ = {isa = PBXBuildFile; fileRef = 673F9BA918DA517F00E06A16 /* Server_C9.r */; };
		676C9305179F326200876265 /* GitHub_C9.r in Rez */ = {isa = PBXBuildFile; fileRef = 676C9304179F326200876265 /* GitHub_C9.r */; };
		6773C4141791FB03005E4CAB /* SetMarkers.applescript in Sources */ = {isa = PBXBuildFile; fileRef = 6773C4131791F844005E4CAB /* SetMarkers.applescript */; };
		6787407317C16A4F000190D4 /* Developer_C9.r in Rez */ = {isa = PBXBuildFile; fileRef = 6787407217C02602000190D4 /* Developer_C9.r */; };
		67DB22EB169CD82300A6E910 /* AccessLibTypes.r in Rez */ = {isa = PBXBuildFile; fileRef = 67DB22CF169CD82300A6E910 /* AccessLibTypes.r */; };
		67DB22EC169CD82300A6E910 /* ArbonnePrototype_c9.r in Rez */ = {isa = PBXBuildFile; fileRef = 67DB22D0169CD82300A6E910 /* ArbonnePrototype_c9.r */; };
		67DB22ED169CD82300A6E910 /* Automator_C9.r in Rez */ = {isa = PBXBuildFile; fileRef = 67DB22D1169CD82300A6E910 /* Automator_C9.r */; };
		67DB22EE169CD82300A6E910 /* Backup_C9.r in Rez */ = {isa = PBXBuildFile; fileRef = 67DB22D2169CD82300A6E910 /* Backup_C9.r */; };
		67DB22EF169CD82300A6E910 /* BBEdit_C9.r in Rez */ = {isa = PBXBuildFile; fileRef = 67DB22D3169CD82300A6E910 /* BBEdit_C9.r */; };
		67DB22F0169CD82300A6E910 /* Calendar_C9.r in Rez */ = {isa = PBXBuildFile; fileRef = 67DB22D4169CD82300A6E910 /* Calendar_C9.r */; };
		67DB22F1169CD82300A6E910 /* CommonSlates_C9.r in Rez */ = {isa = PBXBuildFile; fileRef = 67DB22D6169CD82300A6E910 /* CommonSlates_C9.r */; };
		67DB22F2169CD82300A6E910 /* Dash_C9.r in Rez */ = {isa = PBXBuildFile; fileRef = 67DB22D7169CD82300A6E910 /* Dash_C9.r */; };
		67DB22F3169CD82300A6E910 /* Dashcode_C9.r in Rez */ = {isa = PBXBuildFile; fileRef = 67DB22D8169CD82300A6E910 /* Dashcode_C9.r */; };
		67DB22F4169CD82300A6E910 /* Eclipse_C9.r in Rez */ = {isa = PBXBuildFile; fileRef = 67DB22D9169CD82300A6E910 /* Eclipse_C9.r */; };
		67DB22F5169CD82300A6E910 /* FileMaker_C9.r in Rez */ = {isa = PBXBuildFile; fileRef = 67DB22DA169CD82300A6E910 /* FileMaker_C9.r */; };
		67DB22F6169CD82300A6E910 /* Finder_C9.r in Rez */ = {isa = PBXBuildFile; fileRef = 67DB22DB169CD82300A6E910 /* Finder_C9.r */; };
		67DB22F7169CD82300A6E910 /* Games_C9.r in Rez */ = {isa = PBXBuildFile; fileRef = 67DB22DC169CD82300A6E910 /* Games_C9.r */; };
		67DB22F8169CD82300A6E910 /* InterfaceBuilder_C9.r in Rez */ = {isa = PBXBuildFile; fileRef = 67DB22DD169CD82300A6E910 /* InterfaceBuilder_C9.r */; };
		67DB22F9169CD82300A6E910 /* Mail_C9.r in Rez */ = {isa = PBXBuildFile; fileRef = 67DB22DF169CD82300A6E910 /* Mail_C9.r */; };
		67DB22FA169CD82300A6E910 /* Numbers_C9.r in Rez */ = {isa = PBXBuildFile; fileRef = 67DB22E0169CD82300A6E910 /* Numbers_C9.r */; };
		67DB22FB169CD82300A6E910 /* Preview_C9.r in Rez */ = {isa = PBXBuildFile; fileRef = 67DB22E1169CD82300A6E910 /* Preview_C9.r */; };
		67DB22FC169CD82300A6E910 /* Safari_C9.r in Rez */ = {isa = PBXBuildFile; fileRef = 67DB22E2169CD82300A6E910 /* Safari_C9.r */; };
		67DB22FD169CD82300A6E910 /* ScriptEditor_C9.r in Rez */ = {isa = PBXBuildFile; fileRef = 67DB22E3169CD82300A6E910 /* ScriptEditor_C9.r */; };
		67DB22FE169CD82300A6E910 /* SystemPrefs_C9.r in Rez */ = {isa = PBXBuildFile; fileRef = 67DB22E4169CD82300A6E910 /* SystemPrefs_C9.r */; };
		67DB22FF169CD82300A6E910 /* Terminal_C9.r in Rez */ = {isa = PBXBuildFile; fileRef = 67DB22E5169CD82300A6E910 /* Terminal_C9.r */; };
		67DB2300169CD82300A6E910 /* TextEdit_C9.r in Rez */ = {isa = PBXBuildFile; fileRef = 67DB22E6169CD82300A6E910 /* TextEdit_C9.r */; };
		67DB2301169CD82300A6E910 /* Tunes_C9.r in Rez */ = {isa = PBXBuildFile; fileRef = 67DB22E7169CD82300A6E910 /* Tunes_C9.r */; };
		67DB2302169CD82300A6E910 /* UIBrower_C9.r in Rez */ = {isa = PBXBuildFile; fileRef = 67DB22E8169CD82300A6E910 /* UIBrower_C9.r */; };
		67DB2303169CD82300A6E910 /* UMLet_C9.r in Rez */ = {isa = PBXBuildFile; fileRef = 67DB22E9169CD82300A6E910 /* UMLet_C9.r */; };
		67DB2304169CD82300A6E910 /* Xcode_C9.r in Rez */ = {isa = PBXBuildFile; fileRef = 67DB22EA169CD82300A6E910 /* Xcode_C9.r */; };
		67DD773A16A4B48500BECCD5 /* frontWindow.applescript in Sources */ = {isa = PBXBuildFile; fileRef = 67DD76D016A4AF9300BECCD5 /* frontWindow.applescript */; };
		67DD773B16A4B48500BECCD5 /* viewCdoc.applescript in Sources */ = {isa = PBXBuildFile; fileRef = 67DD76D116A4AF9300BECCD5 /* viewCdoc.applescript */; };
		67DD773C16A4B48500BECCD5 /* viewDoxygen.applescript in Sources */ = {isa = PBXBuildFile; fileRef = 67DD76D216A4AF9300BECCD5 /* viewDoxygen.applescript */; };
		67DD773D16A4B48500BECCD5 /* windowShort.applescript in Sources */ = {isa = PBXBuildFile; fileRef = 67DD76D316A4AF9300BECCD5 /* windowShort.applescript */; };
		67DD773E16A4B48500BECCD5 /* windowTall.applescript in Sources */ = {isa = PBXBuildFile; fileRef = 67DD76D416A4AF9300BECCD5 /* windowTall.applescript */; };
		67DD774716A4C4FB00BECCD5 /* BBEditUtil.applescript in Sources */ = {isa = PBXBuildFile; fileRef = 67DD774316A4C2BA00BECCD5 /* BBEditUtil.applescript */; };
		67DD774816A4C4FB00BECCD5 /* CheckLinks.applescript in Sources */ = {isa = PBXBuildFile; fileRef = 67DD774416A4C2BA00BECCD5 /* CheckLinks.applescript */; };
		67DD774916A4C4FB00BECCD5 /* CheckSyntax.applescript in Sources */ = {isa = PBXBuildFile; fileRef = 67DD774516A4C2BA00BECCD5 /* CheckSyntax.applescript */; };
/* End PBXBuildFile section */

/* Begin PBXContainerItemProxy section */
		67043DC916B7333F00E43F90 /* PBXContainerItemProxy */ = {
			isa = PBXContainerItemProxy;
			containerPortal = 6769244D141EB818005D3E68 /* Project object */;
			proxyType = 1;
			remoteGlobalIDString = 671C4823159CFF3800214A9E;
			remoteInfo = BBEditScripts;
		};
		671B547016B1E91D009C2B17 /* PBXContainerItemProxy */ = {
			isa = PBXContainerItemProxy;
			containerPortal = 6769244D141EB818005D3E68 /* Project object */;
			proxyType = 1;
			remoteGlobalIDString = 67692457141EB921005D3E68;
			remoteInfo = XcodeScripts;
		};
		673A579216C055320000BEE2 /* PBXContainerItemProxy */ = {
			isa = PBXContainerItemProxy;
			containerPortal = 6769244D141EB818005D3E68 /* Project object */;
			proxyType = 1;
			remoteGlobalIDString = 67364A7216C0362C00940D94;
			remoteInfo = DeveloperScripts;
		};
		67BDF876175A7D86006C0B75 /* PBXContainerItemProxy */ = {
			isa = PBXContainerItemProxy;
			containerPortal = 6769244D141EB818005D3E68 /* Project object */;
			proxyType = 1;
			remoteGlobalIDString = 67BE04BF16B08DE30065BFDE;
			remoteInfo = Developer;
		};
		67BDF878175A7DB8006C0B75 /* PBXContainerItemProxy */ = {
			isa = PBXContainerItemProxy;
			containerPortal = 6769244D141EB818005D3E68 /* Project object */;
			proxyType = 1;
			remoteGlobalIDString = 671B546C16B1E610009C2B17;
			remoteInfo = Xcode;
		};
/* End PBXContainerItemProxy section */

/* Begin PBXFileReference section */
		67147FBE191449C400B85587 /* ___FILEBASENAME___.ksh */ = {isa = PBXFileReference; lastKnownFileType = file; name = "___FILEBASENAME___.ksh"; path = "Applications/Xcode/Templates/FileTemplates/_Documentation/InstallDoxygen.xctemplate/___FILEBASENAME___.ksh"; sourceTree = "<group>"; };
		67147FBF191449C400B85587 /* TemplateIcon.icns */ = {isa = PBXFileReference; lastKnownFileType = image.icns; name = TemplateIcon.icns; path = Applications/Xcode/Templates/FileTemplates/_Documentation/InstallDoxygen.xctemplate/TemplateIcon.icns; sourceTree = "<group>"; };
		67147FC0191449C400B85587 /* TemplateInfo.plist */ = {isa = PBXFileReference; lastKnownFileType = text.plist; name = TemplateInfo.plist; path = Applications/Xcode/Templates/FileTemplates/_Documentation/InstallDoxygen.xctemplate/TemplateInfo.plist; sourceTree = "<group>"; };
		671C4824159CFF3800214A9E /* BBEditScripts.bundle */ = {isa = PBXFileReference; explicitFileType = wrapper.cfbundle; includeInIndex = 0; path = BBEditScripts.bundle; sourceTree = BUILT_PRODUCTS_DIR; };
		671EC78218F5C1A900E2DDEB /* Pages_C9.r */ = {isa = PBXFileReference; fileEncoding = 4; lastKnownFileType = sourcecode.rez; path = Pages_C9.r; sourceTree = "<group>"; };
		67200D9D16A9C7D500EA5974 /* ___FILEBASENAME___.ksh */ = {isa = PBXFileReference; fileEncoding = 4; lastKnownFileType = text; name = "___FILEBASENAME___.ksh"; path = "../../_Documentation/InstallCdoc.xctemplate/___FILEBASENAME___.ksh"; sourceTree = "<group>"; };
		67200D9E16A9C7D500EA5974 /* TemplateIcon.icns */ = {isa = PBXFileReference; lastKnownFileType = image.icns; name = TemplateIcon.icns; path = ../../_Documentation/InstallCdoc.xctemplate/TemplateIcon.icns; sourceTree = "<group>"; };
		67200D9F16A9C7D500EA5974 /* TemplateInfo.plist */ = {isa = PBXFileReference; fileEncoding = 4; lastKnownFileType = text.plist.xml; name = TemplateInfo.plist; path = ../../_Documentation/InstallCdoc.xctemplate/TemplateInfo.plist; sourceTree = "<group>"; };
		6720A6331889D64900C4ED0A /* AppCode_C9.r */ = {isa = PBXFileReference; fileEncoding = 4; lastKnownFileType = sourcecode.rez; path = AppCode_C9.r; sourceTree = "<group>"; };
		67364A6D16C0345900940D94 /* FixWindow.applescript */ = {isa = PBXFileReference; lastKnownFileType = sourcecode.applescript; path = FixWindow.applescript; sourceTree = "<group>"; };
		67364A7316C0362C00940D94 /* DeveloperScripts.bundle */ = {isa = PBXFileReference; explicitFileType = wrapper.cfbundle; includeInIndex = 0; path = DeveloperScripts.bundle; sourceTree = BUILT_PRODUCTS_DIR; };
		673F9BA918DA517F00E06A16 /* Server_C9.r */ = {isa = PBXFileReference; fileEncoding = 4; lastKnownFileType = sourcecode.rez; path = Server_C9.r; sourceTree = "<group>"; };
		674791F318567B7500452FA5 /* ___FILEBASENAME___.py */ = {isa = PBXFileReference; lastKnownFileType = text.script.python; name = "___FILEBASENAME___.py"; path = "PythonScript.xctemplate/___FILEBASENAME___.py"; sourceTree = "<group>"; };
		674791F418567B7500452FA5 /* TemplateIcon.icns */ = {isa = PBXFileReference; lastKnownFileType = image.icns; name = TemplateIcon.icns; path = PythonScript.xctemplate/TemplateIcon.icns; sourceTree = "<group>"; };
		674791F518567B7500452FA5 /* TemplateInfo.plist */ = {isa = PBXFileReference; lastKnownFileType = text.plist.xml; name = TemplateInfo.plist; path = PythonScript.xctemplate/TemplateInfo.plist; sourceTree = "<group>"; };
		674791F718567E5400452FA5 /* ___FILEBASENAME___.py */ = {isa = PBXFileReference; fileEncoding = 4; lastKnownFileType = text.script.python; name = "___FILEBASENAME___.py"; path = "PythonTestCase.xctemplate/___FILEBASENAME___.py"; sourceTree = "<group>"; };
		674791F818567E5400452FA5 /* TemplateIcon.icns */ = {isa = PBXFileReference; lastKnownFileType = image.icns; name = TemplateIcon.icns; path = PythonTestCase.xctemplate/TemplateIcon.icns; sourceTree = "<group>"; };
		674791F918567E5400452FA5 /* TemplateInfo.plist */ = {isa = PBXFileReference; fileEncoding = 4; lastKnownFileType = text.plist.xml; name = TemplateInfo.plist; path = PythonTestCase.xctemplate/TemplateInfo.plist; sourceTree = "<group>"; };
		674BF6BA15B7287A0093786D /* UserSlates.bundle */ = {isa = PBXFileReference; explicitFileType = wrapper.cfbundle; includeInIndex = 0; path = UserSlates.bundle; sourceTree = BUILT_PRODUCTS_DIR; };
		6761489016A8B93F00FE431B /* toBBEdit.applescript */ = {isa = PBXFileReference; fileEncoding = 4; lastKnownFileType = sourcecode.applescript; path = toBBEdit.applescript; sourceTree = "<group>"; };
		6761489116A8B93F00FE431B /* toTEXT.applescript */ = {isa = PBXFileReference; fileEncoding = 4; lastKnownFileType = sourcecode.applescript; path = toTEXT.applescript; sourceTree = "<group>"; };
		6766325F17EA5813004B5A4F /* testBBEdit.ksh */ = {isa = PBXFileReference; fileEncoding = 4; lastKnownFileType = text.script.sh; path = testBBEdit.ksh; sourceTree = "<group>"; };
		67692458141EB921005D3E68 /* XcodeScripts.bundle */ = {isa = PBXFileReference; explicitFileType = wrapper.cfbundle; includeInIndex = 0; path = XcodeScripts.bundle; sourceTree = BUILT_PRODUCTS_DIR; };
		6769245B141EB921005D3E68 /* CoreFoundation.framework */ = {isa = PBXFileReference; lastKnownFileType = wrapper.framework; name = CoreFoundation.framework; path = System/Library/Frameworks/CoreFoundation.framework; sourceTree = SDKROOT; };
		676C9304179F326200876265 /* GitHub_C9.r */ = {isa = PBXFileReference; fileEncoding = 4; lastKnownFileType = sourcecode.rez; path = GitHub_C9.r; sourceTree = "<group>"; };
		676C9306179F478A00876265 /* GitHub_C9.h */ = {isa = PBXFileReference; lastKnownFileType = sourcecode.c.h; path = GitHub_C9.h; sourceTree = "<group>"; };
		6773C4131791F844005E4CAB /* SetMarkers.applescript */ = {isa = PBXFileReference; fileEncoding = 4; lastKnownFileType = sourcecode.applescript; path = SetMarkers.applescript; sourceTree = "<group>"; };
		6787406F17C02189000190D4 /* Developer_C9.h */ = {isa = PBXFileReference; fileEncoding = 4; lastKnownFileType = sourcecode.c.h; path = Developer_C9.h; sourceTree = "<group>"; };
		6787407217C02602000190D4 /* Developer_C9.r */ = {isa = PBXFileReference; fileEncoding = 4; lastKnownFileType = sourcecode.rez; path = Developer_C9.r; sourceTree = "<group>"; };
		67BB9CCD1933DC3300219B61 /* CheckHTML.applescript */ = {isa = PBXFileReference; fileEncoding = 4; lastKnownFileType = sourcecode.applescript; path = CheckHTML.applescript; sourceTree = "<group>"; };
		67BDF869175967DC006C0B75 /* AllTests.bundle */ = {isa = PBXFileReference; explicitFileType = wrapper.cfbundle; includeInIndex = 0; path = AllTests.bundle; sourceTree = BUILT_PRODUCTS_DIR; };
		67BE04C416B095780065BFDE /* XcodeScripts-Info.plist */ = {isa = PBXFileReference; lastKnownFileType = text.plist.xml; path = "XcodeScripts-Info.plist"; sourceTree = "<group>"; };
		67DB22CC169CD82300A6E910 /* UserSlates-Info.plist */ = {isa = PBXFileReference; fileEncoding = 4; lastKnownFileType = text.plist.xml; path = "UserSlates-Info.plist"; sourceTree = "<group>"; };
		67DB22CE169CD82300A6E910 /* AccessLib_rsrc.h */ = {isa = PBXFileReference; fileEncoding = 4; lastKnownFileType = sourcecode.c.h; path = AccessLib_rsrc.h; sourceTree = "<group>"; };
		67DB22CF169CD82300A6E910 /* AccessLibTypes.r */ = {isa = PBXFileReference; fileEncoding = 4; lastKnownFileType = sourcecode.rez; path = AccessLibTypes.r; sourceTree = "<group>"; };
		67DB22D0169CD82300A6E910 /* ArbonnePrototype_c9.r */ = {isa = PBXFileReference; fileEncoding = 4; lastKnownFileType = sourcecode.rez; path = ArbonnePrototype_c9.r; sourceTree = "<group>"; };
		67DB22D1169CD82300A6E910 /* Automator_C9.r */ = {isa = PBXFileReference; fileEncoding = 4; lastKnownFileType = sourcecode.rez; path = Automator_C9.r; sourceTree = "<group>"; };
		67DB22D2169CD82300A6E910 /* Backup_C9.r */ = {isa = PBXFileReference; fileEncoding = 4; lastKnownFileType = sourcecode.rez; path = Backup_C9.r; sourceTree = "<group>"; };
		67DB22D3169CD82300A6E910 /* BBEdit_C9.r */ = {isa = PBXFileReference; fileEncoding = 4; lastKnownFileType = sourcecode.rez; path = BBEdit_C9.r; sourceTree = "<group>"; };
		67DB22D4169CD82300A6E910 /* Calendar_C9.r */ = {isa = PBXFileReference; fileEncoding = 4; lastKnownFileType = sourcecode.rez; path = Calendar_C9.r; sourceTree = "<group>"; };
		67DB22D5169CD82300A6E910 /* CommonSlates_C9.h */ = {isa = PBXFileReference; fileEncoding = 4; lastKnownFileType = sourcecode.c.h; path = CommonSlates_C9.h; sourceTree = "<group>"; };
		67DB22D6169CD82300A6E910 /* CommonSlates_C9.r */ = {isa = PBXFileReference; fileEncoding = 4; lastKnownFileType = sourcecode.rez; path = CommonSlates_C9.r; sourceTree = "<group>"; };
		67DB22D7169CD82300A6E910 /* Dash_C9.r */ = {isa = PBXFileReference; fileEncoding = 4; lastKnownFileType = sourcecode.rez; path = Dash_C9.r; sourceTree = "<group>"; };
		67DB22D8169CD82300A6E910 /* Dashcode_C9.r */ = {isa = PBXFileReference; fileEncoding = 4; lastKnownFileType = sourcecode.rez; path = Dashcode_C9.r; sourceTree = "<group>"; };
		67DB22D9169CD82300A6E910 /* Eclipse_C9.r */ = {isa = PBXFileReference; fileEncoding = 4; lastKnownFileType = sourcecode.rez; path = Eclipse_C9.r; sourceTree = "<group>"; };
		67DB22DA169CD82300A6E910 /* FileMaker_C9.r */ = {isa = PBXFileReference; fileEncoding = 4; lastKnownFileType = sourcecode.rez; path = FileMaker_C9.r; sourceTree = "<group>"; };
		67DB22DB169CD82300A6E910 /* Finder_C9.r */ = {isa = PBXFileReference; fileEncoding = 4; lastKnownFileType = sourcecode.rez; path = Finder_C9.r; sourceTree = "<group>"; };
		67DB22DC169CD82300A6E910 /* Games_C9.r */ = {isa = PBXFileReference; fileEncoding = 4; lastKnownFileType = sourcecode.rez; path = Games_C9.r; sourceTree = "<group>"; };
		67DB22DD169CD82300A6E910 /* InterfaceBuilder_C9.r */ = {isa = PBXFileReference; fileEncoding = 4; lastKnownFileType = sourcecode.rez; path = InterfaceBuilder_C9.r; sourceTree = "<group>"; };
		67DB22DE169CD82300A6E910 /* Keyboard_AL.h */ = {isa = PBXFileReference; fileEncoding = 4; lastKnownFileType = sourcecode.c.h; path = Keyboard_AL.h; sourceTree = "<group>"; };
		67DB22DF169CD82300A6E910 /* Mail_C9.r */ = {isa = PBXFileReference; fileEncoding = 4; lastKnownFileType = sourcecode.rez; path = Mail_C9.r; sourceTree = "<group>"; };
		67DB22E0169CD82300A6E910 /* Numbers_C9.r */ = {isa = PBXFileReference; fileEncoding = 4; lastKnownFileType = sourcecode.rez; path = Numbers_C9.r; sourceTree = "<group>"; };
		67DB22E1169CD82300A6E910 /* Preview_C9.r */ = {isa = PBXFileReference; fileEncoding = 4; lastKnownFileType = sourcecode.rez; path = Preview_C9.r; sourceTree = "<group>"; };
		67DB22E2169CD82300A6E910 /* Safari_C9.r */ = {isa = PBXFileReference; fileEncoding = 4; lastKnownFileType = sourcecode.rez; path = Safari_C9.r; sourceTree = "<group>"; };
		67DB22E3169CD82300A6E910 /* ScriptEditor_C9.r */ = {isa = PBXFileReference; fileEncoding = 4; lastKnownFileType = sourcecode.rez; path = ScriptEditor_C9.r; sourceTree = "<group>"; };
		67DB22E4169CD82300A6E910 /* SystemPrefs_C9.r */ = {isa = PBXFileReference; fileEncoding = 4; lastKnownFileType = sourcecode.rez; path = SystemPrefs_C9.r; sourceTree = "<group>"; };
		67DB22E5169CD82300A6E910 /* Terminal_C9.r */ = {isa = PBXFileReference; fileEncoding = 4; lastKnownFileType = sourcecode.rez; path = Terminal_C9.r; sourceTree = "<group>"; };
		67DB22E6169CD82300A6E910 /* TextEdit_C9.r */ = {isa = PBXFileReference; fileEncoding = 4; lastKnownFileType = sourcecode.rez; path = TextEdit_C9.r; sourceTree = "<group>"; };
		67DB22E7169CD82300A6E910 /* Tunes_C9.r */ = {isa = PBXFileReference; fileEncoding = 4; lastKnownFileType = sourcecode.rez; path = Tunes_C9.r; sourceTree = "<group>"; };
		67DB22E8169CD82300A6E910 /* UIBrower_C9.r */ = {isa = PBXFileReference; fileEncoding = 4; lastKnownFileType = sourcecode.rez; path = UIBrower_C9.r; sourceTree = "<group>"; };
		67DB22E9169CD82300A6E910 /* UMLet_C9.r */ = {isa = PBXFileReference; fileEncoding = 4; lastKnownFileType = sourcecode.rez; path = UMLet_C9.r; sourceTree = "<group>"; };
		67DB22EA169CD82300A6E910 /* Xcode_C9.r */ = {isa = PBXFileReference; fileEncoding = 4; lastKnownFileType = sourcecode.rez; path = Xcode_C9.r; sourceTree = "<group>"; };
		67DB232C169E0A2900A6E910 /* Snippet.applescript */ = {isa = PBXFileReference; lastKnownFileType = sourcecode.applescript; path = Snippet.applescript; sourceTree = "<group>"; };
		67DB232D169E0A2900A6E910 /* Snippets.txt */ = {isa = PBXFileReference; lastKnownFileType = text; path = Snippets.txt; sourceTree = "<group>"; };
		67DD76CE16A4AF9300BECCD5 /* testXcode.ksh */ = {isa = PBXFileReference; fileEncoding = 4; lastKnownFileType = text.script.sh; path = testXcode.ksh; sourceTree = "<group>"; };
		67DD76D016A4AF9300BECCD5 /* frontWindow.applescript */ = {isa = PBXFileReference; fileEncoding = 4; lastKnownFileType = sourcecode.applescript; path = frontWindow.applescript; sourceTree = "<group>"; };
		67DD76D116A4AF9300BECCD5 /* viewCdoc.applescript */ = {isa = PBXFileReference; fileEncoding = 4; lastKnownFileType = sourcecode.applescript; path = viewCdoc.applescript; sourceTree = "<group>"; };
		67DD76D216A4AF9300BECCD5 /* viewDoxygen.applescript */ = {isa = PBXFileReference; fileEncoding = 4; lastKnownFileType = sourcecode.applescript; path = viewDoxygen.applescript; sourceTree = "<group>"; };
		67DD76D316A4AF9300BECCD5 /* windowShort.applescript */ = {isa = PBXFileReference; fileEncoding = 4; lastKnownFileType = sourcecode.applescript; path = windowShort.applescript; sourceTree = "<group>"; };
		67DD76D416A4AF9300BECCD5 /* windowTall.applescript */ = {isa = PBXFileReference; fileEncoding = 4; lastKnownFileType = sourcecode.applescript; path = windowTall.applescript; sourceTree = "<group>"; };
		67DD76DB16A4AF9300BECCD5 /* ___FILEBASENAME___.html */ = {isa = PBXFileReference; fileEncoding = 4; lastKnownFileType = text.html; path = "___FILEBASENAME___.html"; sourceTree = "<group>"; };
		67DD76DC16A4AF9300BECCD5 /* TemplateInfo.plist */ = {isa = PBXFileReference; fileEncoding = 4; lastKnownFileType = text.plist.xml; path = TemplateInfo.plist; sourceTree = "<group>"; };
		67DD76DE16A4AF9300BECCD5 /* ___FILEBASENAME___.html */ = {isa = PBXFileReference; fileEncoding = 4; lastKnownFileType = text.html; path = "___FILEBASENAME___.html"; sourceTree = "<group>"; };
		67DD76DF16A4AF9300BECCD5 /* TemplateInfo.plist */ = {isa = PBXFileReference; fileEncoding = 4; lastKnownFileType = text.plist.xml; path = TemplateInfo.plist; sourceTree = "<group>"; };
		67DD76E116A4AF9300BECCD5 /* ___FILEBASENAME___.txt */ = {isa = PBXFileReference; fileEncoding = 4; lastKnownFileType = text; path = "___FILEBASENAME___.txt"; sourceTree = "<group>"; };
		67DD76E216A4AF9300BECCD5 /* TemplateIcon.icns */ = {isa = PBXFileReference; lastKnownFileType = image.icns; path = TemplateIcon.icns; sourceTree = "<group>"; };
		67DD76E316A4AF9300BECCD5 /* TemplateInfo.plist */ = {isa = PBXFileReference; fileEncoding = 4; lastKnownFileType = text.plist.xml; path = TemplateInfo.plist; sourceTree = "<group>"; };
		67DD76E516A4AF9300BECCD5 /* ___FILEBASENAME___.html */ = {isa = PBXFileReference; fileEncoding = 4; lastKnownFileType = text.html; path = "___FILEBASENAME___.html"; sourceTree = "<group>"; };
		67DD76E616A4AF9300BECCD5 /* TemplateInfo.plist */ = {isa = PBXFileReference; fileEncoding = 4; lastKnownFileType = text.plist.xml; path = TemplateInfo.plist; sourceTree = "<group>"; };
		67DD76E816A4AF9300BECCD5 /* ___FILEBASENAME___.html */ = {isa = PBXFileReference; fileEncoding = 4; lastKnownFileType = text.html; path = "___FILEBASENAME___.html"; sourceTree = "<group>"; };
		67DD76E916A4AF9300BECCD5 /* TemplateInfo.plist */ = {isa = PBXFileReference; fileEncoding = 4; lastKnownFileType = text.plist.xml; path = TemplateInfo.plist; sourceTree = "<group>"; };
		67DD76EB16A4AF9300BECCD5 /* ___FILEBASENAME___.html */ = {isa = PBXFileReference; fileEncoding = 4; lastKnownFileType = text.html; path = "___FILEBASENAME___.html"; sourceTree = "<group>"; };
		67DD76EC16A4AF9300BECCD5 /* TemplateInfo.plist */ = {isa = PBXFileReference; fileEncoding = 4; lastKnownFileType = text.plist.xml; path = TemplateInfo.plist; sourceTree = "<group>"; };
		67DD76EE16A4AF9300BECCD5 /* ___FILEBASENAME___.html */ = {isa = PBXFileReference; fileEncoding = 4; lastKnownFileType = text.html; path = "___FILEBASENAME___.html"; sourceTree = "<group>"; };
		67DD76EF16A4AF9300BECCD5 /* TemplateInfo.plist */ = {isa = PBXFileReference; fileEncoding = 4; lastKnownFileType = text.plist.xml; path = TemplateInfo.plist; sourceTree = "<group>"; };
		67DD76F316A4AF9300BECCD5 /* ___FILEBASENAME___.h */ = {isa = PBXFileReference; fileEncoding = 4; lastKnownFileType = sourcecode.c.h; path = "___FILEBASENAME___.h"; sourceTree = "<group>"; };
		67DD76F416A4AF9300BECCD5 /* ___FILEBASENAME___.m */ = {isa = PBXFileReference; fileEncoding = 4; lastKnownFileType = sourcecode.c.objc; path = "___FILEBASENAME___.m"; sourceTree = "<group>"; };
		67DD76F616A4AF9300BECCD5 /* ___FILEBASENAME___.h */ = {isa = PBXFileReference; fileEncoding = 4; lastKnownFileType = sourcecode.c.h; path = "___FILEBASENAME___.h"; sourceTree = "<group>"; };
		67DD76F716A4AF9300BECCD5 /* ___FILEBASENAME___.m */ = {isa = PBXFileReference; fileEncoding = 4; lastKnownFileType = sourcecode.c.objc; path = "___FILEBASENAME___.m"; sourceTree = "<group>"; };
		67DD76F916A4AF9300BECCD5 /* ___FILEBASENAME___.h */ = {isa = PBXFileReference; fileEncoding = 4; lastKnownFileType = sourcecode.c.h; path = "___FILEBASENAME___.h"; sourceTree = "<group>"; };
		67DD76FA16A4AF9300BECCD5 /* ___FILEBASENAME___.m */ = {isa = PBXFileReference; fileEncoding = 4; lastKnownFileType = sourcecode.c.objc; path = "___FILEBASENAME___.m"; sourceTree = "<group>"; };
		67DD76FB16A4AF9300BECCD5 /* ___FILEBASENAME___.xib */ = {isa = PBXFileReference; fileEncoding = 4; lastKnownFileType = file.xib; path = "___FILEBASENAME___.xib"; sourceTree = "<group>"; };
		67DD76FD16A4AF9300BECCD5 /* ___FILEBASENAME___.h */ = {isa = PBXFileReference; fileEncoding = 4; lastKnownFileType = sourcecode.c.h; path = "___FILEBASENAME___.h"; sourceTree = "<group>"; };
		67DD76FE16A4AF9300BECCD5 /* ___FILEBASENAME___.m */ = {isa = PBXFileReference; fileEncoding = 4; lastKnownFileType = sourcecode.c.objc; path = "___FILEBASENAME___.m"; sourceTree = "<group>"; };
		67DD770016A4AF9300BECCD5 /* ___FILEBASENAME___.h */ = {isa = PBXFileReference; fileEncoding = 4; lastKnownFileType = sourcecode.c.h; path = "___FILEBASENAME___.h"; sourceTree = "<group>"; };
		67DD770116A4AF9300BECCD5 /* ___FILEBASENAME___.m */ = {isa = PBXFileReference; fileEncoding = 4; lastKnownFileType = sourcecode.c.objc; path = "___FILEBASENAME___.m"; sourceTree = "<group>"; };
		67DD770316A4AF9300BECCD5 /* ___FILEBASENAME___.h */ = {isa = PBXFileReference; fileEncoding = 4; lastKnownFileType = sourcecode.c.h; path = "___FILEBASENAME___.h"; sourceTree = "<group>"; };
		67DD770416A4AF9300BECCD5 /* ___FILEBASENAME___.m */ = {isa = PBXFileReference; fileEncoding = 4; lastKnownFileType = sourcecode.c.objc; path = "___FILEBASENAME___.m"; sourceTree = "<group>"; };
		67DD770616A4AF9300BECCD5 /* ___FILEBASENAME___.h */ = {isa = PBXFileReference; fileEncoding = 4; lastKnownFileType = sourcecode.c.h; path = "___FILEBASENAME___.h"; sourceTree = "<group>"; };
		67DD770716A4AF9300BECCD5 /* ___FILEBASENAME___.m */ = {isa = PBXFileReference; fileEncoding = 4; lastKnownFileType = sourcecode.c.objc; path = "___FILEBASENAME___.m"; sourceTree = "<group>"; };
		67DD770816A4AF9300BECCD5 /* ___FILEBASENAME___.xib */ = {isa = PBXFileReference; fileEncoding = 4; lastKnownFileType = file.xib; path = "___FILEBASENAME___.xib"; sourceTree = "<group>"; };
		67DD770A16A4AF9300BECCD5 /* ___FILEBASENAME___.h */ = {isa = PBXFileReference; fileEncoding = 4; lastKnownFileType = sourcecode.c.h; path = "___FILEBASENAME___.h"; sourceTree = "<group>"; };
		67DD770B16A4AF9300BECCD5 /* ___FILEBASENAME___.m */ = {isa = PBXFileReference; fileEncoding = 4; lastKnownFileType = sourcecode.c.objc; path = "___FILEBASENAME___.m"; sourceTree = "<group>"; };
		67DD770D16A4AF9300BECCD5 /* ___FILEBASENAME___.h */ = {isa = PBXFileReference; fileEncoding = 4; lastKnownFileType = sourcecode.c.h; path = "___FILEBASENAME___.h"; sourceTree = "<group>"; };
		67DD770E16A4AF9300BECCD5 /* ___FILEBASENAME___.m */ = {isa = PBXFileReference; fileEncoding = 4; lastKnownFileType = sourcecode.c.objc; path = "___FILEBASENAME___.m"; sourceTree = "<group>"; };
		67DD770F16A4AF9300BECCD5 /* ___FILEBASENAME___.xib */ = {isa = PBXFileReference; fileEncoding = 4; lastKnownFileType = file.xib; path = "___FILEBASENAME___.xib"; sourceTree = "<group>"; };
		67DD771016A4AF9300BECCD5 /* TemplateIcon.icns */ = {isa = PBXFileReference; lastKnownFileType = image.icns; path = TemplateIcon.icns; sourceTree = "<group>"; };
		67DD771116A4AF9300BECCD5 /* TemplateInfo.plist */ = {isa = PBXFileReference; fileEncoding = 4; lastKnownFileType = text.plist.xml; path = TemplateInfo.plist; sourceTree = "<group>"; };
		67DD771416A4AF9300BECCD5 /* ___FILEBASENAME___.h */ = {isa = PBXFileReference; fileEncoding = 4; lastKnownFileType = sourcecode.c.h; path = "___FILEBASENAME___.h"; sourceTree = "<group>"; };
		67DD771516A4AF9300BECCD5 /* ___FILEBASENAME___.m */ = {isa = PBXFileReference; fileEncoding = 4; lastKnownFileType = sourcecode.c.objc; path = "___FILEBASENAME___.m"; sourceTree = "<group>"; };
		67DD771716A4AF9300BECCD5 /* ___FILEBASENAME___.m */ = {isa = PBXFileReference; fileEncoding = 4; lastKnownFileType = sourcecode.c.objc; path = "___FILEBASENAME___.m"; sourceTree = "<group>"; };
		67DD771816A4AF9300BECCD5 /* TemplateIcon.icns */ = {isa = PBXFileReference; lastKnownFileType = image.icns; path = TemplateIcon.icns; sourceTree = "<group>"; };
		67DD771916A4AF9300BECCD5 /* TemplateInfo.plist */ = {isa = PBXFileReference; fileEncoding = 4; lastKnownFileType = text.plist.xml; path = TemplateInfo.plist; sourceTree = "<group>"; };
		67DD771B16A4AF9300BECCD5 /* ___FILEBASENAME___.mm */ = {isa = PBXFileReference; fileEncoding = 4; lastKnownFileType = sourcecode.cpp.objcpp; path = "___FILEBASENAME___.mm"; sourceTree = "<group>"; };
		67DD771C16A4AF9300BECCD5 /* TemplateIcon.icns */ = {isa = PBXFileReference; lastKnownFileType = image.icns; path = TemplateIcon.icns; sourceTree = "<group>"; };
		67DD771D16A4AF9300BECCD5 /* TemplateInfo.plist */ = {isa = PBXFileReference; fileEncoding = 4; lastKnownFileType = text.plist.xml; path = TemplateInfo.plist; sourceTree = "<group>"; };
		67DD771F16A4AF9300BECCD5 /* ___FILEBASENAME___.h */ = {isa = PBXFileReference; fileEncoding = 4; lastKnownFileType = sourcecode.c.h; path = "___FILEBASENAME___.h"; sourceTree = "<group>"; };
		67DD772016A4AF9300BECCD5 /* ___FILEBASENAME___.m */ = {isa = PBXFileReference; fileEncoding = 4; lastKnownFileType = sourcecode.c.objc; path = "___FILEBASENAME___.m"; sourceTree = "<group>"; };
		67DD772116A4AF9300BECCD5 /* TemplateIcon.icns */ = {isa = PBXFileReference; lastKnownFileType = image.icns; path = TemplateIcon.icns; sourceTree = "<group>"; };
		67DD772216A4AF9300BECCD5 /* TemplateInfo.plist */ = {isa = PBXFileReference; lastKnownFileType = text.plist; path = TemplateInfo.plist; sourceTree = "<group>"; };
		67DD772516A4AF9300BECCD5 /* ___FILEBASENAME___.ksh */ = {isa = PBXFileReference; fileEncoding = 4; lastKnownFileType = text; path = "___FILEBASENAME___.ksh"; sourceTree = "<group>"; };
		67DD772616A4AF9300BECCD5 /* TemplateIcon.icns */ = {isa = PBXFileReference; lastKnownFileType = image.icns; path = TemplateIcon.icns; sourceTree = "<group>"; };
		67DD772716A4AF9300BECCD5 /* TemplateInfo.plist */ = {isa = PBXFileReference; fileEncoding = 4; lastKnownFileType = text.plist.xml; path = TemplateInfo.plist; sourceTree = "<group>"; };
		67DD772916A4AF9300BECCD5 /* ___FILEBASENAME___.ksh */ = {isa = PBXFileReference; fileEncoding = 4; lastKnownFileType = text; path = "___FILEBASENAME___.ksh"; sourceTree = "<group>"; };
		67DD772A16A4AF9300BECCD5 /* TemplateIcon.icns */ = {isa = PBXFileReference; lastKnownFileType = image.icns; path = TemplateIcon.icns; sourceTree = "<group>"; };
		67DD772B16A4AF9300BECCD5 /* TemplateInfo.plist */ = {isa = PBXFileReference; fileEncoding = 4; lastKnownFileType = text.plist.xml; path = TemplateInfo.plist; sourceTree = "<group>"; };
		67DD772D16A4AF9300BECCD5 /* ___FILEBASENAME___.ksh */ = {isa = PBXFileReference; fileEncoding = 4; lastKnownFileType = text; path = "___FILEBASENAME___.ksh"; sourceTree = "<group>"; };
		67DD772E16A4AF9300BECCD5 /* TemplateIcon.icns */ = {isa = PBXFileReference; lastKnownFileType = image.icns; path = TemplateIcon.icns; sourceTree = "<group>"; };
		67DD772F16A4AF9300BECCD5 /* TemplateInfo.plist */ = {isa = PBXFileReference; fileEncoding = 4; lastKnownFileType = text.plist.xml; path = TemplateInfo.plist; sourceTree = "<group>"; };
		67DD773716A4AF9300BECCD5 /* Xcode_install.ksh */ = {isa = PBXFileReference; fileEncoding = 4; lastKnownFileType = text; path = Xcode_install.ksh; sourceTree = "<group>"; };
		67DD774116A4C2BA00BECCD5 /* BBEdit-Info.plist */ = {isa = PBXFileReference; fileEncoding = 4; lastKnownFileType = text.plist.xml; path = "BBEdit-Info.plist"; sourceTree = "<group>"; };
		67DD774316A4C2BA00BECCD5 /* BBEditUtil.applescript */ = {isa = PBXFileReference; fileEncoding = 4; lastKnownFileType = sourcecode.applescript; path = BBEditUtil.applescript; sourceTree = "<group>"; };
		67DD774416A4C2BA00BECCD5 /* CheckLinks.applescript */ = {isa = PBXFileReference; fileEncoding = 4; lastKnownFileType = sourcecode.applescript; path = CheckLinks.applescript; sourceTree = "<group>"; };
		67DD774516A4C2BA00BECCD5 /* CheckSyntax.applescript */ = {isa = PBXFileReference; fileEncoding = 4; lastKnownFileType = sourcecode.applescript; path = CheckSyntax.applescript; sourceTree = "<group>"; };
		67DD774616A4C2BA00BECCD5 /* BBEdit_install.ksh */ = {isa = PBXFileReference; fileEncoding = 4; lastKnownFileType = text; path = BBEdit_install.ksh; sourceTree = "<group>"; };
		67DD777716A4D6A700BECCD5 /* snippets.dash */ = {isa = PBXFileReference; lastKnownFileType = file; path = snippets.dash; sourceTree = "<group>"; };
/* End PBXFileReference section */

/* Begin PBXGroup section */
		67147FBD191449C400B85587 /* InstallDoxygen.xctemplate */ = {
			isa = PBXGroup;
			children = (
				67147FBE191449C400B85587 /* ___FILEBASENAME___.ksh */,
				67147FBF191449C400B85587 /* TemplateIcon.icns */,
				67147FC0191449C400B85587 /* TemplateInfo.plist */,
			);
			name = InstallDoxygen.xctemplate;
			path = ../_Scripting/InstallDoxygen.xctemplate;
			sourceTree = "<group>";
		};
		67200D9C16A9C7D500EA5974 /* InstallCdoc.xctemplate */ = {
			isa = PBXGroup;
			children = (
				67200D9D16A9C7D500EA5974 /* ___FILEBASENAME___.ksh */,
				67200D9E16A9C7D500EA5974 /* TemplateIcon.icns */,
				67200D9F16A9C7D500EA5974 /* TemplateInfo.plist */,
			);
			name = InstallCdoc.xctemplate;
			path = ../_Scripting/InstallCdoc.xctemplate;
			sourceTree = "<group>";
		};
		674791F218567B4000452FA5 /* PythonModule.xctemplate */ = {
			isa = PBXGroup;
			children = (
				674791F318567B7500452FA5 /* ___FILEBASENAME___.py */,
				674791F418567B7500452FA5 /* TemplateIcon.icns */,
				674791F518567B7500452FA5 /* TemplateInfo.plist */,
			);
			name = PythonModule.xctemplate;
			sourceTree = "<group>";
		};
		674791F618567E3A00452FA5 /* PythonTestCase.xctemplate */ = {
			isa = PBXGroup;
			children = (
				674791F718567E5400452FA5 /* ___FILEBASENAME___.py */,
				674791F818567E5400452FA5 /* TemplateIcon.icns */,
				674791F918567E5400452FA5 /* TemplateInfo.plist */,
			);
			name = PythonTestCase.xctemplate;
			sourceTree = "<group>";
		};
		6761488F16A8B93F00FE431B /* Finder */ = {
			isa = PBXGroup;
			children = (
				6761489016A8B93F00FE431B /* toBBEdit.applescript */,
				6761489116A8B93F00FE431B /* toTEXT.applescript */,
			);
			path = Finder;
			sourceTree = "<group>";
		};
		6766325E17EA5813004B5A4F /* _Tests */ = {
			isa = PBXGroup;
			children = (
				6766325F17EA5813004B5A4F /* testBBEdit.ksh */,
			);
			path = _Tests;
			sourceTree = "<group>";
		};
		6769244B141EB818005D3E68 = {
			isa = PBXGroup;
			children = (
				67DB2326169E0A2900A6E910 /* 2 Developer */,
				67DD76CB16A4AF9300BECCD5 /* 5 Applications */,
				67DB22CA169CD82300A6E910 /* 8 UserSlates */,
				6769245A141EB921005D3E68 /* Frameworks */,
				67692459141EB921005D3E68 /* Products */,
			);
			sourceTree = "<group>";
		};
		67692459141EB921005D3E68 /* Products */ = {
			isa = PBXGroup;
			children = (
				67692458141EB921005D3E68 /* XcodeScripts.bundle */,
				671C4824159CFF3800214A9E /* BBEditScripts.bundle */,
				674BF6BA15B7287A0093786D /* UserSlates.bundle */,
				67364A7316C0362C00940D94 /* DeveloperScripts.bundle */,
				67BDF869175967DC006C0B75 /* AllTests.bundle */,
			);
			name = Products;
			sourceTree = "<group>";
		};
		6769245A141EB921005D3E68 /* Frameworks */ = {
			isa = PBXGroup;
			children = (
				6769245B141EB921005D3E68 /* CoreFoundation.framework */,
			);
			name = Frameworks;
			sourceTree = "<group>";
		};
		67BE04C316B095780065BFDE /* _plist */ = {
			isa = PBXGroup;
			children = (
				67BE04C416B095780065BFDE /* XcodeScripts-Info.plist */,
			);
			path = _plist;
			sourceTree = "<group>";
		};
		67DB22CA169CD82300A6E910 /* 8 UserSlates */ = {
			isa = PBXGroup;
			children = (
				67DB22CD169CD82300A6E910 /* Slates */,
				67DB22CB169CD82300A6E910 /* OtherSources */,
			);
			name = "8 UserSlates";
			path = UserSlates;
			sourceTree = "<group>";
		};
		67DB22CB169CD82300A6E910 /* OtherSources */ = {
			isa = PBXGroup;
			children = (
				67DB22CC169CD82300A6E910 /* UserSlates-Info.plist */,
			);
			path = OtherSources;
			sourceTree = "<group>";
		};
		67DB22CD169CD82300A6E910 /* Slates */ = {
			isa = PBXGroup;
			children = (
				67DB22CE169CD82300A6E910 /* AccessLib_rsrc.h */,
				67DB22CF169CD82300A6E910 /* AccessLibTypes.r */,
				6720A6331889D64900C4ED0A /* AppCode_C9.r */,
				67DB22D0169CD82300A6E910 /* ArbonnePrototype_c9.r */,
				67DB22D1169CD82300A6E910 /* Automator_C9.r */,
				67DB22D2169CD82300A6E910 /* Backup_C9.r */,
				67DB22D3169CD82300A6E910 /* BBEdit_C9.r */,
				67DB22D4169CD82300A6E910 /* Calendar_C9.r */,
				67DB22D5169CD82300A6E910 /* CommonSlates_C9.h */,
				67DB22D6169CD82300A6E910 /* CommonSlates_C9.r */,
				67DB22D7169CD82300A6E910 /* Dash_C9.r */,
				67DB22D8169CD82300A6E910 /* Dashcode_C9.r */,
				6787406F17C02189000190D4 /* Developer_C9.h */,
				6787407217C02602000190D4 /* Developer_C9.r */,
				67DB22D9169CD82300A6E910 /* Eclipse_C9.r */,
				67DB22DA169CD82300A6E910 /* FileMaker_C9.r */,
				67DB22DB169CD82300A6E910 /* Finder_C9.r */,
				67DB22DC169CD82300A6E910 /* Games_C9.r */,
				676C9304179F326200876265 /* GitHub_C9.r */,
				676C9306179F478A00876265 /* GitHub_C9.h */,
				67DB22DD169CD82300A6E910 /* InterfaceBuilder_C9.r */,
				67DB22DE169CD82300A6E910 /* Keyboard_AL.h */,
				67DB22DF169CD82300A6E910 /* Mail_C9.r */,
				67DB22E0169CD82300A6E910 /* Numbers_C9.r */,
				671EC78218F5C1A900E2DDEB /* Pages_C9.r */,
				67DB22E1169CD82300A6E910 /* Preview_C9.r */,
				67DB22E2169CD82300A6E910 /* Safari_C9.r */,
				67DB22E3169CD82300A6E910 /* ScriptEditor_C9.r */,
				673F9BA918DA517F00E06A16 /* Server_C9.r */,
				67DB22E4169CD82300A6E910 /* SystemPrefs_C9.r */,
				67DB22E5169CD82300A6E910 /* Terminal_C9.r */,
				67DB22E6169CD82300A6E910 /* TextEdit_C9.r */,
				67DB22E7169CD82300A6E910 /* Tunes_C9.r */,
				67DB22E8169CD82300A6E910 /* UIBrower_C9.r */,
				67DB22E9169CD82300A6E910 /* UMLet_C9.r */,
				67DB22EA169CD82300A6E910 /* Xcode_C9.r */,
			);
			path = Slates;
			sourceTree = "<group>";
		};
		67DB2326169E0A2900A6E910 /* 2 Developer */ = {
			isa = PBXGroup;
			children = (
				67DB232B169E0A2900A6E910 /* AppleScripts */,
			);
			name = "2 Developer";
			path = Developer;
			sourceTree = "<group>";
		};
		67DB232B169E0A2900A6E910 /* AppleScripts */ = {
			isa = PBXGroup;
			children = (
				67364A6D16C0345900940D94 /* FixWindow.applescript */,
				67DB232C169E0A2900A6E910 /* Snippet.applescript */,
				67DB232D169E0A2900A6E910 /* Snippets.txt */,
			);
			path = AppleScripts;
			sourceTree = "<group>";
		};
		67DD76CB16A4AF9300BECCD5 /* 5 Applications */ = {
			isa = PBXGroup;
			children = (
				67DD76CC16A4AF9300BECCD5 /* Xcode */,
				67DD773F16A4C2BA00BECCD5 /* 6 BBEdit */,
				6761488F16A8B93F00FE431B /* Finder */,
				67DD777616A4D6A700BECCD5 /* Dash */,
			);
			name = "5 Applications";
			path = Applications;
			sourceTree = "<group>";
		};
		67DD76CC16A4AF9300BECCD5 /* Xcode */ = {
			isa = PBXGroup;
			children = (
				67DD773716A4AF9300BECCD5 /* Xcode_install.ksh */,
				67DD76CF16A4AF9300BECCD5 /* AppleScripts */,
				67DD76D716A4AF9300BECCD5 /* Templates */,
				67BE04C316B095780065BFDE /* _plist */,
				67DD76CD16A4AF9300BECCD5 /* _Tests */,
			);
			path = Xcode;
			sourceTree = "<group>";
		};
		67DD76CD16A4AF9300BECCD5 /* _Tests */ = {
			isa = PBXGroup;
			children = (
				67DD76CE16A4AF9300BECCD5 /* testXcode.ksh */,
			);
			path = _Tests;
			sourceTree = "<group>";
		};
		67DD76CF16A4AF9300BECCD5 /* AppleScripts */ = {
			isa = PBXGroup;
			children = (
				67DD76D016A4AF9300BECCD5 /* frontWindow.applescript */,
				67DD76D116A4AF9300BECCD5 /* viewCdoc.applescript */,
				67DD76D216A4AF9300BECCD5 /* viewDoxygen.applescript */,
				67DD76D316A4AF9300BECCD5 /* windowShort.applescript */,
				67DD76D416A4AF9300BECCD5 /* windowTall.applescript */,
			);
			path = AppleScripts;
			sourceTree = "<group>";
		};
		67DD76D716A4AF9300BECCD5 /* Templates */ = {
			isa = PBXGroup;
			children = (
				67DD76D816A4AF9300BECCD5 /* FileTemplates */,
			);
			path = Templates;
			sourceTree = "<group>";
		};
		67DD76D816A4AF9300BECCD5 /* FileTemplates */ = {
			isa = PBXGroup;
			children = (
				67DD76D916A4AF9300BECCD5 /* _Documentation */,
				67DD76F016A4AF9300BECCD5 /* _ObjectiveC */,
				67DD772316A4AF9300BECCD5 /* _Scripting */,
			);
			path = FileTemplates;
			sourceTree = "<group>";
		};
		67DD76D916A4AF9300BECCD5 /* _Documentation */ = {
			isa = PBXGroup;
			children = (
				67DD76DA16A4AF9300BECCD5 /* CdocFile.xctemplate */,
				67DD76DD16A4AF9300BECCD5 /* DesignDoc.xctemplate */,
				67DD76E016A4AF9300BECCD5 /* DoxygenConfig.xctemplate */,
				67DD76E416A4AF9300BECCD5 /* HistoryFile.xctemplate */,
				67200D9C16A9C7D500EA5974 /* InstallCdoc.xctemplate */,
				67147FBD191449C400B85587 /* InstallDoxygen.xctemplate */,
				67DD76E716A4AF9300BECCD5 /* ReadMe.xctemplate */,
				67DD76EA16A4AF9300BECCD5 /* RequirementsDoc.xctemplate */,
				67DD76ED16A4AF9300BECCD5 /* UseCasesDoc.xctemplate */,
			);
			path = _Documentation;
			sourceTree = "<group>";
		};
		67DD76DA16A4AF9300BECCD5 /* CdocFile.xctemplate */ = {
			isa = PBXGroup;
			children = (
				67DD76DB16A4AF9300BECCD5 /* ___FILEBASENAME___.html */,
				67DD76DC16A4AF9300BECCD5 /* TemplateInfo.plist */,
			);
			path = CdocFile.xctemplate;
			sourceTree = "<group>";
		};
		67DD76DD16A4AF9300BECCD5 /* DesignDoc.xctemplate */ = {
			isa = PBXGroup;
			children = (
				67DD76DE16A4AF9300BECCD5 /* ___FILEBASENAME___.html */,
				67DD76DF16A4AF9300BECCD5 /* TemplateInfo.plist */,
			);
			path = DesignDoc.xctemplate;
			sourceTree = "<group>";
		};
		67DD76E016A4AF9300BECCD5 /* DoxygenConfig.xctemplate */ = {
			isa = PBXGroup;
			children = (
				67DD76E116A4AF9300BECCD5 /* ___FILEBASENAME___.txt */,
				67DD76E216A4AF9300BECCD5 /* TemplateIcon.icns */,
				67DD76E316A4AF9300BECCD5 /* TemplateInfo.plist */,
			);
			path = DoxygenConfig.xctemplate;
			sourceTree = "<group>";
		};
		67DD76E416A4AF9300BECCD5 /* HistoryFile.xctemplate */ = {
			isa = PBXGroup;
			children = (
				67DD76E516A4AF9300BECCD5 /* ___FILEBASENAME___.html */,
				67DD76E616A4AF9300BECCD5 /* TemplateInfo.plist */,
			);
			path = HistoryFile.xctemplate;
			sourceTree = "<group>";
		};
		67DD76E716A4AF9300BECCD5 /* ReadMe.xctemplate */ = {
			isa = PBXGroup;
			children = (
				67DD76E816A4AF9300BECCD5 /* ___FILEBASENAME___.html */,
				67DD76E916A4AF9300BECCD5 /* TemplateInfo.plist */,
			);
			path = ReadMe.xctemplate;
			sourceTree = "<group>";
		};
		67DD76EA16A4AF9300BECCD5 /* RequirementsDoc.xctemplate */ = {
			isa = PBXGroup;
			children = (
				67DD76EB16A4AF9300BECCD5 /* ___FILEBASENAME___.html */,
				67DD76EC16A4AF9300BECCD5 /* TemplateInfo.plist */,
			);
			path = RequirementsDoc.xctemplate;
			sourceTree = "<group>";
		};
		67DD76ED16A4AF9300BECCD5 /* UseCasesDoc.xctemplate */ = {
			isa = PBXGroup;
			children = (
				67DD76EE16A4AF9300BECCD5 /* ___FILEBASENAME___.html */,
				67DD76EF16A4AF9300BECCD5 /* TemplateInfo.plist */,
			);
			path = UseCasesDoc.xctemplate;
			sourceTree = "<group>";
		};
		67DD76F016A4AF9300BECCD5 /* _ObjectiveC */ = {
			isa = PBXGroup;
			children = (
				67DD76F116A4AF9300BECCD5 /* CocoaClass.xctemplate */,
				67DD771216A4AF9300BECCD5 /* CocoaTestClass.xctemplate */,
				67DD771A16A4AF9300BECCD5 /* CPPWrapper.xctemplate */,
				67DD771E16A4AF9300BECCD5 /* ManagedObject.xctemplate */,
			);
			path = _ObjectiveC;
			sourceTree = "<group>";
		};
		67DD76F116A4AF9300BECCD5 /* CocoaClass.xctemplate */ = {
			isa = PBXGroup;
			children = (
				67DD76F216A4AF9300BECCD5 /* NSApplicationDelegate */,
				67DD76F516A4AF9300BECCD5 /* NSApplicationDelegatewithCoreData */,
				67DD76F816A4AF9300BECCD5 /* NSDocument */,
				67DD76FC16A4AF9300BECCD5 /* NSObject */,
				67DD76FF16A4AF9300BECCD5 /* NSView */,
				67DD770216A4AF9300BECCD5 /* NSViewController */,
				67DD770516A4AF9300BECCD5 /* NSViewControllerwithXIBMac */,
				67DD770916A4AF9300BECCD5 /* NSWindowController */,
				67DD770C16A4AF9300BECCD5 /* NSWindowControllerwithXIBMac */,
				67DD771016A4AF9300BECCD5 /* TemplateIcon.icns */,
				67DD771116A4AF9300BECCD5 /* TemplateInfo.plist */,
			);
			path = CocoaClass.xctemplate;
			sourceTree = "<group>";
		};
		67DD76F216A4AF9300BECCD5 /* NSApplicationDelegate */ = {
			isa = PBXGroup;
			children = (
				67DD76F316A4AF9300BECCD5 /* ___FILEBASENAME___.h */,
				67DD76F416A4AF9300BECCD5 /* ___FILEBASENAME___.m */,
			);
			path = NSApplicationDelegate;
			sourceTree = "<group>";
		};
		67DD76F516A4AF9300BECCD5 /* NSApplicationDelegatewithCoreData */ = {
			isa = PBXGroup;
			children = (
				67DD76F616A4AF9300BECCD5 /* ___FILEBASENAME___.h */,
				67DD76F716A4AF9300BECCD5 /* ___FILEBASENAME___.m */,
			);
			path = NSApplicationDelegatewithCoreData;
			sourceTree = "<group>";
		};
		67DD76F816A4AF9300BECCD5 /* NSDocument */ = {
			isa = PBXGroup;
			children = (
				67DD76F916A4AF9300BECCD5 /* ___FILEBASENAME___.h */,
				67DD76FA16A4AF9300BECCD5 /* ___FILEBASENAME___.m */,
				67DD76FB16A4AF9300BECCD5 /* ___FILEBASENAME___.xib */,
			);
			path = NSDocument;
			sourceTree = "<group>";
		};
		67DD76FC16A4AF9300BECCD5 /* NSObject */ = {
			isa = PBXGroup;
			children = (
				67DD76FD16A4AF9300BECCD5 /* ___FILEBASENAME___.h */,
				67DD76FE16A4AF9300BECCD5 /* ___FILEBASENAME___.m */,
			);
			path = NSObject;
			sourceTree = "<group>";
		};
		67DD76FF16A4AF9300BECCD5 /* NSView */ = {
			isa = PBXGroup;
			children = (
				67DD770016A4AF9300BECCD5 /* ___FILEBASENAME___.h */,
				67DD770116A4AF9300BECCD5 /* ___FILEBASENAME___.m */,
			);
			path = NSView;
			sourceTree = "<group>";
		};
		67DD770216A4AF9300BECCD5 /* NSViewController */ = {
			isa = PBXGroup;
			children = (
				67DD770316A4AF9300BECCD5 /* ___FILEBASENAME___.h */,
				67DD770416A4AF9300BECCD5 /* ___FILEBASENAME___.m */,
			);
			path = NSViewController;
			sourceTree = "<group>";
		};
		67DD770516A4AF9300BECCD5 /* NSViewControllerwithXIBMac */ = {
			isa = PBXGroup;
			children = (
				67DD770616A4AF9300BECCD5 /* ___FILEBASENAME___.h */,
				67DD770716A4AF9300BECCD5 /* ___FILEBASENAME___.m */,
				67DD770816A4AF9300BECCD5 /* ___FILEBASENAME___.xib */,
			);
			path = NSViewControllerwithXIBMac;
			sourceTree = "<group>";
		};
		67DD770916A4AF9300BECCD5 /* NSWindowController */ = {
			isa = PBXGroup;
			children = (
				67DD770A16A4AF9300BECCD5 /* ___FILEBASENAME___.h */,
				67DD770B16A4AF9300BECCD5 /* ___FILEBASENAME___.m */,
			);
			path = NSWindowController;
			sourceTree = "<group>";
		};
		67DD770C16A4AF9300BECCD5 /* NSWindowControllerwithXIBMac */ = {
			isa = PBXGroup;
			children = (
				67DD770D16A4AF9300BECCD5 /* ___FILEBASENAME___.h */,
				67DD770E16A4AF9300BECCD5 /* ___FILEBASENAME___.m */,
				67DD770F16A4AF9300BECCD5 /* ___FILEBASENAME___.xib */,
			);
			path = NSWindowControllerwithXIBMac;
			sourceTree = "<group>";
		};
		67DD771216A4AF9300BECCD5 /* CocoaTestClass.xctemplate */ = {
			isa = PBXGroup;
			children = (
				67DD771316A4AF9300BECCD5 /* NSManagedObject */,
				67DD771616A4AF9300BECCD5 /* NSObject */,
				67DD771816A4AF9300BECCD5 /* TemplateIcon.icns */,
				67DD771916A4AF9300BECCD5 /* TemplateInfo.plist */,
			);
			path = CocoaTestClass.xctemplate;
			sourceTree = "<group>";
		};
		67DD771316A4AF9300BECCD5 /* NSManagedObject */ = {
			isa = PBXGroup;
			children = (
				67DD771416A4AF9300BECCD5 /* ___FILEBASENAME___.h */,
				67DD771516A4AF9300BECCD5 /* ___FILEBASENAME___.m */,
			);
			path = NSManagedObject;
			sourceTree = "<group>";
		};
		67DD771616A4AF9300BECCD5 /* NSObject */ = {
			isa = PBXGroup;
			children = (
				67DD771716A4AF9300BECCD5 /* ___FILEBASENAME___.m */,
			);
			path = NSObject;
			sourceTree = "<group>";
		};
		67DD771A16A4AF9300BECCD5 /* CPPWrapper.xctemplate */ = {
			isa = PBXGroup;
			children = (
				67DD771B16A4AF9300BECCD5 /* ___FILEBASENAME___.mm */,
				67DD771C16A4AF9300BECCD5 /* TemplateIcon.icns */,
				67DD771D16A4AF9300BECCD5 /* TemplateInfo.plist */,
			);
			path = CPPWrapper.xctemplate;
			sourceTree = "<group>";
		};
		67DD771E16A4AF9300BECCD5 /* ManagedObject.xctemplate */ = {
			isa = PBXGroup;
			children = (
				67DD771F16A4AF9300BECCD5 /* ___FILEBASENAME___.h */,
				67DD772016A4AF9300BECCD5 /* ___FILEBASENAME___.m */,
				67DD772116A4AF9300BECCD5 /* TemplateIcon.icns */,
				67DD772216A4AF9300BECCD5 /* TemplateInfo.plist */,
			);
			path = ManagedObject.xctemplate;
			sourceTree = "<group>";
		};
		67DD772316A4AF9300BECCD5 /* _Scripting */ = {
			isa = PBXGroup;
			children = (
				674791F618567E3A00452FA5 /* PythonTestCase.xctemplate */,
				674791F218567B4000452FA5 /* PythonModule.xctemplate */,
				67DD772416A4AF9300BECCD5 /* InstallTarget.xctemplate */,
				67DD772816A4AF9300BECCD5 /* ShellScript.xctemplate */,
				67DD772C16A4AF9300BECCD5 /* shunitTest.xctemplate */,
			);
			path = _Scripting;
			sourceTree = "<group>";
		};
		67DD772416A4AF9300BECCD5 /* InstallTarget.xctemplate */ = {
			isa = PBXGroup;
			children = (
				67DD772516A4AF9300BECCD5 /* ___FILEBASENAME___.ksh */,
				67DD772616A4AF9300BECCD5 /* TemplateIcon.icns */,
				67DD772716A4AF9300BECCD5 /* TemplateInfo.plist */,
			);
			path = InstallTarget.xctemplate;
			sourceTree = "<group>";
		};
		67DD772816A4AF9300BECCD5 /* ShellScript.xctemplate */ = {
			isa = PBXGroup;
			children = (
				67DD772916A4AF9300BECCD5 /* ___FILEBASENAME___.ksh */,
				67DD772A16A4AF9300BECCD5 /* TemplateIcon.icns */,
				67DD772B16A4AF9300BECCD5 /* TemplateInfo.plist */,
			);
			path = ShellScript.xctemplate;
			sourceTree = "<group>";
		};
		67DD772C16A4AF9300BECCD5 /* shunitTest.xctemplate */ = {
			isa = PBXGroup;
			children = (
				67DD772D16A4AF9300BECCD5 /* ___FILEBASENAME___.ksh */,
				67DD772E16A4AF9300BECCD5 /* TemplateIcon.icns */,
				67DD772F16A4AF9300BECCD5 /* TemplateInfo.plist */,
			);
			path = shunitTest.xctemplate;
			sourceTree = "<group>";
		};
		67DD773F16A4C2BA00BECCD5 /* 6 BBEdit */ = {
			isa = PBXGroup;
			children = (
				67DD774616A4C2BA00BECCD5 /* BBEdit_install.ksh */,
				67DD774216A4C2BA00BECCD5 /* AppleScripts */,
				67DD774016A4C2BA00BECCD5 /* _plist */,
				6766325E17EA5813004B5A4F /* _Tests */,
			);
			name = "6 BBEdit";
			path = BBEdit;
			sourceTree = "<group>";
		};
		67DD774016A4C2BA00BECCD5 /* _plist */ = {
			isa = PBXGroup;
			children = (
				67DD774116A4C2BA00BECCD5 /* BBEdit-Info.plist */,
			);
			path = _plist;
			sourceTree = "<group>";
		};
		67DD774216A4C2BA00BECCD5 /* AppleScripts */ = {
			isa = PBXGroup;
			children = (
				67DD774316A4C2BA00BECCD5 /* BBEditUtil.applescript */,
				67DD774416A4C2BA00BECCD5 /* CheckLinks.applescript */,
				67DD774516A4C2BA00BECCD5 /* CheckSyntax.applescript */,
				6773C4131791F844005E4CAB /* SetMarkers.applescript */,
				67BB9CCD1933DC3300219B61 /* CheckHTML.applescript */,
			);
			path = AppleScripts;
			sourceTree = "<group>";
		};
		67DD777616A4D6A700BECCD5 /* Dash */ = {
			isa = PBXGroup;
			children = (
				67DD777716A4D6A700BECCD5 /* snippets.dash */,
			);
			path = Dash;
			sourceTree = "<group>";
		};
/* End PBXGroup section */

/* Begin PBXLegacyTarget section */
		67043DC516B7331400E43F90 /* BBEdit */ = {
			isa = PBXLegacyTarget;
			buildArgumentsString = "\"${SRCROOT}\" Applications/BBEdit $(ACTION)";
			buildConfigurationList = 67043DC616B7331400E43F90 /* Build configuration list for PBXLegacyTarget "BBEdit" */;
			buildPhases = (
			);
			buildToolPath = Applications/BBEdit/BBEdit_install.ksh;
			buildWorkingDirectory = "";
			dependencies = (
				67043DCA16B7333F00E43F90 /* PBXTargetDependency */,
			);
			name = BBEdit;
			passBuildSettingsInEnvironment = 0;
			productName = BBEdit;
		};
		671B546C16B1E610009C2B17 /* Xcode */ = {
			isa = PBXLegacyTarget;
			buildArgumentsString = "\"${SRCROOT}\" Applications/Xcode $(ACTION)";
			buildConfigurationList = 671B546D16B1E610009C2B17 /* Build configuration list for PBXLegacyTarget "Xcode" */;
			buildPhases = (
			);
			buildToolPath = Applications/Xcode/Xcode_install.ksh;
			buildWorkingDirectory = "";
			dependencies = (
				671B547116B1E91D009C2B17 /* PBXTargetDependency */,
			);
			name = Xcode;
			passBuildSettingsInEnvironment = 0;
			productName = Xcode;
		};
		67BE04BF16B08DE30065BFDE /* Developer */ = {
			isa = PBXLegacyTarget;
			buildArgumentsString = "\"${SRCROOT}\" Developer $(ACTION)";
			buildConfigurationList = 67BE04C016B08DE30065BFDE /* Build configuration list for PBXLegacyTarget "Developer" */;
			buildPhases = (
			);
			buildToolPath = Developer/Developer_install.ksh;
			buildWorkingDirectory = "";
			dependencies = (
				673A579316C055320000BEE2 /* PBXTargetDependency */,
			);
			name = Developer;
			passBuildSettingsInEnvironment = 0;
			productName = Developer;
		};
/* End PBXLegacyTarget section */

/* Begin PBXNativeTarget section */
		671C4823159CFF3800214A9E /* BBEditScripts */ = {
			isa = PBXNativeTarget;
			buildConfigurationList = 671C482F159CFF3800214A9E /* Build configuration list for PBXNativeTarget "BBEditScripts" */;
			buildPhases = (
				671C4839159D025C00214A9E /* Sources */,
			);
			buildRules = (
			);
			dependencies = (
			);
			name = BBEditScripts;
			productName = BBEdit;
			productReference = 671C4824159CFF3800214A9E /* BBEditScripts.bundle */;
			productType = "com.apple.product-type.bundle";
		};
		67364A7216C0362C00940D94 /* DeveloperScripts */ = {
			isa = PBXNativeTarget;
			buildConfigurationList = 67364A7C16C0362C00940D94 /* Build configuration list for PBXNativeTarget "DeveloperScripts" */;
			buildPhases = (
				67364A6F16C0362C00940D94 /* Sources */,
			);
			buildRules = (
			);
			dependencies = (
			);
			name = DeveloperScripts;
			productName = DeveloperScripts;
			productReference = 67364A7316C0362C00940D94 /* DeveloperScripts.bundle */;
			productType = "com.apple.product-type.bundle";
		};
		674BF6B915B7287A0093786D /* UserSlates */ = {
			isa = PBXNativeTarget;
			buildConfigurationList = 674BF6C515B7287B0093786D /* Build configuration list for PBXNativeTarget "UserSlates" */;
			buildPhases = (
				674BF6CD15B729C50093786D /* Rez */,
				674BF6F715B72ADB0093786D /* ShellScript */,
			);
			buildRules = (
			);
			dependencies = (
			);
			name = UserSlates;
			productName = UserSlates;
			productReference = 674BF6BA15B7287A0093786D /* UserSlates.bundle */;
			productType = "com.apple.product-type.bundle";
		};
		67692457141EB921005D3E68 /* XcodeScripts */ = {
			isa = PBXNativeTarget;
			buildConfigurationList = 67692464141EB921005D3E68 /* Build configuration list for PBXNativeTarget "XcodeScripts" */;
			buildPhases = (
				67F480D615AF2772004CD4E1 /* Sources */,
			);
			buildRules = (
			);
			dependencies = (
			);
			name = XcodeScripts;
			productName = Xcode;
			productReference = 67692458141EB921005D3E68 /* XcodeScripts.bundle */;
			productType = "com.apple.product-type.bundle";
		};
		67BDF868175967DC006C0B75 /* AllTests */ = {
			isa = PBXNativeTarget;
			buildConfigurationList = 67BDF872175967DC006C0B75 /* Build configuration list for PBXNativeTarget "AllTests" */;
			buildPhases = (
				67BDF875175967FF006C0B75 /* ShellScript */,
			);
			buildRules = (
			);
			dependencies = (
				67BDF877175A7D86006C0B75 /* PBXTargetDependency */,
				67BDF879175A7DB8006C0B75 /* PBXTargetDependency */,
			);
			name = AllTests;
			productName = AllTests;
			productReference = 67BDF869175967DC006C0B75 /* AllTests.bundle */;
			productType = "com.apple.product-type.bundle";
		};
/* End PBXNativeTarget section */

/* Begin PBXProject section */
		6769244D141EB818005D3E68 /* Project object */ = {
			isa = PBXProject;
			attributes = {
				LastUpgradeCheck = 0500;
				ORGANIZATIONNAME = "C & C Software, Inc.";
			};
			buildConfigurationList = 67692450141EB818005D3E68 /* Build configuration list for PBXProject "BuildSupport" */;
			compatibilityVersion = "Xcode 3.2";
			developmentRegion = English;
			hasScannedForEncodings = 0;
			knownRegions = (
				en,
			);
			mainGroup = 6769244B141EB818005D3E68;
			productRefGroup = 67692459141EB921005D3E68 /* Products */;
			projectDirPath = "";
			projectRoot = "";
			targets = (
				67BE04BF16B08DE30065BFDE /* Developer */,
				674BF6B915B7287A0093786D /* UserSlates */,
				671B546C16B1E610009C2B17 /* Xcode */,
				67043DC516B7331400E43F90 /* BBEdit */,
				67692457141EB921005D3E68 /* XcodeScripts */,
				671C4823159CFF3800214A9E /* BBEditScripts */,
				67364A7216C0362C00940D94 /* DeveloperScripts */,
				67BDF868175967DC006C0B75 /* AllTests */,
			);
		};
/* End PBXProject section */

/* Begin PBXRezBuildPhase section */
		674BF6CD15B729C50093786D /* Rez */ = {
			isa = PBXRezBuildPhase;
			buildActionMask = 2147483647;
			files = (
				6787407317C16A4F000190D4 /* Developer_C9.r in Rez */,
				67DB22EB169CD82300A6E910 /* AccessLibTypes.r in Rez */,
				67DB22EC169CD82300A6E910 /* ArbonnePrototype_c9.r in Rez */,
				67DB22ED169CD82300A6E910 /* Automator_C9.r in Rez */,
				67DB22EE169CD82300A6E910 /* Backup_C9.r in Rez */,
				67DB22EF169CD82300A6E910 /* BBEdit_C9.r in Rez */,
				67DB22F0169CD82300A6E910 /* Calendar_C9.r in Rez */,
				67DB22F1169CD82300A6E910 /* CommonSlates_C9.r in Rez */,
				671EC78318F5C1A900E2DDEB /* Pages_C9.r in Rez */,
				67DB22F2169CD82300A6E910 /* Dash_C9.r in Rez */,
				67DB22F3169CD82300A6E910 /* Dashcode_C9.r in Rez */,
				67DB22F4169CD82300A6E910 /* Eclipse_C9.r in Rez */,
				67DB22F5169CD82300A6E910 /* FileMaker_C9.r in Rez */,
				67DB22F6169CD82300A6E910 /* Finder_C9.r in Rez */,
				67DB22F7169CD82300A6E910 /* Games_C9.r in Rez */,
				67DB22F8169CD82300A6E910 /* InterfaceBuilder_C9.r in Rez */,
				67DB22F9169CD82300A6E910 /* Mail_C9.r in Rez */,
				67DB22FA169CD82300A6E910 /* Numbers_C9.r in Rez */,
				67DB22FB169CD82300A6E910 /* Preview_C9.r in Rez */,
				67DB22FC169CD82300A6E910 /* Safari_C9.r in Rez */,
				67DB22FD169CD82300A6E910 /* ScriptEditor_C9.r in Rez */,
				67DB22FE169CD82300A6E910 /* SystemPrefs_C9.r in Rez */,
				67DB22FF169CD82300A6E910 /* Terminal_C9.r in Rez */,
				67DB2300169CD82300A6E910 /* TextEdit_C9.r in Rez */,
				67DB2301169CD82300A6E910 /* Tunes_C9.r in Rez */,
				67DB2302169CD82300A6E910 /* UIBrower_C9.r in Rez */,
				6720A6341889D64900C4ED0A /* AppCode_C9.r in Rez */,
				67DB2303169CD82300A6E910 /* UMLet_C9.r in Rez */,
				673F9BAA18DA517F00E06A16 /* Server_C9.r in Rez */,
				67DB2304169CD82300A6E910 /* Xcode_C9.r in Rez */,
				676C9305179F326200876265 /* GitHub_C9.r in Rez */,
			);
			runOnlyForDeploymentPostprocessing = 0;
		};
/* End PBXRezBuildPhase section */

/* Begin PBXShellScriptBuildPhase section */
		674BF6F715B72ADB0093786D /* ShellScript */ = {
			isa = PBXShellScriptBuildPhase;
			buildActionMask = 2147483647;
			files = (
			);
			inputPaths = (
			);
			outputPaths = (
			);
			runOnlyForDeploymentPostprocessing = 0;
			shellPath = /bin/ksh;
			shellScript = "mkdir -p ${HOME}/Library/CCDev/UserSlates\ncp ${BUILT_PRODUCTS_DIR}/UserSlates.bundle/Contents/Resources/UserSlates.rsrc ${HOME}/Library/CCDev/UserSlates/Accessor.rsrc\n";
			showEnvVarsInLog = 0;
		};
		67BDF875175967FF006C0B75 /* ShellScript */ = {
			isa = PBXShellScriptBuildPhase;
			buildActionMask = 2147483647;
			files = (
			);
			inputPaths = (
			);
			outputPaths = (
			);
			runOnlyForDeploymentPostprocessing = 0;
			shellPath = /bin/ksh;
			shellScript = ". ${HOME}/Library/CCDev/bin/ccInstall\nccInstall --runShunitTests \"${SRCROOT}\"";
			showEnvVarsInLog = 0;
		};
/* End PBXShellScriptBuildPhase section */

/* Begin PBXSourcesBuildPhase section */
		671C4839159D025C00214A9E /* Sources */ = {
			isa = PBXSourcesBuildPhase;
			buildActionMask = 2147483647;
			files = (
				6773C4141791FB03005E4CAB /* SetMarkers.applescript in Sources */,
				67DD774716A4C4FB00BECCD5 /* BBEditUtil.applescript in Sources */,
				67DD774816A4C4FB00BECCD5 /* CheckLinks.applescript in Sources */,
				67DD774916A4C4FB00BECCD5 /* CheckSyntax.applescript in Sources */,
			);
			runOnlyForDeploymentPostprocessing = 0;
		};
		67364A6F16C0362C00940D94 /* Sources */ = {
			isa = PBXSourcesBuildPhase;
			buildActionMask = 2147483647;
			files = (
				67364A7F16C0363900940D94 /* FixWindow.applescript in Sources */,
				673A579416C0578C0000BEE2 /* Snippet.applescript in Sources */,
			);
			runOnlyForDeploymentPostprocessing = 0;
		};
		67F480D615AF2772004CD4E1 /* Sources */ = {
			isa = PBXSourcesBuildPhase;
			buildActionMask = 2147483647;
			files = (
				67DD773A16A4B48500BECCD5 /* frontWindow.applescript in Sources */,
				67DD773B16A4B48500BECCD5 /* viewCdoc.applescript in Sources */,
				67DD773C16A4B48500BECCD5 /* viewDoxygen.applescript in Sources */,
				67DD773D16A4B48500BECCD5 /* windowShort.applescript in Sources */,
				67DD773E16A4B48500BECCD5 /* windowTall.applescript in Sources */,
			);
			runOnlyForDeploymentPostprocessing = 0;
		};
/* End PBXSourcesBuildPhase section */

/* Begin PBXTargetDependency section */
		67043DCA16B7333F00E43F90 /* PBXTargetDependency */ = {
			isa = PBXTargetDependency;
			target = 671C4823159CFF3800214A9E /* BBEditScripts */;
			targetProxy = 67043DC916B7333F00E43F90 /* PBXContainerItemProxy */;
		};
		671B547116B1E91D009C2B17 /* PBXTargetDependency */ = {
			isa = PBXTargetDependency;
			target = 67692457141EB921005D3E68 /* XcodeScripts */;
			targetProxy = 671B547016B1E91D009C2B17 /* PBXContainerItemProxy */;
		};
		673A579316C055320000BEE2 /* PBXTargetDependency */ = {
			isa = PBXTargetDependency;
			target = 67364A7216C0362C00940D94 /* DeveloperScripts */;
			targetProxy = 673A579216C055320000BEE2 /* PBXContainerItemProxy */;
		};
		67BDF877175A7D86006C0B75 /* PBXTargetDependency */ = {
			isa = PBXTargetDependency;
			target = 67BE04BF16B08DE30065BFDE /* Developer */;
			targetProxy = 67BDF876175A7D86006C0B75 /* PBXContainerItemProxy */;
		};
		67BDF879175A7DB8006C0B75 /* PBXTargetDependency */ = {
			isa = PBXTargetDependency;
			target = 671B546C16B1E610009C2B17 /* Xcode */;
			targetProxy = 67BDF878175A7DB8006C0B75 /* PBXContainerItemProxy */;
		};
/* End PBXTargetDependency section */

/* Begin XCBuildConfiguration section */
		67043DC716B7331400E43F90 /* Debug */ = {
			isa = XCBuildConfiguration;
			buildSettings = {
				ALWAYS_SEARCH_USER_PATHS = NO;
				CLANG_CXX_LANGUAGE_STANDARD = "gnu++0x";
				CLANG_CXX_LIBRARY = "libc++";
				CLANG_WARN_EMPTY_BODY = YES;
				CLANG_WARN__DUPLICATE_METHOD_MATCH = YES;
				COMBINE_HIDPI_IMAGES = YES;
				COPY_PHASE_STRIP = NO;
				DEBUGGING_SYMBOLS = YES;
				GCC_C_LANGUAGE_STANDARD = gnu99;
				GCC_DYNAMIC_NO_PIC = NO;
				GCC_ENABLE_OBJC_EXCEPTIONS = YES;
				GCC_GENERATE_DEBUGGING_SYMBOLS = YES;
				GCC_OPTIMIZATION_LEVEL = 0;
				GCC_PREPROCESSOR_DEFINITIONS = (
					"DEBUG=1",
					"$(inherited)",
				);
				GCC_SYMBOLS_PRIVATE_EXTERN = NO;
				GCC_WARN_64_TO_32_BIT_CONVERSION = YES;
				GCC_WARN_ABOUT_RETURN_TYPE = YES;
				GCC_WARN_UNINITIALIZED_AUTOS = YES;
				GCC_WARN_UNUSED_VARIABLE = YES;
				MACOSX_DEPLOYMENT_TARGET = 10.8;
				ONLY_ACTIVE_ARCH = YES;
				OTHER_CFLAGS = "";
				OTHER_LDFLAGS = "";
				PRODUCT_NAME = "$(TARGET_NAME)";
				SDKROOT = macosx;
			};
			name = Debug;
		};
		67043DC816B7331400E43F90 /* Release */ = {
			isa = XCBuildConfiguration;
			buildSettings = {
				ALWAYS_SEARCH_USER_PATHS = NO;
				CLANG_CXX_LANGUAGE_STANDARD = "gnu++0x";
				CLANG_CXX_LIBRARY = "libc++";
				CLANG_WARN_EMPTY_BODY = YES;
				CLANG_WARN__DUPLICATE_METHOD_MATCH = YES;
				COMBINE_HIDPI_IMAGES = YES;
				COPY_PHASE_STRIP = YES;
				DEBUG_INFORMATION_FORMAT = "dwarf-with-dsym";
				GCC_C_LANGUAGE_STANDARD = gnu99;
				GCC_ENABLE_OBJC_EXCEPTIONS = YES;
				GCC_WARN_64_TO_32_BIT_CONVERSION = YES;
				GCC_WARN_ABOUT_RETURN_TYPE = YES;
				GCC_WARN_UNINITIALIZED_AUTOS = YES;
				GCC_WARN_UNUSED_VARIABLE = YES;
				MACOSX_DEPLOYMENT_TARGET = 10.8;
				OTHER_CFLAGS = "";
				OTHER_LDFLAGS = "";
				PRODUCT_NAME = "$(TARGET_NAME)";
				SDKROOT = macosx;
			};
			name = Release;
		};
		671B546E16B1E610009C2B17 /* Debug */ = {
			isa = XCBuildConfiguration;
			buildSettings = {
				ALWAYS_SEARCH_USER_PATHS = NO;
				CLANG_CXX_LANGUAGE_STANDARD = "gnu++0x";
				CLANG_CXX_LIBRARY = "libc++";
				CLANG_WARN_EMPTY_BODY = YES;
				CLANG_WARN__DUPLICATE_METHOD_MATCH = YES;
				COMBINE_HIDPI_IMAGES = YES;
				COPY_PHASE_STRIP = NO;
				DEBUGGING_SYMBOLS = YES;
				GCC_C_LANGUAGE_STANDARD = gnu99;
				GCC_DYNAMIC_NO_PIC = NO;
				GCC_ENABLE_OBJC_EXCEPTIONS = YES;
				GCC_GENERATE_DEBUGGING_SYMBOLS = YES;
				GCC_OPTIMIZATION_LEVEL = 0;
				GCC_PREPROCESSOR_DEFINITIONS = (
					"DEBUG=1",
					"$(inherited)",
				);
				GCC_SYMBOLS_PRIVATE_EXTERN = NO;
				GCC_WARN_64_TO_32_BIT_CONVERSION = YES;
				GCC_WARN_ABOUT_RETURN_TYPE = YES;
				GCC_WARN_UNINITIALIZED_AUTOS = YES;
				GCC_WARN_UNUSED_VARIABLE = YES;
				MACOSX_DEPLOYMENT_TARGET = 10.8;
				ONLY_ACTIVE_ARCH = YES;
				OTHER_CFLAGS = "";
				OTHER_LDFLAGS = "";
				PRODUCT_NAME = "$(TARGET_NAME)";
				SDKROOT = macosx;
			};
			name = Debug;
		};
		671B546F16B1E610009C2B17 /* Release */ = {
			isa = XCBuildConfiguration;
			buildSettings = {
				ALWAYS_SEARCH_USER_PATHS = NO;
				CLANG_CXX_LANGUAGE_STANDARD = "gnu++0x";
				CLANG_CXX_LIBRARY = "libc++";
				CLANG_WARN_EMPTY_BODY = YES;
				CLANG_WARN__DUPLICATE_METHOD_MATCH = YES;
				COMBINE_HIDPI_IMAGES = YES;
				COPY_PHASE_STRIP = YES;
				DEBUG_INFORMATION_FORMAT = "dwarf-with-dsym";
				GCC_C_LANGUAGE_STANDARD = gnu99;
				GCC_ENABLE_OBJC_EXCEPTIONS = YES;
				GCC_WARN_64_TO_32_BIT_CONVERSION = YES;
				GCC_WARN_ABOUT_RETURN_TYPE = YES;
				GCC_WARN_UNINITIALIZED_AUTOS = YES;
				GCC_WARN_UNUSED_VARIABLE = YES;
				MACOSX_DEPLOYMENT_TARGET = 10.8;
				OTHER_CFLAGS = "";
				OTHER_LDFLAGS = "";
				PRODUCT_NAME = "$(TARGET_NAME)";
				SDKROOT = macosx;
			};
			name = Release;
		};
		671C482D159CFF3800214A9E /* Debug */ = {
			isa = XCBuildConfiguration;
			buildSettings = {
				ALWAYS_SEARCH_USER_PATHS = NO;
				COMBINE_HIDPI_IMAGES = YES;
				CONFIGURATION_BUILD_DIR = "${HOME}/Library/CCDev/build/Support/BuildSupport/Applications/BBEdit";
				COPY_PHASE_STRIP = NO;
				GCC_C_LANGUAGE_STANDARD = gnu99;
				GCC_DYNAMIC_NO_PIC = NO;
				GCC_ENABLE_OBJC_EXCEPTIONS = YES;
				GCC_OPTIMIZATION_LEVEL = 0;
				GCC_PRECOMPILE_PREFIX_HEADER = YES;
				GCC_PREFIX_HEADER = "";
				GCC_PREPROCESSOR_DEFINITIONS = "";
				GCC_SYMBOLS_PRIVATE_EXTERN = NO;
				GCC_VERSION = com.apple.compilers.llvm.clang.1_0;
				GCC_WARN_64_TO_32_BIT_CONVERSION = YES;
				GCC_WARN_ABOUT_MISSING_PROTOTYPES = YES;
				GCC_WARN_ABOUT_RETURN_TYPE = YES;
				GCC_WARN_UNUSED_VARIABLE = YES;
				INFOPLIST_FILE = "Applications/BBEdit/_plist/BBEditScripts-Info.plist";
				INSTALL_PATH = "$(LOCAL_LIBRARY_DIR)/Bundles";
				MACOSX_DEPLOYMENT_TARGET = 10.6;
				ONLY_ACTIVE_ARCH = YES;
				PRODUCT_NAME = "$(TARGET_NAME)";
				SDKROOT = macosx;
				WRAPPER_EXTENSION = bundle;
			};
			name = Debug;
		};
		671C482E159CFF3800214A9E /* Release */ = {
			isa = XCBuildConfiguration;
			buildSettings = {
				ALWAYS_SEARCH_USER_PATHS = NO;
				COMBINE_HIDPI_IMAGES = YES;
				CONFIGURATION_BUILD_DIR = "${HOME}/Library/CCDev/build/Support/BuildSupport/Applications/BBEdit";
				COPY_PHASE_STRIP = YES;
				DEBUG_INFORMATION_FORMAT = "dwarf-with-dsym";
				GCC_C_LANGUAGE_STANDARD = gnu99;
				GCC_ENABLE_OBJC_EXCEPTIONS = YES;
				GCC_PRECOMPILE_PREFIX_HEADER = YES;
				GCC_PREFIX_HEADER = "";
				GCC_VERSION = com.apple.compilers.llvm.clang.1_0;
				GCC_WARN_64_TO_32_BIT_CONVERSION = YES;
				GCC_WARN_ABOUT_MISSING_PROTOTYPES = YES;
				GCC_WARN_ABOUT_RETURN_TYPE = YES;
				GCC_WARN_UNUSED_VARIABLE = YES;
				INFOPLIST_FILE = "Applications/BBEdit/_plist/BBEditScripts-Info.plist";
				INSTALL_PATH = "$(LOCAL_LIBRARY_DIR)/Bundles";
				MACOSX_DEPLOYMENT_TARGET = 10.6;
				PRODUCT_NAME = "$(TARGET_NAME)";
				SDKROOT = macosx;
				WRAPPER_EXTENSION = bundle;
			};
			name = Release;
		};
		67364A7D16C0362C00940D94 /* Debug */ = {
			isa = XCBuildConfiguration;
			buildSettings = {
				ALWAYS_SEARCH_USER_PATHS = NO;
				CLANG_CXX_LANGUAGE_STANDARD = "gnu++0x";
				CLANG_CXX_LIBRARY = "libc++";
				CLANG_ENABLE_OBJC_ARC = YES;
				CLANG_WARN_EMPTY_BODY = YES;
				CLANG_WARN__DUPLICATE_METHOD_MATCH = YES;
				COMBINE_HIDPI_IMAGES = YES;
				CONFIGURATION_BUILD_DIR = "${HOME}/Library/CCDev/build/Support/BuildSupport/Developer";
				COPY_PHASE_STRIP = NO;
				GCC_C_LANGUAGE_STANDARD = gnu99;
				GCC_DYNAMIC_NO_PIC = NO;
				GCC_ENABLE_OBJC_EXCEPTIONS = YES;
				GCC_OPTIMIZATION_LEVEL = 0;
				GCC_PRECOMPILE_PREFIX_HEADER = YES;
				GCC_PREFIX_HEADER = "DeveloperScripts/DeveloperScripts-Prefix.pch";
				GCC_PREPROCESSOR_DEFINITIONS = (
					"DEBUG=1",
					"$(inherited)",
				);
				GCC_SYMBOLS_PRIVATE_EXTERN = NO;
				GCC_WARN_64_TO_32_BIT_CONVERSION = YES;
				GCC_WARN_ABOUT_RETURN_TYPE = YES;
				GCC_WARN_UNINITIALIZED_AUTOS = YES;
				GCC_WARN_UNUSED_VARIABLE = YES;
				INFOPLIST_FILE = "Developer/plist/DeveloperScripts-Info.plist";
				INSTALL_PATH = "$(LOCAL_LIBRARY_DIR)/Bundles";
				MACOSX_DEPLOYMENT_TARGET = 10.8;
				ONLY_ACTIVE_ARCH = YES;
				PRODUCT_NAME = "$(TARGET_NAME)";
				SDKROOT = macosx;
				WRAPPER_EXTENSION = bundle;
			};
			name = Debug;
		};
		67364A7E16C0362C00940D94 /* Release */ = {
			isa = XCBuildConfiguration;
			buildSettings = {
				ALWAYS_SEARCH_USER_PATHS = NO;
				CLANG_CXX_LANGUAGE_STANDARD = "gnu++0x";
				CLANG_CXX_LIBRARY = "libc++";
				CLANG_ENABLE_OBJC_ARC = YES;
				CLANG_WARN_EMPTY_BODY = YES;
				CLANG_WARN__DUPLICATE_METHOD_MATCH = YES;
				COMBINE_HIDPI_IMAGES = YES;
				CONFIGURATION_BUILD_DIR = "${HOME}/Library/CCDev/build/Support/BuildSupport/Developer";
				COPY_PHASE_STRIP = YES;
				DEBUG_INFORMATION_FORMAT = "dwarf-with-dsym";
				GCC_C_LANGUAGE_STANDARD = gnu99;
				GCC_ENABLE_OBJC_EXCEPTIONS = YES;
				GCC_PRECOMPILE_PREFIX_HEADER = YES;
				GCC_PREFIX_HEADER = "DeveloperScripts/DeveloperScripts-Prefix.pch";
				GCC_WARN_64_TO_32_BIT_CONVERSION = YES;
				GCC_WARN_ABOUT_RETURN_TYPE = YES;
				GCC_WARN_UNINITIALIZED_AUTOS = YES;
				GCC_WARN_UNUSED_VARIABLE = YES;
				INFOPLIST_FILE = "Developer/plist/DeveloperScripts-Info.plist";
				INSTALL_PATH = "$(LOCAL_LIBRARY_DIR)/Bundles";
				MACOSX_DEPLOYMENT_TARGET = 10.8;
				PRODUCT_NAME = "$(TARGET_NAME)";
				SDKROOT = macosx;
				WRAPPER_EXTENSION = bundle;
			};
			name = Release;
		};
		674BF6C315B7287B0093786D /* Debug */ = {
			isa = XCBuildConfiguration;
			buildSettings = {
				ALWAYS_SEARCH_USER_PATHS = NO;
				COMBINE_HIDPI_IMAGES = YES;
				COPY_PHASE_STRIP = NO;
				GCC_C_LANGUAGE_STANDARD = gnu99;
				GCC_DYNAMIC_NO_PIC = NO;
				GCC_ENABLE_OBJC_EXCEPTIONS = YES;
				GCC_OPTIMIZATION_LEVEL = 0;
				GCC_PRECOMPILE_PREFIX_HEADER = YES;
				GCC_PREFIX_HEADER = "";
				GCC_PREPROCESSOR_DEFINITIONS = "";
				GCC_SYMBOLS_PRIVATE_EXTERN = NO;
				GCC_VERSION = com.apple.compilers.llvm.clang.1_0;
				GCC_WARN_64_TO_32_BIT_CONVERSION = YES;
				GCC_WARN_ABOUT_RETURN_TYPE = YES;
				GCC_WARN_UNINITIALIZED_AUTOS = YES;
				GCC_WARN_UNUSED_VARIABLE = YES;
				INFOPLIST_FILE = "UserSlates/OtherSources/UserSlates-Info.plist";
				INSTALL_PATH = "$(LOCAL_LIBRARY_DIR)/Bundles";
				MACOSX_DEPLOYMENT_TARGET = 10.7;
				ONLY_ACTIVE_ARCH = YES;
				PRODUCT_NAME = "$(TARGET_NAME)";
				SDKROOT = macosx;
				WRAPPER_EXTENSION = bundle;
			};
			name = Debug;
		};
		674BF6C415B7287B0093786D /* Release */ = {
			isa = XCBuildConfiguration;
			buildSettings = {
				ALWAYS_SEARCH_USER_PATHS = NO;
				COMBINE_HIDPI_IMAGES = YES;
				COPY_PHASE_STRIP = YES;
				DEBUG_INFORMATION_FORMAT = "dwarf-with-dsym";
				GCC_C_LANGUAGE_STANDARD = gnu99;
				GCC_ENABLE_OBJC_EXCEPTIONS = YES;
				GCC_PRECOMPILE_PREFIX_HEADER = YES;
				GCC_PREFIX_HEADER = "";
				GCC_VERSION = com.apple.compilers.llvm.clang.1_0;
				GCC_WARN_64_TO_32_BIT_CONVERSION = YES;
				GCC_WARN_ABOUT_RETURN_TYPE = YES;
				GCC_WARN_UNINITIALIZED_AUTOS = YES;
				GCC_WARN_UNUSED_VARIABLE = YES;
				INFOPLIST_FILE = "UserSlates/OtherSources/UserSlates-Info.plist";
				INSTALL_PATH = "$(LOCAL_LIBRARY_DIR)/Bundles";
				MACOSX_DEPLOYMENT_TARGET = 10.7;
				PRODUCT_NAME = "$(TARGET_NAME)";
				SDKROOT = macosx;
				WRAPPER_EXTENSION = bundle;
			};
			name = Release;
		};
		67692452141EB818005D3E68 /* Debug */ = {
			isa = XCBuildConfiguration;
			buildSettings = {
				ONLY_ACTIVE_ARCH = YES;
			};
			name = Debug;
		};
		67692453141EB818005D3E68 /* Release */ = {
			isa = XCBuildConfiguration;
			buildSettings = {
			};
			name = Release;
		};
		67692465141EB921005D3E68 /* Debug */ = {
			isa = XCBuildConfiguration;
			buildSettings = {
				ALWAYS_SEARCH_USER_PATHS = NO;
				COMBINE_HIDPI_IMAGES = YES;
				CONFIGURATION_BUILD_DIR = "${HOME}/Library/CCDev/build/Support/BuildSupport/Applications/Xcode";
				COPY_PHASE_STRIP = NO;
				GCC_C_LANGUAGE_STANDARD = gnu99;
				GCC_DYNAMIC_NO_PIC = NO;
				GCC_ENABLE_OBJC_EXCEPTIONS = YES;
				GCC_OPTIMIZATION_LEVEL = 0;
				GCC_PRECOMPILE_PREFIX_HEADER = YES;
				GCC_PREFIX_HEADER = "";
				GCC_PREPROCESSOR_DEFINITIONS = "";
				GCC_SYMBOLS_PRIVATE_EXTERN = NO;
				GCC_VERSION = com.apple.compilers.llvm.clang.1_0;
				GCC_WARN_64_TO_32_BIT_CONVERSION = YES;
				GCC_WARN_ABOUT_MISSING_PROTOTYPES = YES;
				GCC_WARN_ABOUT_RETURN_TYPE = YES;
				GCC_WARN_UNUSED_VARIABLE = YES;
				INFOPLIST_FILE = "Applications/Xcode/_plist/XcodeScripts-Info.plist";
				INSTALL_PATH = "$(LOCAL_LIBRARY_DIR)/Bundles";
				MACOSX_DEPLOYMENT_TARGET = 10.6;
				ONLY_ACTIVE_ARCH = YES;
				PRODUCT_NAME = "$(TARGET_NAME)";
				SDKROOT = macosx;
				WRAPPER_EXTENSION = bundle;
			};
			name = Debug;
		};
		67692466141EB921005D3E68 /* Release */ = {
			isa = XCBuildConfiguration;
			buildSettings = {
				ALWAYS_SEARCH_USER_PATHS = NO;
				COMBINE_HIDPI_IMAGES = YES;
				CONFIGURATION_BUILD_DIR = "${HOME}/Library/CCDev/build/Support/BuildSupport/Applications/Xcode";
				COPY_PHASE_STRIP = YES;
				DEBUG_INFORMATION_FORMAT = "dwarf-with-dsym";
				GCC_C_LANGUAGE_STANDARD = gnu99;
				GCC_ENABLE_OBJC_EXCEPTIONS = YES;
				GCC_PRECOMPILE_PREFIX_HEADER = YES;
				GCC_PREFIX_HEADER = "";
				GCC_VERSION = com.apple.compilers.llvm.clang.1_0;
				GCC_WARN_64_TO_32_BIT_CONVERSION = YES;
				GCC_WARN_ABOUT_MISSING_PROTOTYPES = YES;
				GCC_WARN_ABOUT_RETURN_TYPE = YES;
				GCC_WARN_UNUSED_VARIABLE = YES;
				INFOPLIST_FILE = "Applications/Xcode/_plist/XcodeScripts-Info.plist";
				INSTALL_PATH = "$(LOCAL_LIBRARY_DIR)/Bundles";
				MACOSX_DEPLOYMENT_TARGET = 10.6;
				PRODUCT_NAME = "$(TARGET_NAME)";
				SDKROOT = macosx;
				WRAPPER_EXTENSION = bundle;
			};
			name = Release;
		};
		67BDF873175967DC006C0B75 /* Debug */ = {
			isa = XCBuildConfiguration;
			buildSettings = {
				ALWAYS_SEARCH_USER_PATHS = NO;
				CLANG_CXX_LANGUAGE_STANDARD = "gnu++0x";
				CLANG_CXX_LIBRARY = "libc++";
				CLANG_ENABLE_OBJC_ARC = YES;
				CLANG_WARN_CONSTANT_CONVERSION = YES;
				CLANG_WARN_EMPTY_BODY = YES;
				CLANG_WARN_ENUM_CONVERSION = YES;
				CLANG_WARN_INT_CONVERSION = YES;
				CLANG_WARN__DUPLICATE_METHOD_MATCH = YES;
				COMBINE_HIDPI_IMAGES = YES;
				COPY_PHASE_STRIP = NO;
				GCC_C_LANGUAGE_STANDARD = gnu99;
				GCC_DYNAMIC_NO_PIC = NO;
				GCC_ENABLE_OBJC_EXCEPTIONS = YES;
				GCC_OPTIMIZATION_LEVEL = 0;
				GCC_PRECOMPILE_PREFIX_HEADER = YES;
				GCC_PREFIX_HEADER = "AllTests/AllTests-Prefix.pch";
				GCC_PREPROCESSOR_DEFINITIONS = (
					"DEBUG=1",
					"$(inherited)",
				);
				GCC_SYMBOLS_PRIVATE_EXTERN = NO;
				GCC_WARN_64_TO_32_BIT_CONVERSION = YES;
				GCC_WARN_ABOUT_RETURN_TYPE = YES;
				GCC_WARN_UNINITIALIZED_AUTOS = YES;
				GCC_WARN_UNUSED_VARIABLE = YES;
				INFOPLIST_FILE = "";
				INSTALL_PATH = "$(LOCAL_LIBRARY_DIR)/Bundles";
				MACOSX_DEPLOYMENT_TARGET = 10.8;
				ONLY_ACTIVE_ARCH = YES;
				PRODUCT_NAME = "$(TARGET_NAME)";
				SDKROOT = macosx;
				WRAPPER_EXTENSION = bundle;
			};
			name = Debug;
		};
		67BDF874175967DC006C0B75 /* Release */ = {
			isa = XCBuildConfiguration;
			buildSettings = {
				ALWAYS_SEARCH_USER_PATHS = NO;
				CLANG_CXX_LANGUAGE_STANDARD = "gnu++0x";
				CLANG_CXX_LIBRARY = "libc++";
				CLANG_ENABLE_OBJC_ARC = YES;
				CLANG_WARN_CONSTANT_CONVERSION = YES;
				CLANG_WARN_EMPTY_BODY = YES;
				CLANG_WARN_ENUM_CONVERSION = YES;
				CLANG_WARN_INT_CONVERSION = YES;
				CLANG_WARN__DUPLICATE_METHOD_MATCH = YES;
				COMBINE_HIDPI_IMAGES = YES;
				COPY_PHASE_STRIP = YES;
				DEBUG_INFORMATION_FORMAT = "dwarf-with-dsym";
				GCC_C_LANGUAGE_STANDARD = gnu99;
				GCC_ENABLE_OBJC_EXCEPTIONS = YES;
				GCC_PRECOMPILE_PREFIX_HEADER = YES;
				GCC_PREFIX_HEADER = "AllTests/AllTests-Prefix.pch";
				GCC_WARN_64_TO_32_BIT_CONVERSION = YES;
				GCC_WARN_ABOUT_RETURN_TYPE = YES;
				GCC_WARN_UNINITIALIZED_AUTOS = YES;
				GCC_WARN_UNUSED_VARIABLE = YES;
				INFOPLIST_FILE = "";
				INSTALL_PATH = "$(LOCAL_LIBRARY_DIR)/Bundles";
				MACOSX_DEPLOYMENT_TARGET = 10.8;
				PRODUCT_NAME = "$(TARGET_NAME)";
				SDKROOT = macosx;
				WRAPPER_EXTENSION = bundle;
			};
			name = Release;
		};
		67BE04C116B08DE30065BFDE /* Debug */ = {
			isa = XCBuildConfiguration;
			buildSettings = {
				ALWAYS_SEARCH_USER_PATHS = NO;
				CLANG_CXX_LANGUAGE_STANDARD = "gnu++0x";
				CLANG_CXX_LIBRARY = "libc++";
				CLANG_WARN_EMPTY_BODY = YES;
				CLANG_WARN__DUPLICATE_METHOD_MATCH = YES;
				COMBINE_HIDPI_IMAGES = YES;
				COPY_PHASE_STRIP = NO;
				DEBUGGING_SYMBOLS = YES;
				GCC_C_LANGUAGE_STANDARD = gnu99;
				GCC_DYNAMIC_NO_PIC = NO;
				GCC_ENABLE_OBJC_EXCEPTIONS = YES;
				GCC_GENERATE_DEBUGGING_SYMBOLS = YES;
				GCC_OPTIMIZATION_LEVEL = 0;
				GCC_PREPROCESSOR_DEFINITIONS = (
					"DEBUG=1",
					"$(inherited)",
				);
				GCC_SYMBOLS_PRIVATE_EXTERN = NO;
				GCC_WARN_64_TO_32_BIT_CONVERSION = YES;
				GCC_WARN_ABOUT_RETURN_TYPE = YES;
				GCC_WARN_UNINITIALIZED_AUTOS = YES;
				GCC_WARN_UNUSED_VARIABLE = YES;
				MACOSX_DEPLOYMENT_TARGET = 10.8;
				ONLY_ACTIVE_ARCH = YES;
				OTHER_CFLAGS = "";
				OTHER_LDFLAGS = "";
				PRODUCT_NAME = "$(TARGET_NAME)";
				SDKROOT = macosx;
			};
			name = Debug;
		};
		67BE04C216B08DE30065BFDE /* Release */ = {
			isa = XCBuildConfiguration;
			buildSettings = {
				ALWAYS_SEARCH_USER_PATHS = NO;
				CLANG_CXX_LANGUAGE_STANDARD = "gnu++0x";
				CLANG_CXX_LIBRARY = "libc++";
				CLANG_WARN_EMPTY_BODY = YES;
				CLANG_WARN__DUPLICATE_METHOD_MATCH = YES;
				COMBINE_HIDPI_IMAGES = YES;
				COPY_PHASE_STRIP = YES;
				DEBUG_INFORMATION_FORMAT = "dwarf-with-dsym";
				GCC_C_LANGUAGE_STANDARD = gnu99;
				GCC_ENABLE_OBJC_EXCEPTIONS = YES;
				GCC_WARN_64_TO_32_BIT_CONVERSION = YES;
				GCC_WARN_ABOUT_RETURN_TYPE = YES;
				GCC_WARN_UNINITIALIZED_AUTOS = YES;
				GCC_WARN_UNUSED_VARIABLE = YES;
				MACOSX_DEPLOYMENT_TARGET = 10.8;
				OTHER_CFLAGS = "";
				OTHER_LDFLAGS = "";
				PRODUCT_NAME = "$(TARGET_NAME)";
				SDKROOT = macosx;
			};
			name = Release;
		};
/* End XCBuildConfiguration section */

/* Begin XCConfigurationList section */
		67043DC616B7331400E43F90 /* Build configuration list for PBXLegacyTarget "BBEdit" */ = {
			isa = XCConfigurationList;
			buildConfigurations = (
				67043DC716B7331400E43F90 /* Debug */,
				67043DC816B7331400E43F90 /* Release */,
			);
			defaultConfigurationIsVisible = 0;
			defaultConfigurationName = Release;
		};
		671B546D16B1E610009C2B17 /* Build configuration list for PBXLegacyTarget "Xcode" */ = {
			isa = XCConfigurationList;
			buildConfigurations = (
				671B546E16B1E610009C2B17 /* Debug */,
				671B546F16B1E610009C2B17 /* Release */,
			);
			defaultConfigurationIsVisible = 0;
			defaultConfigurationName = Release;
		};
		671C482F159CFF3800214A9E /* Build configuration list for PBXNativeTarget "BBEditScripts" */ = {
			isa = XCConfigurationList;
			buildConfigurations = (
				671C482D159CFF3800214A9E /* Debug */,
				671C482E159CFF3800214A9E /* Release */,
			);
			defaultConfigurationIsVisible = 0;
			defaultConfigurationName = Release;
		};
		67364A7C16C0362C00940D94 /* Build configuration list for PBXNativeTarget "DeveloperScripts" */ = {
			isa = XCConfigurationList;
			buildConfigurations = (
				67364A7D16C0362C00940D94 /* Debug */,
				67364A7E16C0362C00940D94 /* Release */,
			);
			defaultConfigurationIsVisible = 0;
			defaultConfigurationName = Release;
		};
		674BF6C515B7287B0093786D /* Build configuration list for PBXNativeTarget "UserSlates" */ = {
			isa = XCConfigurationList;
			buildConfigurations = (
				674BF6C315B7287B0093786D /* Debug */,
				674BF6C415B7287B0093786D /* Release */,
			);
			defaultConfigurationIsVisible = 0;
			defaultConfigurationName = Release;
		};
		67692450141EB818005D3E68 /* Build configuration list for PBXProject "BuildSupport" */ = {
			isa = XCConfigurationList;
			buildConfigurations = (
				67692452141EB818005D3E68 /* Debug */,
				67692453141EB818005D3E68 /* Release */,
			);
			defaultConfigurationIsVisible = 0;
			defaultConfigurationName = Release;
		};
		67692464141EB921005D3E68 /* Build configuration list for PBXNativeTarget "XcodeScripts" */ = {
			isa = XCConfigurationList;
			buildConfigurations = (
				67692465141EB921005D3E68 /* Debug */,
				67692466141EB921005D3E68 /* Release */,
			);
			defaultConfigurationIsVisible = 0;
			defaultConfigurationName = Release;
		};
		67BDF872175967DC006C0B75 /* Build configuration list for PBXNativeTarget "AllTests" */ = {
			isa = XCConfigurationList;
			buildConfigurations = (
				67BDF873175967DC006C0B75 /* Debug */,
				67BDF874175967DC006C0B75 /* Release */,
			);
			defaultConfigurationIsVisible = 0;
			defaultConfigurationName = Release;
		};
		67BE04C016B08DE30065BFDE /* Build configuration list for PBXLegacyTarget "Developer" */ = {
			isa = XCConfigurationList;
			buildConfigurations = (
				67BE04C116B08DE30065BFDE /* Debug */,
				67BE04C216B08DE30065BFDE /* Release */,
			);
			defaultConfigurationIsVisible = 0;
			defaultConfigurationName = Release;
		};
/* End XCConfigurationList section */
	};
	rootObject = 6769244D141EB818005D3E68 /* Project object */;
}
