// !$*UTF8*$!
{
	archiveVersion = 1;
	classes = {
	};
	objectVersion = 46;
	objects = {

/* Begin PBXBuildFile section */
		67DB22EB169CD82300A6E910 /* AccessLibTypes.r in Rez */ = {isa = PBXBuildFile; fileRef = 67DB22CF169CD82300A6E910 /* AccessLibTypes.r */; };
		67DB22EC169CD82300A6E910 /* ArbonnePrototype_c9.r in Rez */ = {isa = PBXBuildFile; fileRef = 67DB22D0169CD82300A6E910 /* ArbonnePrototype_c9.r */; };
		67DB22ED169CD82300A6E910 /* Automator_C9.r in Rez */ = {isa = PBXBuildFile; fileRef = 67DB22D1169CD82300A6E910 /* Automator_C9.r */; };
		67DB22EE169CD82300A6E910 /* Backup_C9.r in Rez */ = {isa = PBXBuildFile; fileRef = 67DB22D2169CD82300A6E910 /* Backup_C9.r */; };
		67DB22EF169CD82300A6E910 /* BBEdit_C9.r in Rez */ = {isa = PBXBuildFile; fileRef = 67DB22D3169CD82300A6E910 /* BBEdit_C9.r */; };
		67DB22F0169CD82300A6E910 /* Calendar_C9.r in Rez */ = {isa = PBXBuildFile; fileRef = 67DB22D4169CD82300A6E910 /* Calendar_C9.r */; };
		67DB22F1169CD82300A6E910 /* CommonSlates_C9.r in Rez */ = {isa = PBXBuildFile; fileRef = 67DB22D6169CD82300A6E910 /* CommonSlates_C9.r */; };
		67DB22F2169CD82300A6E910 /* Dash_C9.r in Rez */ = {isa = PBXBuildFile; fileRef = 67DB22D7169CD82300A6E910 /* Dash_C9.r */; };
		67DB22F3169CD82300A6E910 /* Dashcode_C9.r in Rez */ = {isa = PBXBuildFile; fileRef = 67DB22D8169CD82300A6E910 /* Dashcode_C9.r */; };
		67DB22F4169CD82300A6E910 /* Eclipse_C9.r in Rez */ = {isa = PBXBuildFile; fileRef = 67DB22D9169CD82300A6E910 /* Eclipse_C9.r */; };
		67DB22F5169CD82300A6E910 /* FileMaker_C9.r in Rez */ = {isa = PBXBuildFile; fileRef = 67DB22DA169CD82300A6E910 /* FileMaker_C9.r */; };
		67DB22F6169CD82300A6E910 /* Finder_C9.r in Rez */ = {isa = PBXBuildFile; fileRef = 67DB22DB169CD82300A6E910 /* Finder_C9.r */; };
		67DB22F7169CD82300A6E910 /* Games_C9.r in Rez */ = {isa = PBXBuildFile; fileRef = 67DB22DC169CD82300A6E910 /* Games_C9.r */; };
		67DB22F8169CD82300A6E910 /* InterfaceBuilder_C9.r in Rez */ = {isa = PBXBuildFile; fileRef = 67DB22DD169CD82300A6E910 /* InterfaceBuilder_C9.r */; };
		67DB22F9169CD82300A6E910 /* Mail_C9.r in Rez */ = {isa = PBXBuildFile; fileRef = 67DB22DF169CD82300A6E910 /* Mail_C9.r */; };
		67DB22FA169CD82300A6E910 /* Numbers_C9.r in Rez */ = {isa = PBXBuildFile; fileRef = 67DB22E0169CD82300A6E910 /* Numbers_C9.r */; };
		67DB22FB169CD82300A6E910 /* Preview_C9.r in Rez */ = {isa = PBXBuildFile; fileRef = 67DB22E1169CD82300A6E910 /* Preview_C9.r */; };
		67DB22FC169CD82300A6E910 /* Safari_C9.r in Rez */ = {isa = PBXBuildFile; fileRef = 67DB22E2169CD82300A6E910 /* Safari_C9.r */; };
		67DB22FD169CD82300A6E910 /* ScriptEditor_C9.r in Rez */ = {isa = PBXBuildFile; fileRef = 67DB22E3169CD82300A6E910 /* ScriptEditor_C9.r */; };
		67DB22FE169CD82300A6E910 /* SystemPrefs_C9.r in Rez */ = {isa = PBXBuildFile; fileRef = 67DB22E4169CD82300A6E910 /* SystemPrefs_C9.r */; };
		67DB22FF169CD82300A6E910 /* Terminal_C9.r in Rez */ = {isa = PBXBuildFile; fileRef = 67DB22E5169CD82300A6E910 /* Terminal_C9.r */; };
		67DB2300169CD82300A6E910 /* TextEdit_C9.r in Rez */ = {isa = PBXBuildFile; fileRef = 67DB22E6169CD82300A6E910 /* TextEdit_C9.r */; };
		67DB2301169CD82300A6E910 /* Tunes_C9.r in Rez */ = {isa = PBXBuildFile; fileRef = 67DB22E7169CD82300A6E910 /* Tunes_C9.r */; };
		67DB2302169CD82300A6E910 /* UIBrower_C9.r in Rez */ = {isa = PBXBuildFile; fileRef = 67DB22E8169CD82300A6E910 /* UIBrower_C9.r */; };
		67DB2303169CD82300A6E910 /* UMLet_C9.r in Rez */ = {isa = PBXBuildFile; fileRef = 67DB22E9169CD82300A6E910 /* UMLet_C9.r */; };
		67DB2304169CD82300A6E910 /* Xcode_C9.r in Rez */ = {isa = PBXBuildFile; fileRef = 67DB22EA169CD82300A6E910 /* Xcode_C9.r */; };
		67DD773A16A4B48500BECCD5 /* frontWindow.applescript in Sources */ = {isa = PBXBuildFile; fileRef = 67DD76D016A4AF9300BECCD5 /* frontWindow.applescript */; };
		67DD773B16A4B48500BECCD5 /* viewCdoc.applescript in Sources */ = {isa = PBXBuildFile; fileRef = 67DD76D116A4AF9300BECCD5 /* viewCdoc.applescript */; };
		67DD773C16A4B48500BECCD5 /* viewDoxygen.applescript in Sources */ = {isa = PBXBuildFile; fileRef = 67DD76D216A4AF9300BECCD5 /* viewDoxygen.applescript */; };
		67DD773D16A4B48500BECCD5 /* windowShort.applescript in Sources */ = {isa = PBXBuildFile; fileRef = 67DD76D316A4AF9300BECCD5 /* windowShort.applescript */; };
		67DD773E16A4B48500BECCD5 /* windowTall.applescript in Sources */ = {isa = PBXBuildFile; fileRef = 67DD76D416A4AF9300BECCD5 /* windowTall.applescript */; };
		67DD774716A4C4FB00BECCD5 /* BBEditUtil.applescript in Sources */ = {isa = PBXBuildFile; fileRef = 67DD774316A4C2BA00BECCD5 /* BBEditUtil.applescript */; };
		67DD774816A4C4FB00BECCD5 /* CheckLinks.applescript in Sources */ = {isa = PBXBuildFile; fileRef = 67DD774416A4C2BA00BECCD5 /* CheckLinks.applescript */; };
		67DD774916A4C4FB00BECCD5 /* CheckSyntax.applescript in Sources */ = {isa = PBXBuildFile; fileRef = 67DD774516A4C2BA00BECCD5 /* CheckSyntax.applescript */; };
/* End PBXBuildFile section */

/* Begin PBXFileReference section */
		671C4824159CFF3800214A9E /* BBEdit.bundle */ = {isa = PBXFileReference; explicitFileType = wrapper.cfbundle; includeInIndex = 0; path = BBEdit.bundle; sourceTree = BUILT_PRODUCTS_DIR; };
		674BF6BA15B7287A0093786D /* UserSlates.bundle */ = {isa = PBXFileReference; explicitFileType = wrapper.cfbundle; includeInIndex = 0; path = UserSlates.bundle; sourceTree = BUILT_PRODUCTS_DIR; };
		67692458141EB921005D3E68 /* Xcode.bundle */ = {isa = PBXFileReference; explicitFileType = wrapper.cfbundle; includeInIndex = 0; path = Xcode.bundle; sourceTree = BUILT_PRODUCTS_DIR; };
		6769245B141EB921005D3E68 /* CoreFoundation.framework */ = {isa = PBXFileReference; lastKnownFileType = wrapper.framework; name = CoreFoundation.framework; path = System/Library/Frameworks/CoreFoundation.framework; sourceTree = SDKROOT; };
		67A00C4714A287B6002456DB /* Cdoc.bundle */ = {isa = PBXFileReference; explicitFileType = wrapper.cfbundle; includeInIndex = 0; path = Cdoc.bundle; sourceTree = BUILT_PRODUCTS_DIR; };
		67A00C4B14A287B6002456DB /* Cdoc-Info.plist */ = {isa = PBXFileReference; lastKnownFileType = text.plist.xml; path = "Cdoc-Info.plist"; sourceTree = "<group>"; };
		67AA8011144F3DAD00FCCDC9 /* Developer_Setup.bundle */ = {isa = PBXFileReference; explicitFileType = wrapper.cfbundle; includeInIndex = 0; path = Developer_Setup.bundle; sourceTree = BUILT_PRODUCTS_DIR; };
		67BA94D414508D19005BF0E9 /* Developer.bundle */ = {isa = PBXFileReference; explicitFileType = wrapper.cfbundle; includeInIndex = 0; path = Developer.bundle; sourceTree = BUILT_PRODUCTS_DIR; };
		67DB22CC169CD82300A6E910 /* UserSlates-Info.plist */ = {isa = PBXFileReference; fileEncoding = 4; lastKnownFileType = text.plist.xml; path = "UserSlates-Info.plist"; sourceTree = "<group>"; };
		67DB22CE169CD82300A6E910 /* AccessLib_rsrc.h */ = {isa = PBXFileReference; fileEncoding = 4; lastKnownFileType = sourcecode.c.h; path = AccessLib_rsrc.h; sourceTree = "<group>"; };
		67DB22CF169CD82300A6E910 /* AccessLibTypes.r */ = {isa = PBXFileReference; fileEncoding = 4; lastKnownFileType = sourcecode.rez; path = AccessLibTypes.r; sourceTree = "<group>"; };
		67DB22D0169CD82300A6E910 /* ArbonnePrototype_c9.r */ = {isa = PBXFileReference; fileEncoding = 4; lastKnownFileType = sourcecode.rez; path = ArbonnePrototype_c9.r; sourceTree = "<group>"; };
		67DB22D1169CD82300A6E910 /* Automator_C9.r */ = {isa = PBXFileReference; fileEncoding = 4; lastKnownFileType = sourcecode.rez; path = Automator_C9.r; sourceTree = "<group>"; };
		67DB22D2169CD82300A6E910 /* Backup_C9.r */ = {isa = PBXFileReference; fileEncoding = 4; lastKnownFileType = sourcecode.rez; path = Backup_C9.r; sourceTree = "<group>"; };
		67DB22D3169CD82300A6E910 /* BBEdit_C9.r */ = {isa = PBXFileReference; fileEncoding = 4; lastKnownFileType = sourcecode.rez; path = BBEdit_C9.r; sourceTree = "<group>"; };
		67DB22D4169CD82300A6E910 /* Calendar_C9.r */ = {isa = PBXFileReference; fileEncoding = 4; lastKnownFileType = sourcecode.rez; path = Calendar_C9.r; sourceTree = "<group>"; };
		67DB22D5169CD82300A6E910 /* CommonSlates_C9.h */ = {isa = PBXFileReference; fileEncoding = 4; lastKnownFileType = sourcecode.c.h; path = CommonSlates_C9.h; sourceTree = "<group>"; };
		67DB22D6169CD82300A6E910 /* CommonSlates_C9.r */ = {isa = PBXFileReference; fileEncoding = 4; lastKnownFileType = sourcecode.rez; path = CommonSlates_C9.r; sourceTree = "<group>"; };
		67DB22D7169CD82300A6E910 /* Dash_C9.r */ = {isa = PBXFileReference; fileEncoding = 4; lastKnownFileType = sourcecode.rez; path = Dash_C9.r; sourceTree = "<group>"; };
		67DB22D8169CD82300A6E910 /* Dashcode_C9.r */ = {isa = PBXFileReference; fileEncoding = 4; lastKnownFileType = sourcecode.rez; path = Dashcode_C9.r; sourceTree = "<group>"; };
		67DB22D9169CD82300A6E910 /* Eclipse_C9.r */ = {isa = PBXFileReference; fileEncoding = 4; lastKnownFileType = sourcecode.rez; path = Eclipse_C9.r; sourceTree = "<group>"; };
		67DB22DA169CD82300A6E910 /* FileMaker_C9.r */ = {isa = PBXFileReference; fileEncoding = 4; lastKnownFileType = sourcecode.rez; path = FileMaker_C9.r; sourceTree = "<group>"; };
		67DB22DB169CD82300A6E910 /* Finder_C9.r */ = {isa = PBXFileReference; fileEncoding = 4; lastKnownFileType = sourcecode.rez; path = Finder_C9.r; sourceTree = "<group>"; };
		67DB22DC169CD82300A6E910 /* Games_C9.r */ = {isa = PBXFileReference; fileEncoding = 4; lastKnownFileType = sourcecode.rez; path = Games_C9.r; sourceTree = "<group>"; };
		67DB22DD169CD82300A6E910 /* InterfaceBuilder_C9.r */ = {isa = PBXFileReference; fileEncoding = 4; lastKnownFileType = sourcecode.rez; path = InterfaceBuilder_C9.r; sourceTree = "<group>"; };
		67DB22DE169CD82300A6E910 /* Keyboard_AL.h */ = {isa = PBXFileReference; fileEncoding = 4; lastKnownFileType = sourcecode.c.h; path = Keyboard_AL.h; sourceTree = "<group>"; };
		67DB22DF169CD82300A6E910 /* Mail_C9.r */ = {isa = PBXFileReference; fileEncoding = 4; lastKnownFileType = sourcecode.rez; path = Mail_C9.r; sourceTree = "<group>"; };
		67DB22E0169CD82300A6E910 /* Numbers_C9.r */ = {isa = PBXFileReference; fileEncoding = 4; lastKnownFileType = sourcecode.rez; path = Numbers_C9.r; sourceTree = "<group>"; };
		67DB22E1169CD82300A6E910 /* Preview_C9.r */ = {isa = PBXFileReference; fileEncoding = 4; lastKnownFileType = sourcecode.rez; path = Preview_C9.r; sourceTree = "<group>"; };
		67DB22E2169CD82300A6E910 /* Safari_C9.r */ = {isa = PBXFileReference; fileEncoding = 4; lastKnownFileType = sourcecode.rez; path = Safari_C9.r; sourceTree = "<group>"; };
		67DB22E3169CD82300A6E910 /* ScriptEditor_C9.r */ = {isa = PBXFileReference; fileEncoding = 4; lastKnownFileType = sourcecode.rez; path = ScriptEditor_C9.r; sourceTree = "<group>"; };
		67DB22E4169CD82300A6E910 /* SystemPrefs_C9.r */ = {isa = PBXFileReference; fileEncoding = 4; lastKnownFileType = sourcecode.rez; path = SystemPrefs_C9.r; sourceTree = "<group>"; };
		67DB22E5169CD82300A6E910 /* Terminal_C9.r */ = {isa = PBXFileReference; fileEncoding = 4; lastKnownFileType = sourcecode.rez; path = Terminal_C9.r; sourceTree = "<group>"; };
		67DB22E6169CD82300A6E910 /* TextEdit_C9.r */ = {isa = PBXFileReference; fileEncoding = 4; lastKnownFileType = sourcecode.rez; path = TextEdit_C9.r; sourceTree = "<group>"; };
		67DB22E7169CD82300A6E910 /* Tunes_C9.r */ = {isa = PBXFileReference; fileEncoding = 4; lastKnownFileType = sourcecode.rez; path = Tunes_C9.r; sourceTree = "<group>"; };
		67DB22E8169CD82300A6E910 /* UIBrower_C9.r */ = {isa = PBXFileReference; fileEncoding = 4; lastKnownFileType = sourcecode.rez; path = UIBrower_C9.r; sourceTree = "<group>"; };
		67DB22E9169CD82300A6E910 /* UMLet_C9.r */ = {isa = PBXFileReference; fileEncoding = 4; lastKnownFileType = sourcecode.rez; path = UMLet_C9.r; sourceTree = "<group>"; };
		67DB22EA169CD82300A6E910 /* Xcode_C9.r */ = {isa = PBXFileReference; fileEncoding = 4; lastKnownFileType = sourcecode.rez; path = Xcode_C9.r; sourceTree = "<group>"; };
		67DB232A169E0A2900A6E910 /* testCcInstall.ksh */ = {isa = PBXFileReference; lastKnownFileType = text; path = testCcInstall.ksh; sourceTree = "<group>"; };
		67DB232C169E0A2900A6E910 /* Snippet.applescript */ = {isa = PBXFileReference; lastKnownFileType = sourcecode.applescript; path = Snippet.applescript; sourceTree = "<group>"; };
		67DB232D169E0A2900A6E910 /* Snippets.txt */ = {isa = PBXFileReference; lastKnownFileType = text; path = Snippets.txt; sourceTree = "<group>"; };
		67DB2331169E0A2900A6E910 /* Default.doxygen */ = {isa = PBXFileReference; lastKnownFileType = text; path = Default.doxygen; sourceTree = "<group>"; };
		67DB2333169E0A2900A6E910 /* environment.plist */ = {isa = PBXFileReference; lastKnownFileType = text.plist.xml; path = environment.plist; sourceTree = "<group>"; };
		67DB2335169E0A2900A6E910 /* ccInstall.ksh */ = {isa = PBXFileReference; lastKnownFileType = text; path = ccInstall.ksh; sourceTree = "<group>"; };
		67DB2336169E0A2900A6E910 /* errtrap.ksh */ = {isa = PBXFileReference; lastKnownFileType = text; path = errtrap.ksh; sourceTree = "<group>"; };
		67DB233B169E0A2900A6E910 /* archive.ksh */ = {isa = PBXFileReference; lastKnownFileType = text; path = archive.ksh; sourceTree = "<group>"; };
		67DB233C169E0A2900A6E910 /* buildCdoc.ksh */ = {isa = PBXFileReference; lastKnownFileType = text; path = buildCdoc.ksh; sourceTree = "<group>"; };
		67DB233D169E0A2900A6E910 /* ccBackup.ksh */ = {isa = PBXFileReference; lastKnownFileType = text; path = ccBackup.ksh; sourceTree = "<group>"; };
		67DB233E169E0A2900A6E910 /* cleanProjectTarget.ksh */ = {isa = PBXFileReference; lastKnownFileType = text; path = cleanProjectTarget.ksh; sourceTree = "<group>"; };
		67DB233F169E0A2900A6E910 /* doxygenBuild.ksh */ = {isa = PBXFileReference; lastKnownFileType = text; path = doxygenBuild.ksh; sourceTree = "<group>"; };
		67DB2340169E0A2900A6E910 /* resultCodes.ksh */ = {isa = PBXFileReference; lastKnownFileType = text; path = resultCodes.ksh; sourceTree = "<group>"; };
		67DB2344169E0A2900A6E910 /* gen_test_results.sh */ = {isa = PBXFileReference; lastKnownFileType = text.script.sh; path = gen_test_results.sh; sourceTree = "<group>"; };
		67DB2345169E0A2900A6E910 /* which */ = {isa = PBXFileReference; lastKnownFileType = text.script.sh; path = which; sourceTree = "<group>"; };
		67DB2347169E0A2900A6E910 /* CHANGES-2.1.txt */ = {isa = PBXFileReference; lastKnownFileType = text; path = "CHANGES-2.1.txt"; sourceTree = "<group>"; };
		67DB2348169E0A2900A6E910 /* coding_standards.txt */ = {isa = PBXFileReference; lastKnownFileType = text; path = coding_standards.txt; sourceTree = "<group>"; };
		67DB2349169E0A2900A6E910 /* contributors.txt */ = {isa = PBXFileReference; lastKnownFileType = text; path = contributors.txt; sourceTree = "<group>"; };
		67DB234A169E0A2900A6E910 /* design_doc.txt */ = {isa = PBXFileReference; lastKnownFileType = text; path = design_doc.txt; sourceTree = "<group>"; };
		67DB234B169E0A2900A6E910 /* LGPL-2.1 */ = {isa = PBXFileReference; lastKnownFileType = text.man; path = "LGPL-2.1"; sourceTree = "<group>"; };
		67DB234C169E0A2900A6E910 /* README.html */ = {isa = PBXFileReference; lastKnownFileType = text.html; path = README.html; sourceTree = "<group>"; };
		67DB234D169E0A2900A6E910 /* README.txt */ = {isa = PBXFileReference; lastKnownFileType = text; path = README.txt; sourceTree = "<group>"; };
		67DB234E169E0A2900A6E910 /* RELEASE_NOTES-2.1.0.txt */ = {isa = PBXFileReference; lastKnownFileType = text; path = "RELEASE_NOTES-2.1.0.txt"; sourceTree = "<group>"; };
		67DB234F169E0A2900A6E910 /* RELEASE_NOTES-2.1.1.txt */ = {isa = PBXFileReference; lastKnownFileType = text; path = "RELEASE_NOTES-2.1.1.txt"; sourceTree = "<group>"; };
		67DB2350169E0A2900A6E910 /* RELEASE_NOTES-2.1.2.txt */ = {isa = PBXFileReference; lastKnownFileType = text; path = "RELEASE_NOTES-2.1.2.txt"; sourceTree = "<group>"; };
		67DB2351169E0A2900A6E910 /* RELEASE_NOTES-2.1.3.txt */ = {isa = PBXFileReference; lastKnownFileType = text; path = "RELEASE_NOTES-2.1.3.txt"; sourceTree = "<group>"; };
		67DB2352169E0A2900A6E910 /* RELEASE_NOTES-2.1.4.txt */ = {isa = PBXFileReference; lastKnownFileType = text; path = "RELEASE_NOTES-2.1.4.txt"; sourceTree = "<group>"; };
		67DB2353169E0A2900A6E910 /* RELEASE_NOTES-2.1.5.txt */ = {isa = PBXFileReference; lastKnownFileType = text; path = "RELEASE_NOTES-2.1.5.txt"; sourceTree = "<group>"; };
		67DB2354169E0A2900A6E910 /* RELEASE_NOTES-2.1.6.txt */ = {isa = PBXFileReference; lastKnownFileType = text; path = "RELEASE_NOTES-2.1.6.txt"; sourceTree = "<group>"; };
		67DB2355169E0A2900A6E910 /* rst2html.css */ = {isa = PBXFileReference; lastKnownFileType = text.css; path = rst2html.css; sourceTree = "<group>"; };
		67DB2356169E0A2900A6E910 /* shunit2.html */ = {isa = PBXFileReference; lastKnownFileType = text.html; path = shunit2.html; sourceTree = "<group>"; };
		67DB2357169E0A2900A6E910 /* shunit2.txt */ = {isa = PBXFileReference; lastKnownFileType = text; path = shunit2.txt; sourceTree = "<group>"; };
		67DB2358169E0A2900A6E910 /* TODO.txt */ = {isa = PBXFileReference; lastKnownFileType = text; path = TODO.txt; sourceTree = "<group>"; };
		67DB235A169E0A2900A6E910 /* equality_test.sh */ = {isa = PBXFileReference; lastKnownFileType = text.script.sh; path = equality_test.sh; sourceTree = "<group>"; };
		67DB235B169E0A2900A6E910 /* lineno_test.sh */ = {isa = PBXFileReference; lastKnownFileType = text.script.sh; path = lineno_test.sh; sourceTree = "<group>"; };
		67DB235C169E0A2900A6E910 /* math.inc */ = {isa = PBXFileReference; lastKnownFileType = sourcecode.pascal; path = math.inc; sourceTree = "<group>"; };
		67DB235D169E0A2900A6E910 /* math_test.sh */ = {isa = PBXFileReference; lastKnownFileType = text.script.sh; path = math_test.sh; sourceTree = "<group>"; };
		67DB235E169E0A2900A6E910 /* mkdir_test.sh */ = {isa = PBXFileReference; lastKnownFileType = text.script.sh; path = mkdir_test.sh; sourceTree = "<group>"; };
		67DB235F169E0A2900A6E910 /* party_test.sh */ = {isa = PBXFileReference; lastKnownFileType = text.script.sh; path = party_test.sh; sourceTree = "<group>"; };
		67DB2361169E0A2900A6E910 /* shflags */ = {isa = PBXFileReference; lastKnownFileType = text; path = shflags; sourceTree = "<group>"; };
		67DB2362169E0A2900A6E910 /* shlib */ = {isa = PBXFileReference; lastKnownFileType = text; path = shlib; sourceTree = "<group>"; };
		67DB2363169E0A2900A6E910 /* versions */ = {isa = PBXFileReference; lastKnownFileType = text.script.sh; path = versions; sourceTree = "<group>"; };
		67DB2365169E0A2900A6E910 /* shunit2 */ = {isa = PBXFileReference; lastKnownFileType = text.script.sh; path = shunit2; sourceTree = "<group>"; };
		67DB2366169E0A2900A6E910 /* shunit2_test.sh */ = {isa = PBXFileReference; lastKnownFileType = text.script.sh; path = shunit2_test.sh; sourceTree = "<group>"; };
		67DB2367169E0A2900A6E910 /* shunit2_test_asserts.sh */ = {isa = PBXFileReference; lastKnownFileType = text.script.sh; path = shunit2_test_asserts.sh; sourceTree = "<group>"; };
		67DB2368169E0A2900A6E910 /* shunit2_test_failures.sh */ = {isa = PBXFileReference; lastKnownFileType = text.script.sh; path = shunit2_test_failures.sh; sourceTree = "<group>"; };
		67DB2369169E0A2900A6E910 /* shunit2_test_helpers */ = {isa = PBXFileReference; lastKnownFileType = text; path = shunit2_test_helpers; sourceTree = "<group>"; };
		67DB236A169E0A2900A6E910 /* shunit2_test_macros.sh */ = {isa = PBXFileReference; lastKnownFileType = text.script.sh; path = shunit2_test_macros.sh; sourceTree = "<group>"; };
		67DB236B169E0A2900A6E910 /* shunit2_test_misc.sh */ = {isa = PBXFileReference; lastKnownFileType = text.script.sh; path = shunit2_test_misc.sh; sourceTree = "<group>"; };
		67DB236C169E0A2900A6E910 /* shunit2_test_standalone.sh */ = {isa = PBXFileReference; lastKnownFileType = text.script.sh; path = shunit2_test_standalone.sh; sourceTree = "<group>"; };
		67DB240A16A1CBE500A6E910 /* Developer_install.ksh */ = {isa = PBXFileReference; lastKnownFileType = text; path = Developer_install.ksh; sourceTree = "<group>"; };
		67DB240B16A1CBE500A6E910 /* Developer_Setup.ksh */ = {isa = PBXFileReference; lastKnownFileType = text; path = Developer_Setup.ksh; sourceTree = "<group>"; };
		67DB240C16A1CBF900A6E910 /* testDeveloper_Setup.ksh */ = {isa = PBXFileReference; fileEncoding = 4; lastKnownFileType = text; path = testDeveloper_Setup.ksh; sourceTree = "<group>"; };
		67DB240D16A1CBF900A6E910 /* testDeveloper.ksh */ = {isa = PBXFileReference; fileEncoding = 4; lastKnownFileType = text; path = testDeveloper.ksh; sourceTree = "<group>"; };
		67DB240E16A1CC0C00A6E910 /* Developer_Setup-Info.plist */ = {isa = PBXFileReference; fileEncoding = 4; lastKnownFileType = text.plist.xml; path = "Developer_Setup-Info.plist"; sourceTree = "<group>"; };
		67DB240F16A1CC0C00A6E910 /* Developer-Info.plist */ = {isa = PBXFileReference; fileEncoding = 4; lastKnownFileType = text.plist.xml; path = "Developer-Info.plist"; sourceTree = "<group>"; };
		67DD76CE16A4AF9300BECCD5 /* testXcode.ksh */ = {isa = PBXFileReference; fileEncoding = 4; lastKnownFileType = text.script.sh; path = testXcode.ksh; sourceTree = "<group>"; };
		67DD76D016A4AF9300BECCD5 /* frontWindow.applescript */ = {isa = PBXFileReference; fileEncoding = 4; lastKnownFileType = sourcecode.applescript; path = frontWindow.applescript; sourceTree = "<group>"; };
		67DD76D116A4AF9300BECCD5 /* viewCdoc.applescript */ = {isa = PBXFileReference; fileEncoding = 4; lastKnownFileType = sourcecode.applescript; path = viewCdoc.applescript; sourceTree = "<group>"; };
		67DD76D216A4AF9300BECCD5 /* viewDoxygen.applescript */ = {isa = PBXFileReference; fileEncoding = 4; lastKnownFileType = sourcecode.applescript; path = viewDoxygen.applescript; sourceTree = "<group>"; };
		67DD76D316A4AF9300BECCD5 /* windowShort.applescript */ = {isa = PBXFileReference; fileEncoding = 4; lastKnownFileType = sourcecode.applescript; path = windowShort.applescript; sourceTree = "<group>"; };
		67DD76D416A4AF9300BECCD5 /* windowTall.applescript */ = {isa = PBXFileReference; fileEncoding = 4; lastKnownFileType = sourcecode.applescript; path = windowTall.applescript; sourceTree = "<group>"; };
		67DD76D616A4AF9300BECCD5 /* GitSaveMessage.workflow */ = {isa = PBXFileReference; lastKnownFileType = wrapper; path = GitSaveMessage.workflow; sourceTree = "<group>"; };
		67DD76DB16A4AF9300BECCD5 /* ___FILEBASENAME___.html */ = {isa = PBXFileReference; fileEncoding = 4; lastKnownFileType = text.html; path = "___FILEBASENAME___.html"; sourceTree = "<group>"; };
		67DD76DC16A4AF9300BECCD5 /* TemplateInfo.plist */ = {isa = PBXFileReference; fileEncoding = 4; lastKnownFileType = text.plist.xml; path = TemplateInfo.plist; sourceTree = "<group>"; };
		67DD76DE16A4AF9300BECCD5 /* ___FILEBASENAME___.html */ = {isa = PBXFileReference; fileEncoding = 4; lastKnownFileType = text.html; path = "___FILEBASENAME___.html"; sourceTree = "<group>"; };
		67DD76DF16A4AF9300BECCD5 /* TemplateInfo.plist */ = {isa = PBXFileReference; fileEncoding = 4; lastKnownFileType = text.plist.xml; path = TemplateInfo.plist; sourceTree = "<group>"; };
		67DD76E116A4AF9300BECCD5 /* ___FILEBASENAME___.txt */ = {isa = PBXFileReference; fileEncoding = 4; lastKnownFileType = text; path = "___FILEBASENAME___.txt"; sourceTree = "<group>"; };
		67DD76E216A4AF9300BECCD5 /* TemplateIcon.icns */ = {isa = PBXFileReference; lastKnownFileType = image.icns; path = TemplateIcon.icns; sourceTree = "<group>"; };
		67DD76E316A4AF9300BECCD5 /* TemplateInfo.plist */ = {isa = PBXFileReference; fileEncoding = 4; lastKnownFileType = text.plist.xml; path = TemplateInfo.plist; sourceTree = "<group>"; };
		67DD76E516A4AF9300BECCD5 /* ___FILEBASENAME___.html */ = {isa = PBXFileReference; fileEncoding = 4; lastKnownFileType = text.html; path = "___FILEBASENAME___.html"; sourceTree = "<group>"; };
		67DD76E616A4AF9300BECCD5 /* TemplateInfo.plist */ = {isa = PBXFileReference; fileEncoding = 4; lastKnownFileType = text.plist.xml; path = TemplateInfo.plist; sourceTree = "<group>"; };
		67DD76E816A4AF9300BECCD5 /* ___FILEBASENAME___.html */ = {isa = PBXFileReference; fileEncoding = 4; lastKnownFileType = text.html; path = "___FILEBASENAME___.html"; sourceTree = "<group>"; };
		67DD76E916A4AF9300BECCD5 /* TemplateInfo.plist */ = {isa = PBXFileReference; fileEncoding = 4; lastKnownFileType = text.plist.xml; path = TemplateInfo.plist; sourceTree = "<group>"; };
		67DD76EB16A4AF9300BECCD5 /* ___FILEBASENAME___.html */ = {isa = PBXFileReference; fileEncoding = 4; lastKnownFileType = text.html; path = "___FILEBASENAME___.html"; sourceTree = "<group>"; };
		67DD76EC16A4AF9300BECCD5 /* TemplateInfo.plist */ = {isa = PBXFileReference; fileEncoding = 4; lastKnownFileType = text.plist.xml; path = TemplateInfo.plist; sourceTree = "<group>"; };
		67DD76EE16A4AF9300BECCD5 /* ___FILEBASENAME___.html */ = {isa = PBXFileReference; fileEncoding = 4; lastKnownFileType = text.html; path = "___FILEBASENAME___.html"; sourceTree = "<group>"; };
		67DD76EF16A4AF9300BECCD5 /* TemplateInfo.plist */ = {isa = PBXFileReference; fileEncoding = 4; lastKnownFileType = text.plist.xml; path = TemplateInfo.plist; sourceTree = "<group>"; };
		67DD76F316A4AF9300BECCD5 /* ___FILEBASENAME___.h */ = {isa = PBXFileReference; fileEncoding = 4; lastKnownFileType = sourcecode.c.h; path = "___FILEBASENAME___.h"; sourceTree = "<group>"; };
		67DD76F416A4AF9300BECCD5 /* ___FILEBASENAME___.m */ = {isa = PBXFileReference; fileEncoding = 4; lastKnownFileType = sourcecode.c.objc; path = "___FILEBASENAME___.m"; sourceTree = "<group>"; };
		67DD76F616A4AF9300BECCD5 /* ___FILEBASENAME___.h */ = {isa = PBXFileReference; fileEncoding = 4; lastKnownFileType = sourcecode.c.h; path = "___FILEBASENAME___.h"; sourceTree = "<group>"; };
		67DD76F716A4AF9300BECCD5 /* ___FILEBASENAME___.m */ = {isa = PBXFileReference; fileEncoding = 4; lastKnownFileType = sourcecode.c.objc; path = "___FILEBASENAME___.m"; sourceTree = "<group>"; };
		67DD76F916A4AF9300BECCD5 /* ___FILEBASENAME___.h */ = {isa = PBXFileReference; fileEncoding = 4; lastKnownFileType = sourcecode.c.h; path = "___FILEBASENAME___.h"; sourceTree = "<group>"; };
		67DD76FA16A4AF9300BECCD5 /* ___FILEBASENAME___.m */ = {isa = PBXFileReference; fileEncoding = 4; lastKnownFileType = sourcecode.c.objc; path = "___FILEBASENAME___.m"; sourceTree = "<group>"; };
		67DD76FB16A4AF9300BECCD5 /* ___FILEBASENAME___.xib */ = {isa = PBXFileReference; fileEncoding = 4; lastKnownFileType = file.xib; path = "___FILEBASENAME___.xib"; sourceTree = "<group>"; };
		67DD76FD16A4AF9300BECCD5 /* ___FILEBASENAME___.h */ = {isa = PBXFileReference; fileEncoding = 4; lastKnownFileType = sourcecode.c.h; path = "___FILEBASENAME___.h"; sourceTree = "<group>"; };
		67DD76FE16A4AF9300BECCD5 /* ___FILEBASENAME___.m */ = {isa = PBXFileReference; fileEncoding = 4; lastKnownFileType = sourcecode.c.objc; path = "___FILEBASENAME___.m"; sourceTree = "<group>"; };
		67DD770016A4AF9300BECCD5 /* ___FILEBASENAME___.h */ = {isa = PBXFileReference; fileEncoding = 4; lastKnownFileType = sourcecode.c.h; path = "___FILEBASENAME___.h"; sourceTree = "<group>"; };
		67DD770116A4AF9300BECCD5 /* ___FILEBASENAME___.m */ = {isa = PBXFileReference; fileEncoding = 4; lastKnownFileType = sourcecode.c.objc; path = "___FILEBASENAME___.m"; sourceTree = "<group>"; };
		67DD770316A4AF9300BECCD5 /* ___FILEBASENAME___.h */ = {isa = PBXFileReference; fileEncoding = 4; lastKnownFileType = sourcecode.c.h; path = "___FILEBASENAME___.h"; sourceTree = "<group>"; };
		67DD770416A4AF9300BECCD5 /* ___FILEBASENAME___.m */ = {isa = PBXFileReference; fileEncoding = 4; lastKnownFileType = sourcecode.c.objc; path = "___FILEBASENAME___.m"; sourceTree = "<group>"; };
		67DD770616A4AF9300BECCD5 /* ___FILEBASENAME___.h */ = {isa = PBXFileReference; fileEncoding = 4; lastKnownFileType = sourcecode.c.h; path = "___FILEBASENAME___.h"; sourceTree = "<group>"; };
		67DD770716A4AF9300BECCD5 /* ___FILEBASENAME___.m */ = {isa = PBXFileReference; fileEncoding = 4; lastKnownFileType = sourcecode.c.objc; path = "___FILEBASENAME___.m"; sourceTree = "<group>"; };
		67DD770816A4AF9300BECCD5 /* ___FILEBASENAME___.xib */ = {isa = PBXFileReference; fileEncoding = 4; lastKnownFileType = file.xib; path = "___FILEBASENAME___.xib"; sourceTree = "<group>"; };
		67DD770A16A4AF9300BECCD5 /* ___FILEBASENAME___.h */ = {isa = PBXFileReference; fileEncoding = 4; lastKnownFileType = sourcecode.c.h; path = "___FILEBASENAME___.h"; sourceTree = "<group>"; };
		67DD770B16A4AF9300BECCD5 /* ___FILEBASENAME___.m */ = {isa = PBXFileReference; fileEncoding = 4; lastKnownFileType = sourcecode.c.objc; path = "___FILEBASENAME___.m"; sourceTree = "<group>"; };
		67DD770D16A4AF9300BECCD5 /* ___FILEBASENAME___.h */ = {isa = PBXFileReference; fileEncoding = 4; lastKnownFileType = sourcecode.c.h; path = "___FILEBASENAME___.h"; sourceTree = "<group>"; };
		67DD770E16A4AF9300BECCD5 /* ___FILEBASENAME___.m */ = {isa = PBXFileReference; fileEncoding = 4; lastKnownFileType = sourcecode.c.objc; path = "___FILEBASENAME___.m"; sourceTree = "<group>"; };
		67DD770F16A4AF9300BECCD5 /* ___FILEBASENAME___.xib */ = {isa = PBXFileReference; fileEncoding = 4; lastKnownFileType = file.xib; path = "___FILEBASENAME___.xib"; sourceTree = "<group>"; };
		67DD771016A4AF9300BECCD5 /* TemplateIcon.icns */ = {isa = PBXFileReference; lastKnownFileType = image.icns; path = TemplateIcon.icns; sourceTree = "<group>"; };
		67DD771116A4AF9300BECCD5 /* TemplateInfo.plist */ = {isa = PBXFileReference; fileEncoding = 4; lastKnownFileType = text.plist.xml; path = TemplateInfo.plist; sourceTree = "<group>"; };
		67DD771416A4AF9300BECCD5 /* ___FILEBASENAME___.h */ = {isa = PBXFileReference; fileEncoding = 4; lastKnownFileType = sourcecode.c.h; path = "___FILEBASENAME___.h"; sourceTree = "<group>"; };
		67DD771516A4AF9300BECCD5 /* ___FILEBASENAME___.m */ = {isa = PBXFileReference; fileEncoding = 4; lastKnownFileType = sourcecode.c.objc; path = "___FILEBASENAME___.m"; sourceTree = "<group>"; };
		67DD771716A4AF9300BECCD5 /* ___FILEBASENAME___.m */ = {isa = PBXFileReference; fileEncoding = 4; lastKnownFileType = sourcecode.c.objc; path = "___FILEBASENAME___.m"; sourceTree = "<group>"; };
		67DD771816A4AF9300BECCD5 /* TemplateIcon.icns */ = {isa = PBXFileReference; lastKnownFileType = image.icns; path = TemplateIcon.icns; sourceTree = "<group>"; };
		67DD771916A4AF9300BECCD5 /* TemplateInfo.plist */ = {isa = PBXFileReference; fileEncoding = 4; lastKnownFileType = text.plist.xml; path = TemplateInfo.plist; sourceTree = "<group>"; };
		67DD771B16A4AF9300BECCD5 /* ___FILEBASENAME___.mm */ = {isa = PBXFileReference; fileEncoding = 4; lastKnownFileType = sourcecode.cpp.objcpp; path = "___FILEBASENAME___.mm"; sourceTree = "<group>"; };
		67DD771C16A4AF9300BECCD5 /* TemplateIcon.icns */ = {isa = PBXFileReference; lastKnownFileType = image.icns; path = TemplateIcon.icns; sourceTree = "<group>"; };
		67DD771D16A4AF9300BECCD5 /* TemplateInfo.plist */ = {isa = PBXFileReference; fileEncoding = 4; lastKnownFileType = text.plist.xml; path = TemplateInfo.plist; sourceTree = "<group>"; };
		67DD771F16A4AF9300BECCD5 /* ___FILEBASENAME___.h */ = {isa = PBXFileReference; fileEncoding = 4; lastKnownFileType = sourcecode.c.h; path = "___FILEBASENAME___.h"; sourceTree = "<group>"; };
		67DD772016A4AF9300BECCD5 /* ___FILEBASENAME___.m */ = {isa = PBXFileReference; fileEncoding = 4; lastKnownFileType = sourcecode.c.objc; path = "___FILEBASENAME___.m"; sourceTree = "<group>"; };
		67DD772116A4AF9300BECCD5 /* TemplateIcon.icns */ = {isa = PBXFileReference; lastKnownFileType = image.icns; path = TemplateIcon.icns; sourceTree = "<group>"; };
		67DD772216A4AF9300BECCD5 /* TemplateInfo.plist */ = {isa = PBXFileReference; lastKnownFileType = text.plist; path = TemplateInfo.plist; sourceTree = "<group>"; };
		67DD772516A4AF9300BECCD5 /* ___FILEBASENAME___.ksh */ = {isa = PBXFileReference; fileEncoding = 4; lastKnownFileType = text; path = "___FILEBASENAME___.ksh"; sourceTree = "<group>"; };
		67DD772616A4AF9300BECCD5 /* TemplateIcon.icns */ = {isa = PBXFileReference; lastKnownFileType = image.icns; path = TemplateIcon.icns; sourceTree = "<group>"; };
		67DD772716A4AF9300BECCD5 /* TemplateInfo.plist */ = {isa = PBXFileReference; fileEncoding = 4; lastKnownFileType = text.plist.xml; path = TemplateInfo.plist; sourceTree = "<group>"; };
		67DD772916A4AF9300BECCD5 /* ___FILEBASENAME___.ksh */ = {isa = PBXFileReference; fileEncoding = 4; lastKnownFileType = text; path = "___FILEBASENAME___.ksh"; sourceTree = "<group>"; };
		67DD772A16A4AF9300BECCD5 /* TemplateIcon.icns */ = {isa = PBXFileReference; lastKnownFileType = image.icns; path = TemplateIcon.icns; sourceTree = "<group>"; };
		67DD772B16A4AF9300BECCD5 /* TemplateInfo.plist */ = {isa = PBXFileReference; fileEncoding = 4; lastKnownFileType = text.plist.xml; path = TemplateInfo.plist; sourceTree = "<group>"; };
		67DD772D16A4AF9300BECCD5 /* ___FILEBASENAME___.ksh */ = {isa = PBXFileReference; fileEncoding = 4; lastKnownFileType = text; path = "___FILEBASENAME___.ksh"; sourceTree = "<group>"; };
		67DD772E16A4AF9300BECCD5 /* TemplateIcon.icns */ = {isa = PBXFileReference; lastKnownFileType = image.icns; path = TemplateIcon.icns; sourceTree = "<group>"; };
		67DD772F16A4AF9300BECCD5 /* TemplateInfo.plist */ = {isa = PBXFileReference; fileEncoding = 4; lastKnownFileType = text.plist.xml; path = TemplateInfo.plist; sourceTree = "<group>"; };
		67DD773116A4AF9300BECCD5 /* frontTextDoc.workflow */ = {isa = PBXFileReference; lastKnownFileType = wrapper; path = frontTextDoc.workflow; sourceTree = "<group>"; };
		67DD773216A4AF9300BECCD5 /* goMarker.workflow */ = {isa = PBXFileReference; lastKnownFileType = wrapper; path = goMarker.workflow; sourceTree = "<group>"; };
		67DD773316A4AF9300BECCD5 /* viewCdoc.workflow */ = {isa = PBXFileReference; lastKnownFileType = wrapper; path = viewCdoc.workflow; sourceTree = "<group>"; };
		67DD773416A4AF9300BECCD5 /* viewDoxygen.workflow */ = {isa = PBXFileReference; lastKnownFileType = wrapper; path = viewDoxygen.workflow; sourceTree = "<group>"; };
		67DD773516A4AF9300BECCD5 /* viewInBrowser.workflow */ = {isa = PBXFileReference; lastKnownFileType = wrapper; path = viewInBrowser.workflow; sourceTree = "<group>"; };
		67DD773716A4AF9300BECCD5 /* Xcode_install.ksh */ = {isa = PBXFileReference; fileEncoding = 4; lastKnownFileType = text; path = Xcode_install.ksh; sourceTree = "<group>"; };
		67DD773916A4B04000BECCD5 /* Xcode-Info.plist */ = {isa = PBXFileReference; fileEncoding = 4; lastKnownFileType = text.plist.xml; path = "Xcode-Info.plist"; sourceTree = "<group>"; };
		67DD774116A4C2BA00BECCD5 /* BBEdit-Info.plist */ = {isa = PBXFileReference; fileEncoding = 4; lastKnownFileType = text.plist.xml; path = "BBEdit-Info.plist"; sourceTree = "<group>"; };
		67DD774316A4C2BA00BECCD5 /* BBEditUtil.applescript */ = {isa = PBXFileReference; fileEncoding = 4; lastKnownFileType = sourcecode.applescript; path = BBEditUtil.applescript; sourceTree = "<group>"; };
		67DD774416A4C2BA00BECCD5 /* CheckLinks.applescript */ = {isa = PBXFileReference; fileEncoding = 4; lastKnownFileType = sourcecode.applescript; path = CheckLinks.applescript; sourceTree = "<group>"; };
		67DD774516A4C2BA00BECCD5 /* CheckSyntax.applescript */ = {isa = PBXFileReference; fileEncoding = 4; lastKnownFileType = sourcecode.applescript; path = CheckSyntax.applescript; sourceTree = "<group>"; };
		67DD774616A4C2BA00BECCD5 /* BBEdit_install.ksh */ = {isa = PBXFileReference; fileEncoding = 4; lastKnownFileType = text; path = BBEdit_install.ksh; sourceTree = "<group>"; };
		67DD777716A4D6A700BECCD5 /* snippets.dash */ = {isa = PBXFileReference; lastKnownFileType = file; path = snippets.dash; sourceTree = "<group>"; };
		67DD777916A4D6A700BECCD5 /* toBBEdit.applescript */ = {isa = PBXFileReference; lastKnownFileType = sourcecode.applescript; path = toBBEdit.applescript; sourceTree = "<group>"; };
		67DD777A16A4D6A700BECCD5 /* toTEXT.applescript */ = {isa = PBXFileReference; lastKnownFileType = sourcecode.applescript; path = toTEXT.applescript; sourceTree = "<group>"; };
/* End PBXFileReference section */

/* Begin PBXGroup section */
		6769244B141EB818005D3E68 = {
			isa = PBXGroup;
			children = (
				67DB2326169E0A2900A6E910 /* Developer */,
				67DD76CB16A4AF9300BECCD5 /* Applications */,
				67DB22CA169CD82300A6E910 /* UserSlates */,
				67A00C4914A287B6002456DB /* Cdoc */,
				6769245A141EB921005D3E68 /* Frameworks */,
				67692459141EB921005D3E68 /* Products */,
			);
			sourceTree = "<group>";
		};
		67692459141EB921005D3E68 /* Products */ = {
			isa = PBXGroup;
			children = (
				67692458141EB921005D3E68 /* Xcode.bundle */,
				67AA8011144F3DAD00FCCDC9 /* Developer_Setup.bundle */,
				67BA94D414508D19005BF0E9 /* Developer.bundle */,
				67A00C4714A287B6002456DB /* Cdoc.bundle */,
				671C4824159CFF3800214A9E /* BBEdit.bundle */,
				674BF6BA15B7287A0093786D /* UserSlates.bundle */,
			);
			name = Products;
			sourceTree = "<group>";
		};
		6769245A141EB921005D3E68 /* Frameworks */ = {
			isa = PBXGroup;
			children = (
				6769245B141EB921005D3E68 /* CoreFoundation.framework */,
			);
			name = Frameworks;
			sourceTree = "<group>";
		};
		67A00C4914A287B6002456DB /* Cdoc */ = {
			isa = PBXGroup;
			children = (
				67A00C4A14A287B6002456DB /* Supporting Files */,
			);
			path = Cdoc;
			sourceTree = "<group>";
		};
		67A00C4A14A287B6002456DB /* Supporting Files */ = {
			isa = PBXGroup;
			children = (
				67A00C4B14A287B6002456DB /* Cdoc-Info.plist */,
			);
			name = "Supporting Files";
			sourceTree = "<group>";
		};
		67DB22CA169CD82300A6E910 /* UserSlates */ = {
			isa = PBXGroup;
			children = (
				67DB22CD169CD82300A6E910 /* Slates */,
				67DB22CB169CD82300A6E910 /* OtherSources */,
			);
			path = UserSlates;
			sourceTree = "<group>";
		};
		67DB22CB169CD82300A6E910 /* OtherSources */ = {
			isa = PBXGroup;
			children = (
				67DB22CC169CD82300A6E910 /* UserSlates-Info.plist */,
			);
			path = OtherSources;
			sourceTree = "<group>";
		};
		67DB22CD169CD82300A6E910 /* Slates */ = {
			isa = PBXGroup;
			children = (
				67DB22CE169CD82300A6E910 /* AccessLib_rsrc.h */,
				67DB22CF169CD82300A6E910 /* AccessLibTypes.r */,
				67DB22D0169CD82300A6E910 /* ArbonnePrototype_c9.r */,
				67DB22D1169CD82300A6E910 /* Automator_C9.r */,
				67DB22D2169CD82300A6E910 /* Backup_C9.r */,
				67DB22D3169CD82300A6E910 /* BBEdit_C9.r */,
				67DB22D4169CD82300A6E910 /* Calendar_C9.r */,
				67DB22D5169CD82300A6E910 /* CommonSlates_C9.h */,
				67DB22D6169CD82300A6E910 /* CommonSlates_C9.r */,
				67DB22D7169CD82300A6E910 /* Dash_C9.r */,
				67DB22D8169CD82300A6E910 /* Dashcode_C9.r */,
				67DB22D9169CD82300A6E910 /* Eclipse_C9.r */,
				67DB22DA169CD82300A6E910 /* FileMaker_C9.r */,
				67DB22DB169CD82300A6E910 /* Finder_C9.r */,
				67DB22DC169CD82300A6E910 /* Games_C9.r */,
				67DB22DD169CD82300A6E910 /* InterfaceBuilder_C9.r */,
				67DB22DE169CD82300A6E910 /* Keyboard_AL.h */,
				67DB22DF169CD82300A6E910 /* Mail_C9.r */,
				67DB22E0169CD82300A6E910 /* Numbers_C9.r */,
				67DB22E1169CD82300A6E910 /* Preview_C9.r */,
				67DB22E2169CD82300A6E910 /* Safari_C9.r */,
				67DB22E3169CD82300A6E910 /* ScriptEditor_C9.r */,
				67DB22E4169CD82300A6E910 /* SystemPrefs_C9.r */,
				67DB22E5169CD82300A6E910 /* Terminal_C9.r */,
				67DB22E6169CD82300A6E910 /* TextEdit_C9.r */,
				67DB22E7169CD82300A6E910 /* Tunes_C9.r */,
				67DB22E8169CD82300A6E910 /* UIBrower_C9.r */,
				67DB22E9169CD82300A6E910 /* UMLet_C9.r */,
				67DB22EA169CD82300A6E910 /* Xcode_C9.r */,
			);
			path = Slates;
			sourceTree = "<group>";
		};
		67DB2326169E0A2900A6E910 /* Developer */ = {
			isa = PBXGroup;
			children = (
				67DB240A16A1CBE500A6E910 /* Developer_install.ksh */,
				67DB240B16A1CBE500A6E910 /* Developer_Setup.ksh */,
				67DB2327169E0A2900A6E910 /* _Tests */,
				67DB232B169E0A2900A6E910 /* AppleScripts */,
				67DB2330169E0A2900A6E910 /* Doxygen */,
				67DB2332169E0A2900A6E910 /* Environment */,
				67DB2334169E0A2900A6E910 /* Functions */,
				67DB2337169E0A2900A6E910 /* plist */,
				67DB233A169E0A2900A6E910 /* Scripts */,
				67DB2341169E0A2900A6E910 /* ThirdParty */,
			);
			path = Developer;
			sourceTree = "<group>";
		};
		67DB2327169E0A2900A6E910 /* _Tests */ = {
			isa = PBXGroup;
			children = (
				67DB240C16A1CBF900A6E910 /* testDeveloper_Setup.ksh */,
				67DB240D16A1CBF900A6E910 /* testDeveloper.ksh */,
				67DB232A169E0A2900A6E910 /* testCcInstall.ksh */,
			);
			path = _Tests;
			sourceTree = "<group>";
		};
		67DB232B169E0A2900A6E910 /* AppleScripts */ = {
			isa = PBXGroup;
			children = (
				67DB232C169E0A2900A6E910 /* Snippet.applescript */,
				67DB232D169E0A2900A6E910 /* Snippets.txt */,
			);
			path = AppleScripts;
			sourceTree = "<group>";
		};
		67DB2330169E0A2900A6E910 /* Doxygen */ = {
			isa = PBXGroup;
			children = (
				67DB2331169E0A2900A6E910 /* Default.doxygen */,
			);
			path = Doxygen;
			sourceTree = "<group>";
		};
		67DB2332169E0A2900A6E910 /* Environment */ = {
			isa = PBXGroup;
			children = (
				67DB2333169E0A2900A6E910 /* environment.plist */,
			);
			path = Environment;
			sourceTree = "<group>";
		};
		67DB2334169E0A2900A6E910 /* Functions */ = {
			isa = PBXGroup;
			children = (
				67DB2335169E0A2900A6E910 /* ccInstall.ksh */,
				67DB2336169E0A2900A6E910 /* errtrap.ksh */,
			);
			path = Functions;
			sourceTree = "<group>";
		};
		67DB2337169E0A2900A6E910 /* plist */ = {
			isa = PBXGroup;
			children = (
				67DB240E16A1CC0C00A6E910 /* Developer_Setup-Info.plist */,
				67DB240F16A1CC0C00A6E910 /* Developer-Info.plist */,
			);
			path = plist;
			sourceTree = "<group>";
		};
		67DB233A169E0A2900A6E910 /* Scripts */ = {
			isa = PBXGroup;
			children = (
				67DB233B169E0A2900A6E910 /* archive.ksh */,
				67DB233C169E0A2900A6E910 /* buildCdoc.ksh */,
				67DB233D169E0A2900A6E910 /* ccBackup.ksh */,
				67DB233E169E0A2900A6E910 /* cleanProjectTarget.ksh */,
				67DB233F169E0A2900A6E910 /* doxygenBuild.ksh */,
				67DB2340169E0A2900A6E910 /* resultCodes.ksh */,
			);
			path = Scripts;
			sourceTree = "<group>";
		};
		67DB2341169E0A2900A6E910 /* ThirdParty */ = {
			isa = PBXGroup;
			children = (
				67DB2342169E0A2900A6E910 /* shunit */,
			);
			path = ThirdParty;
			sourceTree = "<group>";
		};
		67DB2342169E0A2900A6E910 /* shunit */ = {
			isa = PBXGroup;
			children = (
				67DB2343169E0A2900A6E910 /* bin */,
				67DB2346169E0A2900A6E910 /* doc */,
				67DB2359169E0A2900A6E910 /* examples */,
				67DB2360169E0A2900A6E910 /* lib */,
				67DB2364169E0A2900A6E910 /* src */,
			);
			path = shunit;
			sourceTree = "<group>";
		};
		67DB2343169E0A2900A6E910 /* bin */ = {
			isa = PBXGroup;
			children = (
				67DB2344169E0A2900A6E910 /* gen_test_results.sh */,
				67DB2345169E0A2900A6E910 /* which */,
			);
			path = bin;
			sourceTree = "<group>";
		};
		67DB2346169E0A2900A6E910 /* doc */ = {
			isa = PBXGroup;
			children = (
				67DB2347169E0A2900A6E910 /* CHANGES-2.1.txt */,
				67DB2348169E0A2900A6E910 /* coding_standards.txt */,
				67DB2349169E0A2900A6E910 /* contributors.txt */,
				67DB234A169E0A2900A6E910 /* design_doc.txt */,
				67DB234B169E0A2900A6E910 /* LGPL-2.1 */,
				67DB234C169E0A2900A6E910 /* README.html */,
				67DB234D169E0A2900A6E910 /* README.txt */,
				67DB234E169E0A2900A6E910 /* RELEASE_NOTES-2.1.0.txt */,
				67DB234F169E0A2900A6E910 /* RELEASE_NOTES-2.1.1.txt */,
				67DB2350169E0A2900A6E910 /* RELEASE_NOTES-2.1.2.txt */,
				67DB2351169E0A2900A6E910 /* RELEASE_NOTES-2.1.3.txt */,
				67DB2352169E0A2900A6E910 /* RELEASE_NOTES-2.1.4.txt */,
				67DB2353169E0A2900A6E910 /* RELEASE_NOTES-2.1.5.txt */,
				67DB2354169E0A2900A6E910 /* RELEASE_NOTES-2.1.6.txt */,
				67DB2355169E0A2900A6E910 /* rst2html.css */,
				67DB2356169E0A2900A6E910 /* shunit2.html */,
				67DB2357169E0A2900A6E910 /* shunit2.txt */,
				67DB2358169E0A2900A6E910 /* TODO.txt */,
			);
			path = doc;
			sourceTree = "<group>";
		};
		67DB2359169E0A2900A6E910 /* examples */ = {
			isa = PBXGroup;
			children = (
				67DB235A169E0A2900A6E910 /* equality_test.sh */,
				67DB235B169E0A2900A6E910 /* lineno_test.sh */,
				67DB235C169E0A2900A6E910 /* math.inc */,
				67DB235D169E0A2900A6E910 /* math_test.sh */,
				67DB235E169E0A2900A6E910 /* mkdir_test.sh */,
				67DB235F169E0A2900A6E910 /* party_test.sh */,
			);
			path = examples;
			sourceTree = "<group>";
		};
		67DB2360169E0A2900A6E910 /* lib */ = {
			isa = PBXGroup;
			children = (
				67DB2361169E0A2900A6E910 /* shflags */,
				67DB2362169E0A2900A6E910 /* shlib */,
				67DB2363169E0A2900A6E910 /* versions */,
			);
			path = lib;
			sourceTree = "<group>";
		};
		67DB2364169E0A2900A6E910 /* src */ = {
			isa = PBXGroup;
			children = (
				67DB2365169E0A2900A6E910 /* shunit2 */,
				67DB2366169E0A2900A6E910 /* shunit2_test.sh */,
				67DB2367169E0A2900A6E910 /* shunit2_test_asserts.sh */,
				67DB2368169E0A2900A6E910 /* shunit2_test_failures.sh */,
				67DB2369169E0A2900A6E910 /* shunit2_test_helpers */,
				67DB236A169E0A2900A6E910 /* shunit2_test_macros.sh */,
				67DB236B169E0A2900A6E910 /* shunit2_test_misc.sh */,
				67DB236C169E0A2900A6E910 /* shunit2_test_standalone.sh */,
			);
			path = src;
			sourceTree = "<group>";
		};
		67DD76CB16A4AF9300BECCD5 /* Applications */ = {
			isa = PBXGroup;
			children = (
				67DD76CC16A4AF9300BECCD5 /* Xcode */,
				67DD773F16A4C2BA00BECCD5 /* BBEdit */,
				67DD777616A4D6A700BECCD5 /* Dash */,
				67DD777816A4D6A700BECCD5 /* Finder */,
			);
			path = Applications;
			sourceTree = "<group>";
		};
		67DD76CC16A4AF9300BECCD5 /* Xcode */ = {
			isa = PBXGroup;
			children = (
				67DD773716A4AF9300BECCD5 /* Xcode_install.ksh */,
				67DD76CF16A4AF9300BECCD5 /* AppleScripts */,
				67DD76D516A4AF9300BECCD5 /* Services */,
				67DD76D716A4AF9300BECCD5 /* Templates */,
				67DD773016A4AF9300BECCD5 /* Workflows */,
				67DD76CD16A4AF9300BECCD5 /* _Tests */,
				67DD773816A4B04000BECCD5 /* _plist */,
			);
			path = Xcode;
			sourceTree = "<group>";
		};
		67DD76CD16A4AF9300BECCD5 /* _Tests */ = {
			isa = PBXGroup;
			children = (
				67DD76CE16A4AF9300BECCD5 /* testXcode.ksh */,
			);
			path = _Tests;
			sourceTree = "<group>";
		};
		67DD76CF16A4AF9300BECCD5 /* AppleScripts */ = {
			isa = PBXGroup;
			children = (
				67DD76D016A4AF9300BECCD5 /* frontWindow.applescript */,
				67DD76D116A4AF9300BECCD5 /* viewCdoc.applescript */,
				67DD76D216A4AF9300BECCD5 /* viewDoxygen.applescript */,
				67DD76D316A4AF9300BECCD5 /* windowShort.applescript */,
				67DD76D416A4AF9300BECCD5 /* windowTall.applescript */,
			);
			path = AppleScripts;
			sourceTree = "<group>";
		};
		67DD76D516A4AF9300BECCD5 /* Services */ = {
			isa = PBXGroup;
			children = (
				67DD76D616A4AF9300BECCD5 /* GitSaveMessage.workflow */,
			);
			path = Services;
			sourceTree = "<group>";
		};
		67DD76D716A4AF9300BECCD5 /* Templates */ = {
			isa = PBXGroup;
			children = (
				67DD76D816A4AF9300BECCD5 /* FileTemplates */,
			);
			path = Templates;
			sourceTree = "<group>";
		};
		67DD76D816A4AF9300BECCD5 /* FileTemplates */ = {
			isa = PBXGroup;
			children = (
				67DD76D916A4AF9300BECCD5 /* _Documentation */,
				67DD76F016A4AF9300BECCD5 /* _ObjectiveC */,
				67DD772316A4AF9300BECCD5 /* _Scripting */,
			);
			path = FileTemplates;
			sourceTree = "<group>";
		};
		67DD76D916A4AF9300BECCD5 /* _Documentation */ = {
			isa = PBXGroup;
			children = (
				67DD76DA16A4AF9300BECCD5 /* CdocFile.xctemplate */,
				67DD76DD16A4AF9300BECCD5 /* DesignDoc.xctemplate */,
				67DD76E016A4AF9300BECCD5 /* DoxygenConfig.xctemplate */,
				67DD76E416A4AF9300BECCD5 /* HistoryFile.xctemplate */,
				67DD76E716A4AF9300BECCD5 /* ReadMe.xctemplate */,
				67DD76EA16A4AF9300BECCD5 /* RequirementsDoc.xctemplate */,
				67DD76ED16A4AF9300BECCD5 /* UseCasesDoc.xctemplate */,
			);
			path = _Documentation;
			sourceTree = "<group>";
		};
		67DD76DA16A4AF9300BECCD5 /* CdocFile.xctemplate */ = {
			isa = PBXGroup;
			children = (
				67DD76DB16A4AF9300BECCD5 /* ___FILEBASENAME___.html */,
				67DD76DC16A4AF9300BECCD5 /* TemplateInfo.plist */,
			);
			path = CdocFile.xctemplate;
			sourceTree = "<group>";
		};
		67DD76DD16A4AF9300BECCD5 /* DesignDoc.xctemplate */ = {
			isa = PBXGroup;
			children = (
				67DD76DE16A4AF9300BECCD5 /* ___FILEBASENAME___.html */,
				67DD76DF16A4AF9300BECCD5 /* TemplateInfo.plist */,
			);
			path = DesignDoc.xctemplate;
			sourceTree = "<group>";
		};
		67DD76E016A4AF9300BECCD5 /* DoxygenConfig.xctemplate */ = {
			isa = PBXGroup;
			children = (
				67DD76E116A4AF9300BECCD5 /* ___FILEBASENAME___.txt */,
				67DD76E216A4AF9300BECCD5 /* TemplateIcon.icns */,
				67DD76E316A4AF9300BECCD5 /* TemplateInfo.plist */,
			);
			path = DoxygenConfig.xctemplate;
			sourceTree = "<group>";
		};
		67DD76E416A4AF9300BECCD5 /* HistoryFile.xctemplate */ = {
			isa = PBXGroup;
			children = (
				67DD76E516A4AF9300BECCD5 /* ___FILEBASENAME___.html */,
				67DD76E616A4AF9300BECCD5 /* TemplateInfo.plist */,
			);
			path = HistoryFile.xctemplate;
			sourceTree = "<group>";
		};
		67DD76E716A4AF9300BECCD5 /* ReadMe.xctemplate */ = {
			isa = PBXGroup;
			children = (
				67DD76E816A4AF9300BECCD5 /* ___FILEBASENAME___.html */,
				67DD76E916A4AF9300BECCD5 /* TemplateInfo.plist */,
			);
			path = ReadMe.xctemplate;
			sourceTree = "<group>";
		};
		67DD76EA16A4AF9300BECCD5 /* RequirementsDoc.xctemplate */ = {
			isa = PBXGroup;
			children = (
				67DD76EB16A4AF9300BECCD5 /* ___FILEBASENAME___.html */,
				67DD76EC16A4AF9300BECCD5 /* TemplateInfo.plist */,
			);
			path = RequirementsDoc.xctemplate;
			sourceTree = "<group>";
		};
		67DD76ED16A4AF9300BECCD5 /* UseCasesDoc.xctemplate */ = {
			isa = PBXGroup;
			children = (
				67DD76EE16A4AF9300BECCD5 /* ___FILEBASENAME___.html */,
				67DD76EF16A4AF9300BECCD5 /* TemplateInfo.plist */,
			);
			path = UseCasesDoc.xctemplate;
			sourceTree = "<group>";
		};
		67DD76F016A4AF9300BECCD5 /* _ObjectiveC */ = {
			isa = PBXGroup;
			children = (
				67DD76F116A4AF9300BECCD5 /* CocoaClass.xctemplate */,
				67DD771216A4AF9300BECCD5 /* CocoaTestClass.xctemplate */,
				67DD771A16A4AF9300BECCD5 /* CPPWrapper.xctemplate */,
				67DD771E16A4AF9300BECCD5 /* ManagedObject.xctemplate */,
			);
			path = _ObjectiveC;
			sourceTree = "<group>";
		};
		67DD76F116A4AF9300BECCD5 /* CocoaClass.xctemplate */ = {
			isa = PBXGroup;
			children = (
				67DD76F216A4AF9300BECCD5 /* NSApplicationDelegate */,
				67DD76F516A4AF9300BECCD5 /* NSApplicationDelegatewithCoreData */,
				67DD76F816A4AF9300BECCD5 /* NSDocument */,
				67DD76FC16A4AF9300BECCD5 /* NSObject */,
				67DD76FF16A4AF9300BECCD5 /* NSView */,
				67DD770216A4AF9300BECCD5 /* NSViewController */,
				67DD770516A4AF9300BECCD5 /* NSViewControllerwithXIBMac */,
				67DD770916A4AF9300BECCD5 /* NSWindowController */,
				67DD770C16A4AF9300BECCD5 /* NSWindowControllerwithXIBMac */,
				67DD771016A4AF9300BECCD5 /* TemplateIcon.icns */,
				67DD771116A4AF9300BECCD5 /* TemplateInfo.plist */,
			);
			path = CocoaClass.xctemplate;
			sourceTree = "<group>";
		};
		67DD76F216A4AF9300BECCD5 /* NSApplicationDelegate */ = {
			isa = PBXGroup;
			children = (
				67DD76F316A4AF9300BECCD5 /* ___FILEBASENAME___.h */,
				67DD76F416A4AF9300BECCD5 /* ___FILEBASENAME___.m */,
			);
			path = NSApplicationDelegate;
			sourceTree = "<group>";
		};
		67DD76F516A4AF9300BECCD5 /* NSApplicationDelegatewithCoreData */ = {
			isa = PBXGroup;
			children = (
				67DD76F616A4AF9300BECCD5 /* ___FILEBASENAME___.h */,
				67DD76F716A4AF9300BECCD5 /* ___FILEBASENAME___.m */,
			);
			path = NSApplicationDelegatewithCoreData;
			sourceTree = "<group>";
		};
		67DD76F816A4AF9300BECCD5 /* NSDocument */ = {
			isa = PBXGroup;
			children = (
				67DD76F916A4AF9300BECCD5 /* ___FILEBASENAME___.h */,
				67DD76FA16A4AF9300BECCD5 /* ___FILEBASENAME___.m */,
				67DD76FB16A4AF9300BECCD5 /* ___FILEBASENAME___.xib */,
			);
			path = NSDocument;
			sourceTree = "<group>";
		};
		67DD76FC16A4AF9300BECCD5 /* NSObject */ = {
			isa = PBXGroup;
			children = (
				67DD76FD16A4AF9300BECCD5 /* ___FILEBASENAME___.h */,
				67DD76FE16A4AF9300BECCD5 /* ___FILEBASENAME___.m */,
			);
			path = NSObject;
			sourceTree = "<group>";
		};
		67DD76FF16A4AF9300BECCD5 /* NSView */ = {
			isa = PBXGroup;
			children = (
				67DD770016A4AF9300BECCD5 /* ___FILEBASENAME___.h */,
				67DD770116A4AF9300BECCD5 /* ___FILEBASENAME___.m */,
			);
			path = NSView;
			sourceTree = "<group>";
		};
		67DD770216A4AF9300BECCD5 /* NSViewController */ = {
			isa = PBXGroup;
			children = (
				67DD770316A4AF9300BECCD5 /* ___FILEBASENAME___.h */,
				67DD770416A4AF9300BECCD5 /* ___FILEBASENAME___.m */,
			);
			path = NSViewController;
			sourceTree = "<group>";
		};
		67DD770516A4AF9300BECCD5 /* NSViewControllerwithXIBMac */ = {
			isa = PBXGroup;
			children = (
				67DD770616A4AF9300BECCD5 /* ___FILEBASENAME___.h */,
				67DD770716A4AF9300BECCD5 /* ___FILEBASENAME___.m */,
				67DD770816A4AF9300BECCD5 /* ___FILEBASENAME___.xib */,
			);
			path = NSViewControllerwithXIBMac;
			sourceTree = "<group>";
		};
		67DD770916A4AF9300BECCD5 /* NSWindowController */ = {
			isa = PBXGroup;
			children = (
				67DD770A16A4AF9300BECCD5 /* ___FILEBASENAME___.h */,
				67DD770B16A4AF9300BECCD5 /* ___FILEBASENAME___.m */,
			);
			path = NSWindowController;
			sourceTree = "<group>";
		};
		67DD770C16A4AF9300BECCD5 /* NSWindowControllerwithXIBMac */ = {
			isa = PBXGroup;
			children = (
				67DD770D16A4AF9300BECCD5 /* ___FILEBASENAME___.h */,
				67DD770E16A4AF9300BECCD5 /* ___FILEBASENAME___.m */,
				67DD770F16A4AF9300BECCD5 /* ___FILEBASENAME___.xib */,
			);
			path = NSWindowControllerwithXIBMac;
			sourceTree = "<group>";
		};
		67DD771216A4AF9300BECCD5 /* CocoaTestClass.xctemplate */ = {
			isa = PBXGroup;
			children = (
				67DD771316A4AF9300BECCD5 /* NSManagedObject */,
				67DD771616A4AF9300BECCD5 /* NSObject */,
				67DD771816A4AF9300BECCD5 /* TemplateIcon.icns */,
				67DD771916A4AF9300BECCD5 /* TemplateInfo.plist */,
			);
			path = CocoaTestClass.xctemplate;
			sourceTree = "<group>";
		};
		67DD771316A4AF9300BECCD5 /* NSManagedObject */ = {
			isa = PBXGroup;
			children = (
				67DD771416A4AF9300BECCD5 /* ___FILEBASENAME___.h */,
				67DD771516A4AF9300BECCD5 /* ___FILEBASENAME___.m */,
			);
			path = NSManagedObject;
			sourceTree = "<group>";
		};
		67DD771616A4AF9300BECCD5 /* NSObject */ = {
			isa = PBXGroup;
			children = (
				67DD771716A4AF9300BECCD5 /* ___FILEBASENAME___.m */,
			);
			path = NSObject;
			sourceTree = "<group>";
		};
		67DD771A16A4AF9300BECCD5 /* CPPWrapper.xctemplate */ = {
			isa = PBXGroup;
			children = (
				67DD771B16A4AF9300BECCD5 /* ___FILEBASENAME___.mm */,
				67DD771C16A4AF9300BECCD5 /* TemplateIcon.icns */,
				67DD771D16A4AF9300BECCD5 /* TemplateInfo.plist */,
			);
			path = CPPWrapper.xctemplate;
			sourceTree = "<group>";
		};
		67DD771E16A4AF9300BECCD5 /* ManagedObject.xctemplate */ = {
			isa = PBXGroup;
			children = (
				67DD771F16A4AF9300BECCD5 /* ___FILEBASENAME___.h */,
				67DD772016A4AF9300BECCD5 /* ___FILEBASENAME___.m */,
				67DD772116A4AF9300BECCD5 /* TemplateIcon.icns */,
				67DD772216A4AF9300BECCD5 /* TemplateInfo.plist */,
			);
			path = ManagedObject.xctemplate;
			sourceTree = "<group>";
		};
		67DD772316A4AF9300BECCD5 /* _Scripting */ = {
			isa = PBXGroup;
			children = (
				67DD772416A4AF9300BECCD5 /* InstallTarget.xctemplate */,
				67DD772816A4AF9300BECCD5 /* ShellScript.xctemplate */,
				67DD772C16A4AF9300BECCD5 /* shunitTest.xctemplate */,
			);
			path = _Scripting;
			sourceTree = "<group>";
		};
		67DD772416A4AF9300BECCD5 /* InstallTarget.xctemplate */ = {
			isa = PBXGroup;
			children = (
				67DD772516A4AF9300BECCD5 /* ___FILEBASENAME___.ksh */,
				67DD772616A4AF9300BECCD5 /* TemplateIcon.icns */,
				67DD772716A4AF9300BECCD5 /* TemplateInfo.plist */,
			);
			path = InstallTarget.xctemplate;
			sourceTree = "<group>";
		};
		67DD772816A4AF9300BECCD5 /* ShellScript.xctemplate */ = {
			isa = PBXGroup;
			children = (
				67DD772916A4AF9300BECCD5 /* ___FILEBASENAME___.ksh */,
				67DD772A16A4AF9300BECCD5 /* TemplateIcon.icns */,
				67DD772B16A4AF9300BECCD5 /* TemplateInfo.plist */,
			);
			path = ShellScript.xctemplate;
			sourceTree = "<group>";
		};
		67DD772C16A4AF9300BECCD5 /* shunitTest.xctemplate */ = {
			isa = PBXGroup;
			children = (
				67DD772D16A4AF9300BECCD5 /* ___FILEBASENAME___.ksh */,
				67DD772E16A4AF9300BECCD5 /* TemplateIcon.icns */,
				67DD772F16A4AF9300BECCD5 /* TemplateInfo.plist */,
			);
			path = shunitTest.xctemplate;
			sourceTree = "<group>";
		};
		67DD773016A4AF9300BECCD5 /* Workflows */ = {
			isa = PBXGroup;
			children = (
				67DD773116A4AF9300BECCD5 /* frontTextDoc.workflow */,
				67DD773216A4AF9300BECCD5 /* goMarker.workflow */,
				67DD773316A4AF9300BECCD5 /* viewCdoc.workflow */,
				67DD773416A4AF9300BECCD5 /* viewDoxygen.workflow */,
				67DD773516A4AF9300BECCD5 /* viewInBrowser.workflow */,
			);
			path = Workflows;
			sourceTree = "<group>";
		};
		67DD773816A4B04000BECCD5 /* _plist */ = {
			isa = PBXGroup;
			children = (
				67DD773916A4B04000BECCD5 /* Xcode-Info.plist */,
			);
			path = _plist;
			sourceTree = "<group>";
		};
		67DD773F16A4C2BA00BECCD5 /* BBEdit */ = {
			isa = PBXGroup;
			children = (
				67DD774616A4C2BA00BECCD5 /* BBEdit_install.ksh */,
				67DD774216A4C2BA00BECCD5 /* AppleScripts */,
				67DD774016A4C2BA00BECCD5 /* _plist */,
			);
			path = BBEdit;
			sourceTree = "<group>";
		};
		67DD774016A4C2BA00BECCD5 /* _plist */ = {
			isa = PBXGroup;
			children = (
				67DD774116A4C2BA00BECCD5 /* BBEdit-Info.plist */,
			);
			path = _plist;
			sourceTree = "<group>";
		};
		67DD774216A4C2BA00BECCD5 /* AppleScripts */ = {
			isa = PBXGroup;
			children = (
				67DD774316A4C2BA00BECCD5 /* BBEditUtil.applescript */,
				67DD774416A4C2BA00BECCD5 /* CheckLinks.applescript */,
				67DD774516A4C2BA00BECCD5 /* CheckSyntax.applescript */,
			);
			path = AppleScripts;
			sourceTree = "<group>";
		};
		67DD777616A4D6A700BECCD5 /* Dash */ = {
			isa = PBXGroup;
			children = (
				67DD777716A4D6A700BECCD5 /* snippets.dash */,
			);
			path = Dash;
			sourceTree = "<group>";
		};
		67DD777816A4D6A700BECCD5 /* Finder */ = {
			isa = PBXGroup;
			children = (
				67DD777916A4D6A700BECCD5 /* toBBEdit.applescript */,
				67DD777A16A4D6A700BECCD5 /* toTEXT.applescript */,
			);
			path = Finder;
			sourceTree = "<group>";
		};
/* End PBXGroup section */

/* Begin PBXNativeTarget section */
		671C4823159CFF3800214A9E /* BBEdit */ = {
			isa = PBXNativeTarget;
			buildConfigurationList = 671C482F159CFF3800214A9E /* Build configuration list for PBXNativeTarget "BBEdit" */;
			buildPhases = (
				671C4839159D025C00214A9E /* Sources */,
				671C4831159CFF5500214A9E /* ShellScript */,
			);
			buildRules = (
			);
			dependencies = (
			);
			name = BBEdit;
			productName = BBEdit;
			productReference = 671C4824159CFF3800214A9E /* BBEdit.bundle */;
			productType = "com.apple.product-type.bundle";
		};
		674BF6B915B7287A0093786D /* UserSlates */ = {
			isa = PBXNativeTarget;
			buildConfigurationList = 674BF6C515B7287B0093786D /* Build configuration list for PBXNativeTarget "UserSlates" */;
			buildPhases = (
				674BF6CD15B729C50093786D /* Rez */,
				674BF6F715B72ADB0093786D /* ShellScript */,
			);
			buildRules = (
			);
			dependencies = (
			);
			name = UserSlates;
			productName = UserSlates;
			productReference = 674BF6BA15B7287A0093786D /* UserSlates.bundle */;
			productType = "com.apple.product-type.bundle";
		};
		67692457141EB921005D3E68 /* Xcode */ = {
			isa = PBXNativeTarget;
			buildConfigurationList = 67692464141EB921005D3E68 /* Build configuration list for PBXNativeTarget "Xcode" */;
			buildPhases = (
				67F480D615AF2772004CD4E1 /* Sources */,
				67692467141EBD70005D3E68 /* Xcode support */,
			);
			buildRules = (
			);
			dependencies = (
			);
			name = Xcode;
			productName = Xcode;
			productReference = 67692458141EB921005D3E68 /* Xcode.bundle */;
			productType = "com.apple.product-type.bundle";
		};
		67A00C4614A287B6002456DB /* Cdoc */ = {
			isa = PBXNativeTarget;
			buildConfigurationList = 67A00C5214A287B6002456DB /* Build configuration list for PBXNativeTarget "Cdoc" */;
			buildPhases = (
				67A00C5414A2891D002456DB /* ShellScript */,
			);
			buildRules = (
			);
			dependencies = (
			);
			name = Cdoc;
			productName = Cdoc;
			productReference = 67A00C4714A287B6002456DB /* Cdoc.bundle */;
			productType = "com.apple.product-type.bundle";
		};
		67AA8010144F3DAD00FCCDC9 /* Developer_Setup */ = {
			isa = PBXNativeTarget;
			buildConfigurationList = 67AA801A144F3DAD00FCCDC9 /* Build configuration list for PBXNativeTarget "Developer_Setup" */;
			buildPhases = (
				67AA801D144F3DE400FCCDC9 /* ShellScript */,
			);
			buildRules = (
			);
			dependencies = (
			);
			name = Developer_Setup;
			productName = CCDev_Setup;
			productReference = 67AA8011144F3DAD00FCCDC9 /* Developer_Setup.bundle */;
			productType = "com.apple.product-type.bundle";
		};
		67BA94D314508D19005BF0E9 /* Developer */ = {
			isa = PBXNativeTarget;
			buildConfigurationList = 67BA94DF14508D19005BF0E9 /* Build configuration list for PBXNativeTarget "Developer" */;
			buildPhases = (
				67BA94E1145091B1005BF0E9 /* ShellScript */,
			);
			buildRules = (
			);
			dependencies = (
			);
			name = Developer;
			productName = CCDev;
			productReference = 67BA94D414508D19005BF0E9 /* Developer.bundle */;
			productType = "com.apple.product-type.bundle";
		};
/* End PBXNativeTarget section */

/* Begin PBXProject section */
		6769244D141EB818005D3E68 /* Project object */ = {
			isa = PBXProject;
			attributes = {
				LastUpgradeCheck = 0430;
				ORGANIZATIONNAME = "C & C Software, Inc.";
			};
			buildConfigurationList = 67692450141EB818005D3E68 /* Build configuration list for PBXProject "BuildSupport" */;
			compatibilityVersion = "Xcode 3.2";
			developmentRegion = English;
			hasScannedForEncodings = 0;
			knownRegions = (
				en,
			);
			mainGroup = 6769244B141EB818005D3E68;
			productRefGroup = 67692459141EB921005D3E68 /* Products */;
			projectDirPath = "";
			projectRoot = "";
			targets = (
				67BA94D314508D19005BF0E9 /* Developer */,
				67AA8010144F3DAD00FCCDC9 /* Developer_Setup */,
				67A00C4614A287B6002456DB /* Cdoc */,
				67692457141EB921005D3E68 /* Xcode */,
				671C4823159CFF3800214A9E /* BBEdit */,
				674BF6B915B7287A0093786D /* UserSlates */,
			);
		};
/* End PBXProject section */

/* Begin PBXRezBuildPhase section */
		674BF6CD15B729C50093786D /* Rez */ = {
			isa = PBXRezBuildPhase;
			buildActionMask = 2147483647;
			files = (
				67DB22EB169CD82300A6E910 /* AccessLibTypes.r in Rez */,
				67DB22EC169CD82300A6E910 /* ArbonnePrototype_c9.r in Rez */,
				67DB22ED169CD82300A6E910 /* Automator_C9.r in Rez */,
				67DB22EE169CD82300A6E910 /* Backup_C9.r in Rez */,
				67DB22EF169CD82300A6E910 /* BBEdit_C9.r in Rez */,
				67DB22F0169CD82300A6E910 /* Calendar_C9.r in Rez */,
				67DB22F1169CD82300A6E910 /* CommonSlates_C9.r in Rez */,
				67DB22F2169CD82300A6E910 /* Dash_C9.r in Rez */,
				67DB22F3169CD82300A6E910 /* Dashcode_C9.r in Rez */,
				67DB22F4169CD82300A6E910 /* Eclipse_C9.r in Rez */,
				67DB22F5169CD82300A6E910 /* FileMaker_C9.r in Rez */,
				67DB22F6169CD82300A6E910 /* Finder_C9.r in Rez */,
				67DB22F7169CD82300A6E910 /* Games_C9.r in Rez */,
				67DB22F8169CD82300A6E910 /* InterfaceBuilder_C9.r in Rez */,
				67DB22F9169CD82300A6E910 /* Mail_C9.r in Rez */,
				67DB22FA169CD82300A6E910 /* Numbers_C9.r in Rez */,
				67DB22FB169CD82300A6E910 /* Preview_C9.r in Rez */,
				67DB22FC169CD82300A6E910 /* Safari_C9.r in Rez */,
				67DB22FD169CD82300A6E910 /* ScriptEditor_C9.r in Rez */,
				67DB22FE169CD82300A6E910 /* SystemPrefs_C9.r in Rez */,
				67DB22FF169CD82300A6E910 /* Terminal_C9.r in Rez */,
				67DB2300169CD82300A6E910 /* TextEdit_C9.r in Rez */,
				67DB2301169CD82300A6E910 /* Tunes_C9.r in Rez */,
				67DB2302169CD82300A6E910 /* UIBrower_C9.r in Rez */,
				67DB2303169CD82300A6E910 /* UMLet_C9.r in Rez */,
				67DB2304169CD82300A6E910 /* Xcode_C9.r in Rez */,
			);
			runOnlyForDeploymentPostprocessing = 0;
		};
/* End PBXRezBuildPhase section */

/* Begin PBXShellScriptBuildPhase section */
		671C4831159CFF5500214A9E /* ShellScript */ = {
			isa = PBXShellScriptBuildPhase;
			buildActionMask = 2147483647;
			files = (
			);
			inputPaths = (
			);
			outputPaths = (
			);
			runOnlyForDeploymentPostprocessing = 0;
			shellPath = /bin/ksh;
			shellScript = "ccInstall ${DEV}/Support BuildSupport/Applications/BBEdit";
			showEnvVarsInLog = 0;
		};
		674BF6F715B72ADB0093786D /* ShellScript */ = {
			isa = PBXShellScriptBuildPhase;
			buildActionMask = 2147483647;
			files = (
			);
			inputPaths = (
			);
			outputPaths = (
			);
			runOnlyForDeploymentPostprocessing = 0;
			shellPath = /bin/sh;
			shellScript = "mkdir -p ${CCDev}/UserSlates\ncp ${BUILT_PRODUCTS_DIR}/UserSlates.bundle/Contents/Resources/UserSlates.rsrc ${CCDev}/UserSlates/Accessor.rsrc\n";
			showEnvVarsInLog = 0;
		};
		67692467141EBD70005D3E68 /* Xcode support */ = {
			isa = PBXShellScriptBuildPhase;
			buildActionMask = 2147483647;
			files = (
			);
			inputPaths = (
			);
			name = "Xcode support";
			outputPaths = (
			);
			runOnlyForDeploymentPostprocessing = 0;
			shellPath = /bin/ksh;
			shellScript = "print $CONFIGURATION_BUILD_DIR; ccInstall ${DEV}/Support BuildSupport/Applications/Xcode";
			showEnvVarsInLog = 0;
		};
		67A00C5414A2891D002456DB /* ShellScript */ = {
			isa = PBXShellScriptBuildPhase;
			buildActionMask = 2147483647;
			files = (
			);
			inputPaths = (
			);
			outputPaths = (
			);
			runOnlyForDeploymentPostprocessing = 0;
			shellPath = /bin/sh;
			shellScript = "buildCdoc Support";
			showEnvVarsInLog = 0;
		};
		67AA801D144F3DE400FCCDC9 /* ShellScript */ = {
			isa = PBXShellScriptBuildPhase;
			buildActionMask = 2147483647;
			files = (
			);
			inputPaths = (
			);
			outputPaths = (
			);
			runOnlyForDeploymentPostprocessing = 0;
			shellPath = /bin/ksh;
			shellScript = "cd ${DEV}/Support/BuildSupport; Developer/Developer_Setup.ksh";
			showEnvVarsInLog = 0;
		};
		67BA94E1145091B1005BF0E9 /* ShellScript */ = {
			isa = PBXShellScriptBuildPhase;
			buildActionMask = 2147483647;
			files = (
			);
			inputPaths = (
			);
			outputPaths = (
			);
			runOnlyForDeploymentPostprocessing = 0;
			shellPath = /bin/ksh;
			shellScript = "ccInstall ${DEV}/Support BuildSupport/Developer";
			showEnvVarsInLog = 0;
		};
/* End PBXShellScriptBuildPhase section */

/* Begin PBXSourcesBuildPhase section */
		671C4839159D025C00214A9E /* Sources */ = {
			isa = PBXSourcesBuildPhase;
			buildActionMask = 2147483647;
			files = (
				67DD774716A4C4FB00BECCD5 /* BBEditUtil.applescript in Sources */,
				67DD774816A4C4FB00BECCD5 /* CheckLinks.applescript in Sources */,
				67DD774916A4C4FB00BECCD5 /* CheckSyntax.applescript in Sources */,
			);
			runOnlyForDeploymentPostprocessing = 0;
		};
		67F480D615AF2772004CD4E1 /* Sources */ = {
			isa = PBXSourcesBuildPhase;
			buildActionMask = 2147483647;
			files = (
				67DD773A16A4B48500BECCD5 /* frontWindow.applescript in Sources */,
				67DD773B16A4B48500BECCD5 /* viewCdoc.applescript in Sources */,
				67DD773C16A4B48500BECCD5 /* viewDoxygen.applescript in Sources */,
				67DD773D16A4B48500BECCD5 /* windowShort.applescript in Sources */,
				67DD773E16A4B48500BECCD5 /* windowTall.applescript in Sources */,
			);
			runOnlyForDeploymentPostprocessing = 0;
		};
/* End PBXSourcesBuildPhase section */

/* Begin XCBuildConfiguration section */
		671C482D159CFF3800214A9E /* Debug */ = {
			isa = XCBuildConfiguration;
			buildSettings = {
				ALWAYS_SEARCH_USER_PATHS = NO;
				ARCHS = "$(ARCHS_STANDARD_64_BIT)";
				COMBINE_HIDPI_IMAGES = YES;
				COPY_PHASE_STRIP = NO;
				GCC_C_LANGUAGE_STANDARD = gnu99;
				GCC_DYNAMIC_NO_PIC = NO;
				GCC_ENABLE_OBJC_EXCEPTIONS = YES;
				GCC_OPTIMIZATION_LEVEL = 0;
				GCC_PRECOMPILE_PREFIX_HEADER = YES;
				GCC_PREFIX_HEADER = "";
				GCC_PREPROCESSOR_DEFINITIONS = "";
				GCC_SYMBOLS_PRIVATE_EXTERN = NO;
				GCC_VERSION = com.apple.compilers.llvm.clang.1_0;
				GCC_WARN_64_TO_32_BIT_CONVERSION = YES;
				GCC_WARN_ABOUT_MISSING_PROTOTYPES = YES;
				GCC_WARN_ABOUT_RETURN_TYPE = YES;
				GCC_WARN_UNUSED_VARIABLE = YES;
				INFOPLIST_FILE = "Applications/BBEdit/_plist/BBEdit-Info.plist";
				INSTALL_PATH = "$(LOCAL_LIBRARY_DIR)/Bundles";
				MACOSX_DEPLOYMENT_TARGET = 10.6;
				ONLY_ACTIVE_ARCH = YES;
				PRODUCT_NAME = "$(TARGET_NAME)";
				SDKROOT = macosx;
				WRAPPER_EXTENSION = bundle;
			};
			name = Debug;
		};
		671C482E159CFF3800214A9E /* Release */ = {
			isa = XCBuildConfiguration;
			buildSettings = {
				ALWAYS_SEARCH_USER_PATHS = NO;
				ARCHS = "$(ARCHS_STANDARD_64_BIT)";
				COMBINE_HIDPI_IMAGES = YES;
				COPY_PHASE_STRIP = YES;
				DEBUG_INFORMATION_FORMAT = "dwarf-with-dsym";
				GCC_C_LANGUAGE_STANDARD = gnu99;
				GCC_ENABLE_OBJC_EXCEPTIONS = YES;
				GCC_PRECOMPILE_PREFIX_HEADER = YES;
				GCC_PREFIX_HEADER = "";
				GCC_VERSION = com.apple.compilers.llvm.clang.1_0;
				GCC_WARN_64_TO_32_BIT_CONVERSION = YES;
				GCC_WARN_ABOUT_MISSING_PROTOTYPES = YES;
				GCC_WARN_ABOUT_RETURN_TYPE = YES;
				GCC_WARN_UNUSED_VARIABLE = YES;
				INFOPLIST_FILE = "Applications/BBEdit/_plist/BBEdit-Info.plist";
				INSTALL_PATH = "$(LOCAL_LIBRARY_DIR)/Bundles";
				MACOSX_DEPLOYMENT_TARGET = 10.6;
				PRODUCT_NAME = "$(TARGET_NAME)";
				SDKROOT = macosx;
				WRAPPER_EXTENSION = bundle;
			};
			name = Release;
		};
		674BF6C315B7287B0093786D /* Debug */ = {
			isa = XCBuildConfiguration;
			buildSettings = {
				ALWAYS_SEARCH_USER_PATHS = NO;
				ARCHS = "$(ARCHS_STANDARD_64_BIT)";
				COMBINE_HIDPI_IMAGES = YES;
				COPY_PHASE_STRIP = NO;
				GCC_C_LANGUAGE_STANDARD = gnu99;
				GCC_DYNAMIC_NO_PIC = NO;
				GCC_ENABLE_OBJC_EXCEPTIONS = YES;
				GCC_OPTIMIZATION_LEVEL = 0;
				GCC_PRECOMPILE_PREFIX_HEADER = YES;
				GCC_PREFIX_HEADER = "";
				GCC_PREPROCESSOR_DEFINITIONS = "";
				GCC_SYMBOLS_PRIVATE_EXTERN = NO;
				GCC_VERSION = com.apple.compilers.llvm.clang.1_0;
				GCC_WARN_64_TO_32_BIT_CONVERSION = YES;
				GCC_WARN_ABOUT_RETURN_TYPE = YES;
				GCC_WARN_UNINITIALIZED_AUTOS = YES;
				GCC_WARN_UNUSED_VARIABLE = YES;
				INFOPLIST_FILE = "UserSlates/OtherSources/UserSlates-Info.plist";
				INSTALL_PATH = "$(LOCAL_LIBRARY_DIR)/Bundles";
				MACOSX_DEPLOYMENT_TARGET = 10.7;
				ONLY_ACTIVE_ARCH = YES;
				PRODUCT_NAME = "$(TARGET_NAME)";
				SDKROOT = macosx;
				WRAPPER_EXTENSION = bundle;
			};
			name = Debug;
		};
		674BF6C415B7287B0093786D /* Release */ = {
			isa = XCBuildConfiguration;
			buildSettings = {
				ALWAYS_SEARCH_USER_PATHS = NO;
				ARCHS = "$(ARCHS_STANDARD_64_BIT)";
				COMBINE_HIDPI_IMAGES = YES;
				COPY_PHASE_STRIP = YES;
				DEBUG_INFORMATION_FORMAT = "dwarf-with-dsym";
				GCC_C_LANGUAGE_STANDARD = gnu99;
				GCC_ENABLE_OBJC_EXCEPTIONS = YES;
				GCC_PRECOMPILE_PREFIX_HEADER = YES;
				GCC_PREFIX_HEADER = "";
				GCC_VERSION = com.apple.compilers.llvm.clang.1_0;
				GCC_WARN_64_TO_32_BIT_CONVERSION = YES;
				GCC_WARN_ABOUT_RETURN_TYPE = YES;
				GCC_WARN_UNINITIALIZED_AUTOS = YES;
				GCC_WARN_UNUSED_VARIABLE = YES;
				INFOPLIST_FILE = "UserSlates/OtherSources/UserSlates-Info.plist";
				INSTALL_PATH = "$(LOCAL_LIBRARY_DIR)/Bundles";
				MACOSX_DEPLOYMENT_TARGET = 10.7;
				PRODUCT_NAME = "$(TARGET_NAME)";
				SDKROOT = macosx;
				WRAPPER_EXTENSION = bundle;
			};
			name = Release;
		};
		67692452141EB818005D3E68 /* Debug */ = {
			isa = XCBuildConfiguration;
			buildSettings = {
			};
			name = Debug;
		};
		67692453141EB818005D3E68 /* Release */ = {
			isa = XCBuildConfiguration;
			buildSettings = {
			};
			name = Release;
		};
		67692465141EB921005D3E68 /* Debug */ = {
			isa = XCBuildConfiguration;
			buildSettings = {
				ALWAYS_SEARCH_USER_PATHS = NO;
				ARCHS = "$(ARCHS_STANDARD_64_BIT)";
				COMBINE_HIDPI_IMAGES = YES;
				COPY_PHASE_STRIP = NO;
				GCC_C_LANGUAGE_STANDARD = gnu99;
				GCC_DYNAMIC_NO_PIC = NO;
				GCC_ENABLE_OBJC_EXCEPTIONS = YES;
				GCC_OPTIMIZATION_LEVEL = 0;
				GCC_PRECOMPILE_PREFIX_HEADER = YES;
				GCC_PREFIX_HEADER = "";
				GCC_PREPROCESSOR_DEFINITIONS = "";
				GCC_SYMBOLS_PRIVATE_EXTERN = NO;
				GCC_VERSION = com.apple.compilers.llvm.clang.1_0;
				GCC_WARN_64_TO_32_BIT_CONVERSION = YES;
				GCC_WARN_ABOUT_MISSING_PROTOTYPES = YES;
				GCC_WARN_ABOUT_RETURN_TYPE = YES;
				GCC_WARN_UNUSED_VARIABLE = YES;
				INFOPLIST_FILE = "Applications/Xcode/_plist/Xcode-Info.plist";
				INSTALL_PATH = "$(LOCAL_LIBRARY_DIR)/Bundles";
				MACOSX_DEPLOYMENT_TARGET = 10.6;
				ONLY_ACTIVE_ARCH = YES;
				PRODUCT_NAME = "$(TARGET_NAME)";
				SDKROOT = macosx;
				WRAPPER_EXTENSION = bundle;
			};
			name = Debug;
		};
		67692466141EB921005D3E68 /* Release */ = {
			isa = XCBuildConfiguration;
			buildSettings = {
				ALWAYS_SEARCH_USER_PATHS = NO;
				ARCHS = "$(ARCHS_STANDARD_64_BIT)";
				COMBINE_HIDPI_IMAGES = YES;
				COPY_PHASE_STRIP = YES;
				DEBUG_INFORMATION_FORMAT = "dwarf-with-dsym";
				GCC_C_LANGUAGE_STANDARD = gnu99;
				GCC_ENABLE_OBJC_EXCEPTIONS = YES;
				GCC_PRECOMPILE_PREFIX_HEADER = YES;
				GCC_PREFIX_HEADER = "";
				GCC_VERSION = com.apple.compilers.llvm.clang.1_0;
				GCC_WARN_64_TO_32_BIT_CONVERSION = YES;
				GCC_WARN_ABOUT_MISSING_PROTOTYPES = YES;
				GCC_WARN_ABOUT_RETURN_TYPE = YES;
				GCC_WARN_UNUSED_VARIABLE = YES;
				INFOPLIST_FILE = "Applications/Xcode/_plist/Xcode-Info.plist";
				INSTALL_PATH = "$(LOCAL_LIBRARY_DIR)/Bundles";
				MACOSX_DEPLOYMENT_TARGET = 10.6;
				PRODUCT_NAME = "$(TARGET_NAME)";
				SDKROOT = macosx;
				WRAPPER_EXTENSION = bundle;
			};
			name = Release;
		};
		67A00C5014A287B6002456DB /* Debug */ = {
			isa = XCBuildConfiguration;
			buildSettings = {
				ALWAYS_SEARCH_USER_PATHS = NO;
				ARCHS = "$(ARCHS_STANDARD_64_BIT)";
				COMBINE_HIDPI_IMAGES = YES;
				COPY_PHASE_STRIP = NO;
				GCC_C_LANGUAGE_STANDARD = gnu99;
				GCC_DYNAMIC_NO_PIC = NO;
				GCC_ENABLE_OBJC_EXCEPTIONS = YES;
				GCC_OPTIMIZATION_LEVEL = 0;
				GCC_PRECOMPILE_PREFIX_HEADER = YES;
				GCC_PREFIX_HEADER = "";
				GCC_PREPROCESSOR_DEFINITIONS = "";
				GCC_SYMBOLS_PRIVATE_EXTERN = NO;
				GCC_VERSION = com.apple.compilers.llvm.clang.1_0;
				GCC_WARN_64_TO_32_BIT_CONVERSION = YES;
				GCC_WARN_ABOUT_MISSING_PROTOTYPES = YES;
				GCC_WARN_ABOUT_RETURN_TYPE = YES;
				GCC_WARN_UNUSED_VARIABLE = YES;
				INFOPLIST_FILE = "Cdoc/Cdoc-Info.plist";
				INSTALL_PATH = "$(LOCAL_LIBRARY_DIR)/Bundles";
				MACOSX_DEPLOYMENT_TARGET = 10.6;
				ONLY_ACTIVE_ARCH = YES;
				PRODUCT_NAME = "$(TARGET_NAME)";
				SDKROOT = macosx;
				WRAPPER_EXTENSION = bundle;
			};
			name = Debug;
		};
		67A00C5114A287B6002456DB /* Release */ = {
			isa = XCBuildConfiguration;
			buildSettings = {
				ALWAYS_SEARCH_USER_PATHS = NO;
				ARCHS = "$(ARCHS_STANDARD_64_BIT)";
				COMBINE_HIDPI_IMAGES = YES;
				COPY_PHASE_STRIP = YES;
				DEBUG_INFORMATION_FORMAT = "dwarf-with-dsym";
				GCC_C_LANGUAGE_STANDARD = gnu99;
				GCC_ENABLE_OBJC_EXCEPTIONS = YES;
				GCC_PRECOMPILE_PREFIX_HEADER = YES;
				GCC_PREFIX_HEADER = "";
				GCC_VERSION = com.apple.compilers.llvm.clang.1_0;
				GCC_WARN_64_TO_32_BIT_CONVERSION = YES;
				GCC_WARN_ABOUT_MISSING_PROTOTYPES = YES;
				GCC_WARN_ABOUT_RETURN_TYPE = YES;
				GCC_WARN_UNUSED_VARIABLE = YES;
				INFOPLIST_FILE = "Cdoc/Cdoc-Info.plist";
				INSTALL_PATH = "$(LOCAL_LIBRARY_DIR)/Bundles";
				MACOSX_DEPLOYMENT_TARGET = 10.6;
				PRODUCT_NAME = "$(TARGET_NAME)";
				SDKROOT = macosx;
				WRAPPER_EXTENSION = bundle;
			};
			name = Release;
		};
		67AA801B144F3DAD00FCCDC9 /* Debug */ = {
			isa = XCBuildConfiguration;
			buildSettings = {
				ALWAYS_SEARCH_USER_PATHS = NO;
				ARCHS = "$(ARCHS_STANDARD_64_BIT)";
				COMBINE_HIDPI_IMAGES = YES;
				COPY_PHASE_STRIP = NO;
				GCC_C_LANGUAGE_STANDARD = gnu99;
				GCC_DYNAMIC_NO_PIC = NO;
				GCC_ENABLE_OBJC_EXCEPTIONS = YES;
				GCC_OPTIMIZATION_LEVEL = 0;
				GCC_PRECOMPILE_PREFIX_HEADER = YES;
				GCC_PREFIX_HEADER = "";
				GCC_PREPROCESSOR_DEFINITIONS = "";
				GCC_SYMBOLS_PRIVATE_EXTERN = NO;
				GCC_VERSION = com.apple.compilers.llvm.clang.1_0;
				GCC_WARN_64_TO_32_BIT_CONVERSION = YES;
				GCC_WARN_ABOUT_MISSING_PROTOTYPES = YES;
				GCC_WARN_ABOUT_RETURN_TYPE = YES;
				GCC_WARN_UNUSED_VARIABLE = YES;
				INFOPLIST_FILE = "Developer/plist/Developer_Setup-Info.plist";
				INSTALL_PATH = "$(LOCAL_LIBRARY_DIR)/Bundles";
				MACOSX_DEPLOYMENT_TARGET = 10.6;
				ONLY_ACTIVE_ARCH = YES;
				PRODUCT_NAME = "$(TARGET_NAME)";
				SDKROOT = macosx;
				WRAPPER_EXTENSION = bundle;
			};
			name = Debug;
		};
		67AA801C144F3DAD00FCCDC9 /* Release */ = {
			isa = XCBuildConfiguration;
			buildSettings = {
				ALWAYS_SEARCH_USER_PATHS = NO;
				ARCHS = "$(ARCHS_STANDARD_64_BIT)";
				COMBINE_HIDPI_IMAGES = YES;
				COPY_PHASE_STRIP = YES;
				DEBUG_INFORMATION_FORMAT = "dwarf-with-dsym";
				GCC_C_LANGUAGE_STANDARD = gnu99;
				GCC_ENABLE_OBJC_EXCEPTIONS = YES;
				GCC_PRECOMPILE_PREFIX_HEADER = YES;
				GCC_PREFIX_HEADER = "";
				GCC_VERSION = com.apple.compilers.llvm.clang.1_0;
				GCC_WARN_64_TO_32_BIT_CONVERSION = YES;
				GCC_WARN_ABOUT_MISSING_PROTOTYPES = YES;
				GCC_WARN_ABOUT_RETURN_TYPE = YES;
				GCC_WARN_UNUSED_VARIABLE = YES;
				INFOPLIST_FILE = "Developer/plist/Developer_Setup-Info.plist";
				INSTALL_PATH = "$(LOCAL_LIBRARY_DIR)/Bundles";
				MACOSX_DEPLOYMENT_TARGET = 10.6;
				PRODUCT_NAME = "$(TARGET_NAME)";
				SDKROOT = macosx;
				WRAPPER_EXTENSION = bundle;
			};
			name = Release;
		};
		67BA94DD14508D19005BF0E9 /* Debug */ = {
			isa = XCBuildConfiguration;
			buildSettings = {
				ALWAYS_SEARCH_USER_PATHS = NO;
				ARCHS = "$(ARCHS_STANDARD_64_BIT)";
				COMBINE_HIDPI_IMAGES = YES;
				COPY_PHASE_STRIP = NO;
				GCC_C_LANGUAGE_STANDARD = gnu99;
				GCC_DYNAMIC_NO_PIC = NO;
				GCC_ENABLE_OBJC_EXCEPTIONS = YES;
				GCC_OPTIMIZATION_LEVEL = 0;
				GCC_PRECOMPILE_PREFIX_HEADER = YES;
				GCC_PREFIX_HEADER = "";
				GCC_PREPROCESSOR_DEFINITIONS = "";
				GCC_SYMBOLS_PRIVATE_EXTERN = NO;
				GCC_VERSION = com.apple.compilers.llvm.clang.1_0;
				GCC_WARN_64_TO_32_BIT_CONVERSION = YES;
				GCC_WARN_ABOUT_MISSING_PROTOTYPES = YES;
				GCC_WARN_ABOUT_RETURN_TYPE = YES;
				GCC_WARN_UNUSED_VARIABLE = YES;
				INFOPLIST_FILE = "Developer/plist/Developer-Info.plist";
				INSTALL_PATH = "$(LOCAL_LIBRARY_DIR)/Bundles";
				MACOSX_DEPLOYMENT_TARGET = 10.6;
				ONLY_ACTIVE_ARCH = YES;
				PRODUCT_NAME = "$(TARGET_NAME)";
				SDKROOT = macosx;
				WRAPPER_EXTENSION = bundle;
			};
			name = Debug;
		};
		67BA94DE14508D19005BF0E9 /* Release */ = {
			isa = XCBuildConfiguration;
			buildSettings = {
				ALWAYS_SEARCH_USER_PATHS = NO;
				ARCHS = "$(ARCHS_STANDARD_64_BIT)";
				COMBINE_HIDPI_IMAGES = YES;
				COPY_PHASE_STRIP = YES;
				DEBUG_INFORMATION_FORMAT = "dwarf-with-dsym";
				GCC_C_LANGUAGE_STANDARD = gnu99;
				GCC_ENABLE_OBJC_EXCEPTIONS = YES;
				GCC_PRECOMPILE_PREFIX_HEADER = YES;
				GCC_PREFIX_HEADER = "";
				GCC_VERSION = com.apple.compilers.llvm.clang.1_0;
				GCC_WARN_64_TO_32_BIT_CONVERSION = YES;
				GCC_WARN_ABOUT_MISSING_PROTOTYPES = YES;
				GCC_WARN_ABOUT_RETURN_TYPE = YES;
				GCC_WARN_UNUSED_VARIABLE = YES;
				INFOPLIST_FILE = "Developer/plist/Developer-Info.plist";
				INSTALL_PATH = "$(LOCAL_LIBRARY_DIR)/Bundles";
				MACOSX_DEPLOYMENT_TARGET = 10.6;
				PRODUCT_NAME = "$(TARGET_NAME)";
				SDKROOT = macosx;
				WRAPPER_EXTENSION = bundle;
			};
			name = Release;
		};
/* End XCBuildConfiguration section */

/* Begin XCConfigurationList section */
		671C482F159CFF3800214A9E /* Build configuration list for PBXNativeTarget "BBEdit" */ = {
			isa = XCConfigurationList;
			buildConfigurations = (
				671C482D159CFF3800214A9E /* Debug */,
				671C482E159CFF3800214A9E /* Release */,
			);
			defaultConfigurationIsVisible = 0;
			defaultConfigurationName = Release;
		};
		674BF6C515B7287B0093786D /* Build configuration list for PBXNativeTarget "UserSlates" */ = {
			isa = XCConfigurationList;
			buildConfigurations = (
				674BF6C315B7287B0093786D /* Debug */,
				674BF6C415B7287B0093786D /* Release */,
			);
			defaultConfigurationIsVisible = 0;
			defaultConfigurationName = Release;
		};
		67692450141EB818005D3E68 /* Build configuration list for PBXProject "BuildSupport" */ = {
			isa = XCConfigurationList;
			buildConfigurations = (
				67692452141EB818005D3E68 /* Debug */,
				67692453141EB818005D3E68 /* Release */,
			);
			defaultConfigurationIsVisible = 0;
			defaultConfigurationName = Release;
		};
		67692464141EB921005D3E68 /* Build configuration list for PBXNativeTarget "Xcode" */ = {
			isa = XCConfigurationList;
			buildConfigurations = (
				67692465141EB921005D3E68 /* Debug */,
				67692466141EB921005D3E68 /* Release */,
			);
			defaultConfigurationIsVisible = 0;
			defaultConfigurationName = Release;
		};
		67A00C5214A287B6002456DB /* Build configuration list for PBXNativeTarget "Cdoc" */ = {
			isa = XCConfigurationList;
			buildConfigurations = (
				67A00C5014A287B6002456DB /* Debug */,
				67A00C5114A287B6002456DB /* Release */,
			);
			defaultConfigurationIsVisible = 0;
			defaultConfigurationName = Release;
		};
		67AA801A144F3DAD00FCCDC9 /* Build configuration list for PBXNativeTarget "Developer_Setup" */ = {
			isa = XCConfigurationList;
			buildConfigurations = (
				67AA801B144F3DAD00FCCDC9 /* Debug */,
				67AA801C144F3DAD00FCCDC9 /* Release */,
			);
			defaultConfigurationIsVisible = 0;
			defaultConfigurationName = Release;
		};
		67BA94DF14508D19005BF0E9 /* Build configuration list for PBXNativeTarget "Developer" */ = {
			isa = XCConfigurationList;
			buildConfigurations = (
				67BA94DD14508D19005BF0E9 /* Debug */,
				67BA94DE14508D19005BF0E9 /* Release */,
			);
			defaultConfigurationIsVisible = 0;
			defaultConfigurationName = Release;
		};
/* End XCConfigurationList section */
	};
	rootObject = 6769244D141EB818005D3E68 /* Project object */;
}
