<?xml version="1.0" encoding="UTF-8"?>
<Scheme
   version = "1.3">
   <BuildAction>
      <BuildActionEntries>
         <BuildActionEntry
            buildForRunning = "YES">
            <BuildableReference
               BuildableIdentifier = "primary"
               BlueprintIdentifier = "67CBDB6F191AF21900B8164A"
               BuildableName = "Developer"
               BlueprintName = "Developer"
               ReferencedContainer = "container:Developer.xcodeproj">
            </BuildableReference>
         </BuildActionEntry>
      </BuildActionEntries>
   </BuildAction>
   <LaunchAction
      useCustomWorkingDirectory = "NO"
      buildConfiguration = "Debug">
      <PathRunnable
         FilePath = "/Users/carolclark/Dev/DevSupport/Developer/Developer/Developer_install.ksh">
      </PathRunnable>
      <CommandLineArguments>
         <CommandLineArgument
            argument = "${DEV}/Support/Developer/Developer"
            isEnabled = "YES">
         </CommandLineArgument>
         <CommandLineArgument
            argument = "Developer_install.ksh"
            isEnabled = "YES">
         </CommandLineArgument>
         <CommandLineArgument
            argument = "install"
            isEnabled = "YES">
         </CommandLineArgument>
      </CommandLineArguments>
      <EnvironmentVariables>
         <EnvironmentVariable
            key = "DEV"
            value = "${HOME}/Dev"
            isEnabled = "YES">
         </EnvironmentVariable>
         <EnvironmentVariable
            key = "CCDev"
            value = "${HOME}/Library/CCDev"
            isEnabled = "YES">
         </EnvironmentVariable>
      </EnvironmentVariables>
   </LaunchAction>
</Scheme>
