<?xml version="1.0" encoding="UTF-8"?>
<Scheme
   version = "1.3">
   <BuildAction>
      <BuildActionEntries>
         <BuildActionEntry
            buildForRunning = "YES">
            <BuildableReference
               BuildableIdentifier = "primary"
               BlueprintIdentifier = "67CDC5D91A1E7FF800C3BA9B"
               BuildableName = "shunit2"
               BlueprintName = "shunit2"
               ReferencedContainer = "container:shunit2.xcodeproj">
            </BuildableReference>
         </BuildActionEntry>
      </BuildActionEntries>
   </BuildAction>
   <LaunchAction
      useCustomWorkingDirectory = "NO"
      buildConfiguration = "Debug">
      <PathRunnable
         FilePath = "/Users/carolclark/Dev/Support/Developer/shunit2/shunit2_install.ksh">
      </PathRunnable>
      <CommandLineArguments>
         <CommandLineArgument
            argument = "/Users/carolclark/Dev/Support/Developer"
            isEnabled = "YES">
         </CommandLineArgument>
         <CommandLineArgument
            argument = "shunit2"
            isEnabled = "YES">
         </CommandLineArgument>
         <CommandLineArgument
            argument = "install"
            isEnabled = "YES">
         </CommandLineArgument>
      </CommandLineArguments>
      <EnvironmentVariables>
         <EnvironmentVariable
            key = "DEV"
            value = "${HOME}/Dev"
            isEnabled = "YES">
         </EnvironmentVariable>
         <EnvironmentVariable
            key = "CCDev"
            value = "${HOME}/Library/CCDev"
            isEnabled = "YES">
         </EnvironmentVariable>
      </EnvironmentVariables>
   </LaunchAction>
</Scheme>
